<?xml version="1.0" encoding="utf-8"?>
<Project ToolsVersion="4.0" xmlns="http://schemas.microsoft.com/developer/msbuild/2003">
  <ItemGroup>
    <ClCompile Include="Precomp.cpp" />
    <ClCompile Include="Editor.cpp" />
    <ClCompile Include="ImGui\Window\ImGuiWindow.cpp">
      <Filter>ImGui\Window</Filter>
    </ClCompile>
    <ClCompile Include="ImGui\Extensions\ImGuiExtensions.cpp">
      <Filter>ImGui\Extensions</Filter>
    </ClCompile>
    <ClCompile Include="ImGui\Menu\ImGuiMenu.cpp">
      <Filter>ImGui\Menu</Filter>
    </ClCompile>
    <ClCompile Include="ImGui\ObjectHandler\ImGuiObjectHandler.cpp">
      <Filter>ImGui\ObjectHandler</Filter>
    </ClCompile>
    <ClCompile Include="ImGui\Toolbar\ImGuiToolbar.cpp">
      <Filter>ImGui\Toolbar</Filter>
    </ClCompile>
    <ClCompile Include="ImGui\PropertyHandler\ImGuiPropertyHandler.cpp">
      <Filter>ImGui\PropertyHandler</Filter>
    </ClCompile>
    <ClCompile Include="ImGui\Extensions\FileBrowser\ImGuiFileBrowser.cpp">
      <Filter>ImGui\Extensions\FileBrowser</Filter>
    </ClCompile>
    <ClCompile Include="ImGui\ImGui.cpp">
      <Filter>ImGui</Filter>
    </ClCompile>
    <ClCompile Include="ImGui\Extensions\ImGuizmo\ImGuizmoAdapter.cpp">
      <Filter>ImGui\Extensions\ImGuizmo</Filter>
    </ClCompile>
    <ClCompile Include="Options\EditorOptions.cpp">
      <Filter>Options</Filter>
    </ClCompile>
    <ClCompile Include="ImGui\Window\Options\ImGuiOptionsWindow.cpp">
      <Filter>ImGui\Window\Options</Filter>
    </ClCompile>
  </ItemGroup>
  <ItemGroup>
    <ClInclude Include="Precomp.h" />
    <ClInclude Include="Editor.h" />
    <ClInclude Include="Editor_Consts.h" />
    <ClInclude Include="IEditor.h" />
    <ClInclude Include="ImGui\Window\ImGuiWindow.h">
      <Filter>ImGui\Window</Filter>
    </ClInclude>
    <ClInclude Include="ImGui\Window\About\ImGuiAbout.h">
      <Filter>ImGui\Window\About</Filter>
    </ClInclude>
    <ClInclude Include="ImGui\Window\About\ImGuiAbout.hpp">
      <Filter>ImGui\Window\About</Filter>
    </ClInclude>
    <ClInclude Include="ImGui\Extensions\imGuiExtensions.h">
      <Filter>ImGui\Extensions</Filter>
    </ClInclude>
    <ClInclude Include="ImGui\Window\FPS\ImGuiFPS.h">
      <Filter>ImGui\Window\FPS</Filter>
    </ClInclude>
    <ClInclude Include="ImGui\Window\FPS\ImGuiFPS.hpp">
      <Filter>ImGui\Window\FPS</Filter>
    </ClInclude>
    <ClInclude Include="ImGui\Window\Inspector\ImGuiInspector.h">
      <Filter>ImGui\Window\Inspector</Filter>
    </ClInclude>
    <ClInclude Include="ImGui\Window\Inspector\ImGuiInspector.hpp">
      <Filter>ImGui\Window\Inspector</Filter>
    </ClInclude>
    <ClInclude Include="ImGui\Window\Platform\ImGuiPlatform.h">
      <Filter>ImGui\Window\Platform</Filter>
    </ClInclude>
    <ClInclude Include="ImGui\Window\Platform\ImGuiPlatform.hpp">
      <Filter>ImGui\Window\Platform</Filter>
    </ClInclude>
    <ClInclude Include="ImGui\Window\Shader\ImGuiShader.h">
      <Filter>ImGui\Window\Shader</Filter>
    </ClInclude>
    <ClInclude Include="ImGui\Window\Shader\ImGuiShader.hpp">
      <Filter>ImGui\Window\Shader</Filter>
    </ClInclude>
    <ClInclude Include="ImGui\Window\Scene\ImGuiScene.h">
      <Filter>ImGui\Window\Scene</Filter>
    </ClInclude>
    <ClInclude Include="ImGui\Window\Scene\ImGuiScene.hpp">
      <Filter>ImGui\Window\Scene</Filter>
    </ClInclude>
    <ClInclude Include="ImGui\Menu\ImGuiMenu.h">
      <Filter>ImGui\Menu</Filter>
    </ClInclude>
    <ClInclude Include="ImGui\Menu\GameObject\SceneEditor\ImGuiGameObjectSceneEditorMenu.h">
      <Filter>ImGui\Menu\GameObject\SceneObject</Filter>
    </ClInclude>
    <ClInclude Include="ImGui\Menu\GameObject\SceneEditor\ImGuiGameObjectSceneEditorMenu.hpp">
      <Filter>ImGui\Menu\GameObject\SceneObject</Filter>
    </ClInclude>
    <ClInclude Include="ImGui\Menu\Scene\ImGuiSceneMenu.h">
      <Filter>ImGui\Menu\Scene</Filter>
    </ClInclude>
    <ClInclude Include="ImGui\Menu\Scene\ImGuiSceneMenu.hpp">
      <Filter>ImGui\Menu\Scene</Filter>
    </ClInclude>
    <ClInclude Include="ImGui\ImGuiCustomHandler.h">
      <Filter>ImGui</Filter>
    </ClInclude>
    <ClInclude Include="ImGui\ObjectHandler\ImGuiObjectHandler.h">
      <Filter>ImGui\ObjectHandler</Filter>
    </ClInclude>
    <ClInclude Include="ImGui\ObjectHandler\GameObject\ImGuiGameObjectHandler.hpp">
      <Filter>ImGui\ObjectHandler\GameObject</Filter>
    </ClInclude>
    <ClInclude Include="ImGui\ObjectHandler\Texture\ImGuiTextureHandler.hpp">
      <Filter>ImGui\ObjectHandler\Texture</Filter>
    </ClInclude>
    <ClInclude Include="ImGui\Toolbar\ImGuiToolbar.h">
      <Filter>ImGui\Toolbar</Filter>
    </ClInclude>
    <ClInclude Include="ImGui\Toolbar\Main\ImGuiMainToolbar.h">
      <Filter>ImGui\Toolbar\Main</Filter>
    </ClInclude>
    <ClInclude Include="ImGui\Toolbar\Main\ImGuiMainToolbar.hpp">
      <Filter>ImGui\Toolbar\Main</Filter>
    </ClInclude>
    <ClInclude Include="ImGui\Window\View\ImGuiView.h">
      <Filter>ImGui\Window\View</Filter>
    </ClInclude>
    <ClInclude Include="ImGui\Window\View\ImGuiView.hpp">
      <Filter>ImGui\Window\View</Filter>
    </ClInclude>
    <ClInclude Include="ImGui\Window\View\EditorView\ImGuiEditorView.h">
      <Filter>ImGui\Window\View\Editor</Filter>
    </ClInclude>
    <ClInclude Include="ImGui\Window\View\EditorView\ImGuiEditorView.hpp">
      <Filter>ImGui\Window\View\Editor</Filter>
    </ClInclude>
    <ClInclude Include="ImGui\Window\View\GameView\ImGuiGameView.h">
      <Filter>ImGui\Window\View\Game</Filter>
    </ClInclude>
    <ClInclude Include="ImGui\Window\View\GameView\ImGuiGameView.hpp">
      <Filter>ImGui\Window\View\Game</Filter>
    </ClInclude>
    <ClInclude Include="ImGui\Window\Resource\ImGuiResource.h">
      <Filter>ImGui\Window\Resource</Filter>
    </ClInclude>
    <ClInclude Include="ImGui\Window\Resource\ImGuiResource.hpp">
      <Filter>ImGui\Window\Resource</Filter>
    </ClInclude>
    <ClInclude Include="ImGui\PropertyHandler\ImGuiPropertyHandler.h">
      <Filter>ImGui\PropertyHandler</Filter>
    </ClInclude>
    <ClInclude Include="ImGui\ImGui.h">
      <Filter>ImGui</Filter>
    </ClInclude>
    <ClInclude Include="ImGui\Window\Plugin\ImGuiPlugin.h">
      <Filter>ImGui\Window\Plugin</Filter>
    </ClInclude>
    <ClInclude Include="ImGui\Window\Plugin\ImGuiPlugin.hpp">
      <Filter>ImGui\Window\Plugin</Filter>
    </ClInclude>
    <ClInclude Include="ImGui\Window\Console\ImGuiConsole.h">
      <Filter>ImGui\Window\Console</Filter>
    </ClInclude>
    <ClInclude Include="ImGui\Window\Console\ImGuiConsole.hpp">
      <Filter>ImGui\Window\Console</Filter>
    </ClInclude>
    <ClInclude Include="ImGui\Window\Input\ImGuiInput.h">
      <Filter>ImGui\Window\Input</Filter>
    </ClInclude>
    <ClInclude Include="ImGui\Window\Input\ImGuiInput.hpp">
      <Filter>ImGui\Window\Input</Filter>
    </ClInclude>
    <ClInclude Include="ImGui\Menu\Inspector\GameObject\ImGuiGameObjectInspectorMenu.h">
      <Filter>ImGui\Menu\Inspector\GameObject</Filter>
    </ClInclude>
    <ClInclude Include="ImGui\Menu\Inspector\GameObject\ImGuiGameObjectInspectorMenu.hpp">
      <Filter>ImGui\Menu\Inspector\GameObject</Filter>
    </ClInclude>
    <ClInclude Include="ImGui\Menu\Inspector\Component\ImGuiComponentInspectorMenu.h">
      <Filter>ImGui\Menu\Inspector\Component</Filter>
    </ClInclude>
    <ClInclude Include="ImGui\Menu\Inspector\Component\ImGuiComponentInspectorMenu.hpp">
      <Filter>ImGui\Menu\Inspector\Component</Filter>
    </ClInclude>
    <ClInclude Include="ImGui\ObjectHandler\Material\ImGuiMaterialResourceListHandler.hpp">
      <Filter>ImGui\ObjectHandler\Material</Filter>
    </ClInclude>
    <ClInclude Include="ImGui\ObjectHandler\Material\ImGuiMaterialModelTypeHandler.hpp">
      <Filter>ImGui\ObjectHandler\Material</Filter>
    </ClInclude>
    <ClInclude Include="ImGui\ObjectHandler\Animation\ImGuiAnimationResourceListHandler.hpp">
      <Filter>ImGui\ObjectHandler\Animation</Filter>
    </ClInclude>
    <ClInclude Include="ImGui\ObjectHandler\ImGuiResourceListHandler.hpp">
      <Filter>ImGui\ObjectHandler</Filter>
    </ClInclude>
    <ClInclude Include="ImGui\ObjectHandler\Animation\ImGuiSkeletonObjectHandler.hpp">
      <Filter>ImGui\ObjectHandler\Animation</Filter>
    </ClInclude>
    <ClInclude Include="ImGui\Extensions\ImGuizmo\ImGuizmoAdapter.h">
      <Filter>ImGui\Extensions\ImGuizmo</Filter>
    </ClInclude>
    <ClInclude Include="IEditorOptions.h" />
    <ClInclude Include="Options\EditorOptions.h">
      <Filter>Options</Filter>
    </ClInclude>
    <ClInclude Include="ImGui\Window\Options\ImGuiOptionsWindow.h">
      <Filter>ImGui\Window\Options</Filter>
    </ClInclude>
    <ClInclude Include="ImGui\Window\Options\Editor\ImGuiEditorOptions.h">
      <Filter>ImGui\Window\Options\Editor</Filter>
    </ClInclude>
    <ClInclude Include="ImGui\Window\Options\Editor\ImGuiEditorOptions.hpp">
      <Filter>ImGui\Window\Options\Editor</Filter>
    </ClInclude>
    <ClInclude Include="ImGui\Window\Options\Engine\ImGuiEngineOptions.h">
      <Filter>ImGui\Window\Options\Engine</Filter>
    </ClInclude>
    <ClInclude Include="ImGui\Window\Options\Engine\ImGuiEngineOptions.hpp">
      <Filter>ImGui\Window\Options\Engine</Filter>
    </ClInclude>
    <ClInclude Include="ImGui\Window\Options\Physics\ImGuiPhysicsOptions.h">
      <Filter>ImGui\Window\Options\Physics</Filter>
    </ClInclude>
    <ClInclude Include="ImGui\Window\Options\Physics\ImGuiPhysicsOptions.hpp">
      <Filter>ImGui\Window\Options\Physics</Filter>
    </ClInclude>
    <ClInclude Include="ImGui\Window\Options\Renderer\ImGuiRendererOptions.h">
      <Filter>ImGui\Window\Options\Renderer</Filter>
    </ClInclude>
    <ClInclude Include="ImGui\Window\Options\Renderer\ImGuiRendererOptions.hpp">
      <Filter>ImGui\Window\Options\Renderer</Filter>
    </ClInclude>
  </ItemGroup>
  <ItemGroup>
    <None Include="Editor.def" />
    <None Include="Editor.inl" />
    <None Include="ImGui\Window\ImGuiWindow.inl">
      <Filter>ImGui\Window</Filter>
    </None>
  </ItemGroup>
  <ItemGroup>
    <Filter Include="ImGui">
      <UniqueIdentifier>{fa996245-fa8c-4563-9e98-d93488e61cdf}</UniqueIdentifier>
    </Filter>
    <Filter Include="ImGui\Window">
      <UniqueIdentifier>{f154108d-3de1-4bd2-b22c-2a5e341a9708}</UniqueIdentifier>
    </Filter>
    <Filter Include="ImGui\Window\About">
      <UniqueIdentifier>{445e9462-78fc-4176-b013-9d8aa8615689}</UniqueIdentifier>
    </Filter>
    <Filter Include="ImGui\Extensions">
      <UniqueIdentifier>{558503ef-808b-480d-bbff-5a169330d969}</UniqueIdentifier>
    </Filter>
    <Filter Include="ImGui\Window\FPS">
      <UniqueIdentifier>{41b3a0da-9ff9-4666-a76a-d4aa31a7cf15}</UniqueIdentifier>
    </Filter>
    <Filter Include="ImGui\Window\Inspector">
      <UniqueIdentifier>{d08f30aa-9057-4193-a1c0-d9271a04c9cb}</UniqueIdentifier>
    </Filter>
    <Filter Include="ImGui\Window\Platform">
      <UniqueIdentifier>{5b3ead93-f173-4529-b9ba-a0130613d0e8}</UniqueIdentifier>
    </Filter>
    <Filter Include="ImGui\Window\Shader">
      <UniqueIdentifier>{764c6cad-f95c-4444-baa7-0fc63aa80b14}</UniqueIdentifier>
    </Filter>
    <Filter Include="ImGui\Window\Scene">
      <UniqueIdentifier>{9500d54d-7b6e-49e5-9858-1232b4b3d700}</UniqueIdentifier>
    </Filter>
    <Filter Include="ImGui\Menu">
      <UniqueIdentifier>{103392c6-30f7-46e8-8223-3116e3341644}</UniqueIdentifier>
    </Filter>
    <Filter Include="ImGui\Menu\GameObject">
      <UniqueIdentifier>{e60b3ac0-8339-432f-9558-6a155be9ee0e}</UniqueIdentifier>
    </Filter>
    <Filter Include="ImGui\Menu\GameObject\SceneObject">
      <UniqueIdentifier>{973cf8c4-7067-43eb-8199-1e54a4037763}</UniqueIdentifier>
    </Filter>
    <Filter Include="ImGui\Menu\Scene">
      <UniqueIdentifier>{42298bfd-38fd-4969-aa2a-581b1c39fdd1}</UniqueIdentifier>
    </Filter>
    <Filter Include="ImGui\ObjectHandler">
      <UniqueIdentifier>{f04c94b2-ed5c-4a1c-9bf3-234777950f9c}</UniqueIdentifier>
    </Filter>
    <Filter Include="ImGui\ObjectHandler\GameObject">
      <UniqueIdentifier>{0f8cc2e4-1d4c-4889-8c7d-197c145853e5}</UniqueIdentifier>
    </Filter>
    <Filter Include="ImGui\ObjectHandler\Texture">
      <UniqueIdentifier>{c4d36343-c253-4f92-86aa-37328b92fd4f}</UniqueIdentifier>
    </Filter>
    <Filter Include="ImGui\Toolbar">
      <UniqueIdentifier>{01ecf109-d37e-4546-9147-52c4d4f1b0d2}</UniqueIdentifier>
    </Filter>
    <Filter Include="ImGui\Toolbar\Main">
      <UniqueIdentifier>{9ea4ec41-8bbf-422f-8d5f-0f95131a5fd6}</UniqueIdentifier>
    </Filter>
    <Filter Include="ImGui\Window\View">
      <UniqueIdentifier>{6b73e89e-f581-4d3e-8369-62cf3cc235f7}</UniqueIdentifier>
    </Filter>
    <Filter Include="ImGui\Window\View\Editor">
      <UniqueIdentifier>{1fcb37f5-a8e8-43c1-af4f-e7a87d5173f3}</UniqueIdentifier>
    </Filter>
    <Filter Include="ImGui\Window\View\Game">
      <UniqueIdentifier>{55b6d65c-f802-46d2-b403-312e9b18a5fd}</UniqueIdentifier>
    </Filter>
    <Filter Include="ImGui\Window\Resource">
      <UniqueIdentifier>{afa91243-88b9-437d-8479-0e58a8150449}</UniqueIdentifier>
    </Filter>
    <Filter Include="ImGui\PropertyHandler">
      <UniqueIdentifier>{69ca5e28-65aa-4917-8853-ad680abc06d9}</UniqueIdentifier>
    </Filter>
    <Filter Include="ImGui\Extensions\FileBrowser">
      <UniqueIdentifier>{5be4fd12-5a28-4ce3-826b-68cf46493571}</UniqueIdentifier>
    </Filter>
    <Filter Include="ImGui\Window\Plugin">
      <UniqueIdentifier>{855e2d63-7d8e-45c9-af65-6961b2818e72}</UniqueIdentifier>
    </Filter>
    <Filter Include="ImGui\Window\Console">
      <UniqueIdentifier>{77f64b19-bd48-4f4f-a785-9aa93f3b8117}</UniqueIdentifier>
    </Filter>
    <Filter Include="ImGui\Window\Input">
      <UniqueIdentifier>{176ee71b-5bfc-4c0e-b570-504432762f00}</UniqueIdentifier>
    </Filter>
    <Filter Include="ImGui\Menu\Inspector">
      <UniqueIdentifier>{dd5e64fb-c8b8-4129-9e74-6cfa9da026fe}</UniqueIdentifier>
    </Filter>
    <Filter Include="ImGui\Menu\Inspector\GameObject">
      <UniqueIdentifier>{6e851185-ce46-4aa1-84b2-34a6b7fb1df8}</UniqueIdentifier>
    </Filter>
    <Filter Include="ImGui\Menu\Inspector\Component">
      <UniqueIdentifier>{d66790a1-3e2f-4211-a3eb-67e13e43f3a4}</UniqueIdentifier>
    </Filter>
    <Filter Include="ImGui\ObjectHandler\Material">
      <UniqueIdentifier>{2aa8b6b2-85d1-4b33-bd2d-88228a072fd3}</UniqueIdentifier>
    </Filter>
    <Filter Include="ImGui\ObjectHandler\Animation">
      <UniqueIdentifier>{8f62b045-9705-4a30-86e2-21c836952a69}</UniqueIdentifier>
    </Filter>
    <Filter Include="ImGui\Extensions\ImGuizmo">
      <UniqueIdentifier>{02c51f4d-c0e9-4775-8950-ac07cf9260d1}</UniqueIdentifier>
    </Filter>
    <Filter Include="Options">
      <UniqueIdentifier>{644a4346-e4f0-49af-ac91-c3894d5dbddc}</UniqueIdentifier>
    </Filter>
    <Filter Include="ImGui\Window\Options">
      <UniqueIdentifier>{dced118b-d4fa-491b-9c24-3de7f41e99f1}</UniqueIdentifier>
    </Filter>
    <Filter Include="ImGui\Window\Options\Editor">
      <UniqueIdentifier>{ceae12fa-aef8-4c49-ae85-3b6cc680872a}</UniqueIdentifier>
    </Filter>
    <Filter Include="ImGui\Window\Options\Engine">
      <UniqueIdentifier>{8ff8a41a-54b5-47df-bf20-f3d4483c763d}</UniqueIdentifier>
    </Filter>
    <Filter Include="ImGui\Window\Options\Renderer">
      <UniqueIdentifier>{a7330523-7aff-43bb-b84c-6d7adb571943}</UniqueIdentifier>
    </Filter>
    <Filter Include="ImGui\Window\Options\Physics">
      <UniqueIdentifier>{106dfd29-6192-4b02-b97f-efa66e7fbff1}</UniqueIdentifier>
    </Filter>
  </ItemGroup>
</Project>