<?xml version="1.0" encoding="utf-8"?>
<Project ToolsVersion="4.0" xmlns="http://schemas.microsoft.com/developer/msbuild/2003">
  <ItemGroup>
    <ClCompile Include="Precomp.cpp" />
    <ClCompile Include="Device\Device.cpp">
      <Filter>Device</Filter>
    </ClCompile>
    <ClCompile Include="CommandQueue\CommandQueue.cpp">
      <Filter>CommandQueue</Filter>
    </ClCompile>
    <ClCompile Include="CommandList\CommandList.cpp">
      <Filter>CommandList</Filter>
    </ClCompile>
    <ClCompile Include="CommandPool\CommandPool.cpp">
      <Filter>CommandPool</Filter>
    </ClCompile>
    <ClCompile Include="FrameGraph\FrameGraph.cpp">
      <Filter>FrameGraph</Filter>
    </ClCompile>
    <ClCompile Include="Memory\MemoryAllocator.cpp">
      <Filter>Memory</Filter>
    </ClCompile>
    <ClCompile Include="PipelineState\PipelineState.cpp">
      <Filter>PipelineState</Filter>
    </ClCompile>
    <ClCompile Include="RootSignature\RootSignature.cpp">
      <Filter>RootSignature</Filter>
    </ClCompile>
    <ClCompile Include="Shader\Shader.cpp">
      <Filter>Shader</Filter>
    </ClCompile>
    <ClCompile Include="Resource\Resource.cpp">
      <Filter>Resource</Filter>
    </ClCompile>
    <ClCompile Include="BindlessTable\BindlessTable.cpp">
      <Filter>BindlessTable</Filter>
    </ClCompile>
  </ItemGroup>
  <ItemGroup>
    <ClInclude Include="Precomp.h" />
    <ClInclude Include="Device\Device.h">
      <Filter>Device</Filter>
    </ClInclude>
    <ClInclude Include="Device\dx12\Device_dx12.h">
      <Filter>Device\dx12</Filter>
    </ClInclude>
    <ClInclude Include="Device\dx12\Device_dx12.hpp">
      <Filter>Device\dx12</Filter>
    </ClInclude>
    <ClInclude Include="Device\vulkan\Device_vulkan.h">
      <Filter>Device\vulkan</Filter>
    </ClInclude>
    <ClInclude Include="Device\vulkan\Device_vulkan.hpp">
      <Filter>Device\vulkan</Filter>
    </ClInclude>
    <ClInclude Include="IDevice.h">
      <Filter>Device</Filter>
    </ClInclude>
    <ClInclude Include="CommandQueue\CommandQueue.h">
      <Filter>CommandQueue</Filter>
    </ClInclude>
    <ClInclude Include="CommandQueue\CommandQueue_consts.h">
      <Filter>CommandQueue</Filter>
    </ClInclude>
    <ClInclude Include="CommandQueue\dx12\CommandQueue_dx12.hpp">
      <Filter>CommandQueue\dx12</Filter>
    </ClInclude>
    <ClInclude Include="CommandQueue\vulkan\CommandQueue_vulkan.hpp">
      <Filter>CommandQueue\vulkan</Filter>
    </ClInclude>
    <ClInclude Include="CommandQueue\vulkan\CommandQueue_vulkan.h">
      <Filter>CommandQueue\vulkan</Filter>
    </ClInclude>
    <ClInclude Include="CommandQueue\dx12\CommandQueue_dx12.h">
      <Filter>CommandQueue\dx12</Filter>
    </ClInclude>
    <ClInclude Include="Device\vulkan\Device_Extensions_vulkan.h">
      <Filter>Device\vulkan</Filter>
    </ClInclude>
    <ClInclude Include="Device\vulkan\Device_Extensions_vulkan.hpp">
      <Filter>Device\vulkan</Filter>
    </ClInclude>
    <ClInclude Include="Device\vulkan\ext\KHR_Surface.h">
      <Filter>Device\vulkan\ext</Filter>
    </ClInclude>
    <ClInclude Include="Device\vulkan\ext\KHR_Swapchain.h">
      <Filter>Device\vulkan\ext</Filter>
    </ClInclude>
    <ClInclude Include="Device\vulkan\ext\EXT_DebugUtils.h">
      <Filter>Device\vulkan\ext</Filter>
    </ClInclude>
    <ClInclude Include="Device\vulkan\ext\KHR_Win32_Surface.h">
      <Filter>Device\vulkan\ext</Filter>
    </ClInclude>
    <ClInclude Include="CommandList\CommandList.h">
      <Filter>CommandList</Filter>
    </ClInclude>
    <ClInclude Include="CommandList\CommandList_consts.h">
      <Filter>CommandList</Filter>
    </ClInclude>
    <ClInclude Include="CommandList\dx12\CommandList_dx12.h">
      <Filter>CommandList\dx12</Filter>
    </ClInclude>
    <ClInclude Include="CommandList\dx12\CommandList_dx12.hpp">
      <Filter>CommandList\dx12</Filter>
    </ClInclude>
    <ClInclude Include="CommandList\vulkan\CommandList_vulkan.h">
      <Filter>CommandList\vulkan</Filter>
    </ClInclude>
    <ClInclude Include="CommandList\vulkan\CommandList_vulkan.hpp">
      <Filter>CommandList\vulkan</Filter>
    </ClInclude>
    <ClInclude Include="Device\Device_consts.h">
      <Filter>Device</Filter>
    </ClInclude>
    <ClInclude Include="CommandPool\CommandPool.h">
      <Filter>CommandPool</Filter>
    </ClInclude>
    <ClInclude Include="CommandPool\dx12\CommandPool_dx12.h">
      <Filter>CommandPool\dx12</Filter>
    </ClInclude>
    <ClInclude Include="CommandPool\dx12\CommandPool_dx12.hpp">
      <Filter>CommandPool\dx12</Filter>
    </ClInclude>
    <ClInclude Include="CommandPool\vulkan\CommandPool_vulkan.h">
      <Filter>CommandPool\vulkan</Filter>
    </ClInclude>
    <ClInclude Include="CommandPool\vulkan\CommandPool_vulkan.hpp">
      <Filter>CommandPool\vulkan</Filter>
    </ClInclude>
    <ClInclude Include="FrameGraph\FrameGraph.h">
      <Filter>FrameGraph</Filter>
    </ClInclude>
    <ClInclude Include="FrameGraph\dx12\FrameGraph_dx12.h">
      <Filter>FrameGraph\dx12</Filter>
    </ClInclude>
    <ClInclude Include="FrameGraph\dx12\FrameGraph_dx12.hpp">
      <Filter>FrameGraph\dx12</Filter>
    </ClInclude>
    <ClInclude Include="FrameGraph\vulkan\FrameGraph_vulkan.h">
      <Filter>FrameGraph\vulkan</Filter>
    </ClInclude>
    <ClInclude Include="FrameGraph\vulkan\FrameGraph_vulkan.hpp">
      <Filter>FrameGraph\vulkan</Filter>
    </ClInclude>
    <ClInclude Include="FrameGraph\FrameGraph_consts.h">
      <Filter>FrameGraph</Filter>
    </ClInclude>
    <ClInclude Include="FrameGraph\RenderPass.h">
      <Filter>FrameGraph</Filter>
    </ClInclude>
    <ClInclude Include="FrameGraph\dx12\RenderPass_dx12.h">
      <Filter>FrameGraph\dx12</Filter>
    </ClInclude>
    <ClInclude Include="FrameGraph\dx12\RenderPass_dx12.hpp">
      <Filter>FrameGraph\dx12</Filter>
    </ClInclude>
    <ClInclude Include="FrameGraph\vulkan\RenderPass_vulkan.h">
      <Filter>FrameGraph\vulkan</Filter>
    </ClInclude>
    <ClInclude Include="FrameGraph\vulkan\RenderPass_vulkan.hpp">
      <Filter>FrameGraph\vulkan</Filter>
    </ClInclude>
    <ClInclude Include="FrameGraph\UserPass.h">
      <Filter>FrameGraph</Filter>
    </ClInclude>
    <ClInclude Include="FrameGraph\UserPass.hpp">
      <Filter>FrameGraph</Filter>
    </ClInclude>
    <ClInclude Include="FrameGraph\SubPass.h">
      <Filter>FrameGraph</Filter>
    </ClInclude>
    <ClInclude Include="FrameGraph\SubPass.hpp">
      <Filter>FrameGraph</Filter>
    </ClInclude>
    <ClInclude Include="FrameGraph\dx12\SubPass_dx12.h">
      <Filter>FrameGraph\dx12</Filter>
    </ClInclude>
    <ClInclude Include="FrameGraph\dx12\SubPass_dx12.hpp">
      <Filter>FrameGraph\dx12</Filter>
    </ClInclude>
    <ClInclude Include="FrameGraph\RenderPass.hpp">
      <Filter>FrameGraph</Filter>
    </ClInclude>
    <ClInclude Include="FrameGraph\vulkan\SubPass_vulkan.h">
      <Filter>FrameGraph\vulkan</Filter>
    </ClInclude>
    <ClInclude Include="FrameGraph\vulkan\SubPass_vulkan.hpp">
      <Filter>FrameGraph\vulkan</Filter>
    </ClInclude>
    <ClInclude Include="Memory\MemoryAllocator.h">
      <Filter>Memory</Filter>
    </ClInclude>
    <ClInclude Include="Memory\dx12\MemoryAllocator_dx12.h">
      <Filter>Memory\dx12</Filter>
    </ClInclude>
    <ClInclude Include="Memory\dx12\MemoryAllocator_dx12.hpp">
      <Filter>Memory\dx12</Filter>
    </ClInclude>
    <ClInclude Include="Memory\vulkan\MemoryAllocator_vulkan.h">
      <Filter>Memory\vulkan</Filter>
    </ClInclude>
    <ClInclude Include="Memory\vulkan\MemoryAllocator_vulkan.hpp">
      <Filter>Memory\vulkan</Filter>
    </ClInclude>
    <ClInclude Include="PipelineState\GraphicPipelineState.h">
      <Filter>PipelineState</Filter>
    </ClInclude>
    <ClInclude Include="PipelineState\GraphicPipelineState.hpp">
      <Filter>PipelineState</Filter>
    </ClInclude>
    <ClInclude Include="PipelineState\PipelineState_consts.h">
      <Filter>PipelineState</Filter>
    </ClInclude>
    <ClInclude Include="PipelineState\dx12\GraphicPipelineState_dx12.h">
      <Filter>PipelineState\dx12</Filter>
    </ClInclude>
    <ClInclude Include="PipelineState\dx12\GraphicPipelineState_dx12.hpp">
      <Filter>PipelineState\dx12</Filter>
    </ClInclude>
    <ClInclude Include="PipelineState\vulkan\GraphicPipelineState_vulkan.h">
      <Filter>PipelineState\vulkan</Filter>
    </ClInclude>
    <ClInclude Include="PipelineState\vulkan\GraphicPipelineState_vulkan.hpp">
      <Filter>PipelineState\vulkan</Filter>
    </ClInclude>
    <ClInclude Include="RootSignature\RootSignature.h">
      <Filter>RootSignature</Filter>
    </ClInclude>
    <ClInclude Include="RootSignature\dx12\RootSignature_dx12.h">
      <Filter>RootSignature\dx12</Filter>
    </ClInclude>
    <ClInclude Include="RootSignature\dx12\RootSignature_dx12.hpp">
      <Filter>RootSignature\dx12</Filter>
    </ClInclude>
    <ClInclude Include="RootSignature\vulkan\RootSignature_vulkan.h">
      <Filter>RootSignature\vulkan</Filter>
    </ClInclude>
    <ClInclude Include="RootSignature\vulkan\RootSignature_vulkan.hpp">
      <Filter>RootSignature\vulkan</Filter>
    </ClInclude>
    <ClInclude Include="RootSignature\RootSignature_consts.h">
      <Filter>RootSignature</Filter>
    </ClInclude>
    <ClInclude Include="Shader\Shader_consts.h">
      <Filter>Shader</Filter>
    </ClInclude>
    <ClInclude Include="RootSignature\RootSignatureDesc.h">
      <Filter>RootSignature</Filter>
    </ClInclude>
    <ClInclude Include="RootSignature\RootSignatureDesc.hpp">
      <Filter>RootSignature</Filter>
    </ClInclude>
    <ClInclude Include="PipelineState\GraphicPipelineStateKey.h">
      <Filter>PipelineState</Filter>
    </ClInclude>
    <ClInclude Include="Shader\Shader.h">
      <Filter>Shader</Filter>
    </ClInclude>
    <ClInclude Include="Shader\ShaderManager.h">
      <Filter>Shader</Filter>
    </ClInclude>
    <ClInclude Include="Shader\ShaderManager.hpp">
      <Filter>Shader</Filter>
    </ClInclude>
    <ClInclude Include="Shader\ShaderCompiler.h">
      <Filter>Shader</Filter>
    </ClInclude>
    <ClInclude Include="Shader\ShaderCompiler.hpp">
      <Filter>Shader</Filter>
    </ClInclude>
    <ClInclude Include="Shader\dx12\Shader_dx12.h">
      <Filter>Shader\dx12</Filter>
    </ClInclude>
    <ClInclude Include="Shader\dx12\Shader_dx12.hpp">
      <Filter>Shader\dx12</Filter>
    </ClInclude>
    <ClInclude Include="Shader\vulkan\Shader_vulkan.h">
      <Filter>Shader\vulkan</Filter>
    </ClInclude>
    <ClInclude Include="Shader\vulkan\Shader_vulkan.hpp">
      <Filter>Shader\vulkan</Filter>
    </ClInclude>
    <ClInclude Include="Shader\dx12\ShaderCompiler_dx12.h">
      <Filter>Shader\dx12</Filter>
    </ClInclude>
    <ClInclude Include="Shader\dx12\ShaderCompiler_dx12.hpp">
      <Filter>Shader\dx12</Filter>
    </ClInclude>
    <ClInclude Include="Shader\vulkan\ShaderCompiler_vulkan.h">
      <Filter>Shader\vulkan</Filter>
    </ClInclude>
    <ClInclude Include="Shader\vulkan\ShaderCompiler_vulkan.hpp">
      <Filter>Shader\vulkan</Filter>
    </ClInclude>
    <ClInclude Include="Device\DeviceCaps.h">
      <Filter>Device</Filter>
    </ClInclude>
    <ClInclude Include="Device\dx12\DeviceCaps_dx12.h">
      <Filter>Device\dx12</Filter>
    </ClInclude>
    <ClInclude Include="Device\vulkan\DeviceCaps_vulkan.h">
      <Filter>Device\vulkan</Filter>
    </ClInclude>
    <ClInclude Include="Shader\ShaderKey.h">
      <Filter>Shader</Filter>
    </ClInclude>
    <ClInclude Include="Shader\ShaderKey.hpp">
      <Filter>Shader</Filter>
    </ClInclude>
    <ClInclude Include="Shader\HLSLDesc.h">
      <Filter>Shader</Filter>
    </ClInclude>
    <ClInclude Include="Shader\HLSLDesc.hpp">
      <Filter>Shader</Filter>
    </ClInclude>
    <ClInclude Include="PipelineState\RasterizerState.h">
      <Filter>PipelineState</Filter>
    </ClInclude>
    <ClInclude Include="PipelineState\dx12\RasterizerState_dx12.h">
      <Filter>PipelineState\dx12</Filter>
    </ClInclude>
    <ClInclude Include="PipelineState\dx12\RasterizerState_dx12.hpp">
      <Filter>PipelineState\dx12</Filter>
    </ClInclude>
    <ClInclude Include="PipelineState\RasterizerState.hpp">
      <Filter>PipelineState</Filter>
    </ClInclude>
    <ClInclude Include="PipelineState\vulkan\RasterizerState_vulkan.h">
      <Filter>PipelineState\vulkan</Filter>
    </ClInclude>
    <ClInclude Include="PipelineState\vulkan\RasterizerState_vulkan.hpp">
      <Filter>PipelineState\vulkan</Filter>
    </ClInclude>
    <ClInclude Include="FrameGraph\RenderPassKey.h">
      <Filter>FrameGraph</Filter>
    </ClInclude>
    <ClInclude Include="Resource\Texture.h">
      <Filter>Resource</Filter>
    </ClInclude>
    <ClInclude Include="Resource\Texture_consts.h">
      <Filter>Resource</Filter>
    </ClInclude>
    <ClInclude Include="Resource\dx12\Texture_dx12.h">
      <Filter>Resource\dx12</Filter>
    </ClInclude>
    <ClInclude Include="Resource\dx12\Texture_dx12.hpp">
      <Filter>Resource\dx12</Filter>
    </ClInclude>
    <ClInclude Include="Resource\vulkan\Texture_vulkan.h">
      <Filter>Resource\vulkan</Filter>
    </ClInclude>
    <ClInclude Include="Resource\vulkan\Texture_vulkan.hpp">
      <Filter>Resource\vulkan</Filter>
    </ClInclude>
    <ClInclude Include="Resource\Texture.hpp">
      <Filter>Resource</Filter>
    </ClInclude>
    <ClInclude Include="Resource\Buffer.h">
      <Filter>Resource</Filter>
    </ClInclude>
    <ClInclude Include="Resource\Buffer.hpp">
      <Filter>Resource</Filter>
    </ClInclude>
    <ClInclude Include="Resource\Buffer_consts.h">
      <Filter>Resource</Filter>
    </ClInclude>
    <ClInclude Include="Resource\Resource_consts.h">
      <Filter>Resource</Filter>
    </ClInclude>
    <ClInclude Include="Resource\dx12\Buffer_dx12.h">
      <Filter>Resource\dx12</Filter>
    </ClInclude>
    <ClInclude Include="Resource\dx12\Buffer_dx12.hpp">
      <Filter>Resource\dx12</Filter>
    </ClInclude>
    <ClInclude Include="Resource\vulkan\Buffer_vulkan.h">
      <Filter>Resource\vulkan</Filter>
    </ClInclude>
    <ClInclude Include="Resource\vulkan\Buffer_vulkan.hpp">
      <Filter>Resource\vulkan</Filter>
    </ClInclude>
    <ClInclude Include="Resource\Resource.h">
      <Filter>Resource</Filter>
    </ClInclude>
    <ClInclude Include="Resource\dx12\Resource_dx12.h">
      <Filter>Resource\dx12</Filter>
    </ClInclude>
    <ClInclude Include="Resource\dx12\Resource_dx12.hpp">
      <Filter>Resource\dx12</Filter>
    </ClInclude>
    <ClInclude Include="Resource\vulkan\Resource_vulkan.h">
      <Filter>Resource\vulkan</Filter>
    </ClInclude>
    <ClInclude Include="Resource\vulkan\Resource_vulkan.hpp">
      <Filter>Resource\vulkan</Filter>
    </ClInclude>
    <ClInclude Include="RootSignature\RootSignatureTableDesc.h">
      <Filter>RootSignature</Filter>
    </ClInclude>
    <ClInclude Include="RootSignature\RootSignatureTableDesc.hpp">
      <Filter>RootSignature</Filter>
    </ClInclude>
    <ClInclude Include="BindlessTable\BindlessTable.h">
      <Filter>BindlessTable</Filter>
    </ClInclude>
    <ClInclude Include="BindlessTable\dx12\BindlessTable_dx12.h">
      <Filter>BindlessTable\dx12</Filter>
    </ClInclude>
    <ClInclude Include="BindlessTable\dx12\BindlessTable_dx12.hpp">
      <Filter>BindlessTable\dx12</Filter>
    </ClInclude>
    <ClInclude Include="BindlessTable\vulkan\BindlessTable_vulkan.h">
      <Filter>BindlessTable\vulkan</Filter>
    </ClInclude>
    <ClInclude Include="BindlessTable\vulkan\BindlessTable_vulkan.hpp">
      <Filter>BindlessTable\vulkan</Filter>
    </ClInclude>
    <ClInclude Include="BindlessTable\BindlessTable_consts.h">
      <Filter>BindlessTable</Filter>
    </ClInclude>
  </ItemGroup>
  <ItemGroup>
    <Filter Include="Device">
      <UniqueIdentifier>{e70ab1c7-6cbd-4241-9307-7b1e67bf4eee}</UniqueIdentifier>
    </Filter>
    <Filter Include="Device\dx12">
      <UniqueIdentifier>{eeff897f-7814-4abf-aa89-d14d957a4b7e}</UniqueIdentifier>
    </Filter>
    <Filter Include="Device\vulkan">
      <UniqueIdentifier>{6f3ccdba-b189-42e8-baa8-0973bceb6b64}</UniqueIdentifier>
    </Filter>
    <Filter Include="CommandQueue">
      <UniqueIdentifier>{61251c0f-d47d-461f-8899-04bfffe34e71}</UniqueIdentifier>
    </Filter>
    <Filter Include="CommandQueue\dx12">
      <UniqueIdentifier>{e9ef2e16-7592-4431-b1f3-5871b5020dd3}</UniqueIdentifier>
    </Filter>
    <Filter Include="CommandQueue\vulkan">
      <UniqueIdentifier>{82fd3313-658a-4e98-8ffe-43dd9766b138}</UniqueIdentifier>
    </Filter>
    <Filter Include="Device\vulkan\ext">
      <UniqueIdentifier>{af5affdc-f3df-4359-8148-7a724e26a147}</UniqueIdentifier>
    </Filter>
    <Filter Include="CommandList">
      <UniqueIdentifier>{c6b7f7d5-dd16-4fd0-9403-7c65598de5b9}</UniqueIdentifier>
    </Filter>
    <Filter Include="CommandList\dx12">
      <UniqueIdentifier>{a37a5103-46ec-4cb5-9a81-6f6384303753}</UniqueIdentifier>
    </Filter>
    <Filter Include="CommandList\vulkan">
      <UniqueIdentifier>{ee6be1ba-68e0-47a4-84b5-1ad19dfad65d}</UniqueIdentifier>
    </Filter>
    <Filter Include="CommandPool">
      <UniqueIdentifier>{b5c141cf-81b0-4d4b-b27e-64729908a43e}</UniqueIdentifier>
    </Filter>
    <Filter Include="CommandPool\dx12">
      <UniqueIdentifier>{0f23e2ec-67d2-4b77-ad93-eba427a4db48}</UniqueIdentifier>
    </Filter>
    <Filter Include="CommandPool\vulkan">
      <UniqueIdentifier>{58f92f1e-e1a8-4f46-9c55-8052985de07c}</UniqueIdentifier>
    </Filter>
    <Filter Include="FrameGraph">
      <UniqueIdentifier>{e77de40f-c75f-4b1f-9074-3a73f2a9878f}</UniqueIdentifier>
    </Filter>
    <Filter Include="FrameGraph\dx12">
      <UniqueIdentifier>{866fa237-a7c0-44b7-85d1-56c8ccae5d80}</UniqueIdentifier>
    </Filter>
    <Filter Include="FrameGraph\vulkan">
      <UniqueIdentifier>{7fc7ae77-7ad4-4d16-86ea-b4abe5588bdd}</UniqueIdentifier>
    </Filter>
    <Filter Include="Memory">
      <UniqueIdentifier>{360c37b3-c668-4e2d-abaa-ed53b9c639f4}</UniqueIdentifier>
    </Filter>
    <Filter Include="Memory\dx12">
      <UniqueIdentifier>{a0086fab-fef2-4f8b-b07d-fe7d5ab9cb23}</UniqueIdentifier>
    </Filter>
    <Filter Include="Memory\vulkan">
      <UniqueIdentifier>{5c751df3-ca34-4664-b8d0-afdadd3523ba}</UniqueIdentifier>
    </Filter>
    <Filter Include="PipelineState">
      <UniqueIdentifier>{4643ba97-2307-4099-930f-1a171615dd9c}</UniqueIdentifier>
    </Filter>
    <Filter Include="PipelineState\dx12">
      <UniqueIdentifier>{e878a4b5-ed58-4d89-9afa-e1b0184f8236}</UniqueIdentifier>
    </Filter>
    <Filter Include="PipelineState\vulkan">
      <UniqueIdentifier>{bca4d625-0750-4389-8cf2-77667cf8edf5}</UniqueIdentifier>
    </Filter>
    <Filter Include="RootSignature">
      <UniqueIdentifier>{be3e4404-30c5-45ff-b078-6138e1be3c31}</UniqueIdentifier>
    </Filter>
    <Filter Include="RootSignature\dx12">
      <UniqueIdentifier>{459a1f5b-ef83-4016-a24a-fb8e9719799e}</UniqueIdentifier>
    </Filter>
    <Filter Include="RootSignature\vulkan">
      <UniqueIdentifier>{dd000a05-5fe4-49a7-a031-350462af2525}</UniqueIdentifier>
    </Filter>
    <Filter Include="Shader">
      <UniqueIdentifier>{c5cc49f0-0fbe-4bd3-8e48-d7be82bfa7a0}</UniqueIdentifier>
    </Filter>
    <Filter Include="Shader\dx12">
      <UniqueIdentifier>{749570bf-5452-4e4b-93f5-a3b2f29ff0ea}</UniqueIdentifier>
    </Filter>
    <Filter Include="Shader\vulkan">
      <UniqueIdentifier>{00be2bcd-0507-471a-a946-6e313c9b45f1}</UniqueIdentifier>
    </Filter>
    <Filter Include="Resource">
      <UniqueIdentifier>{e968749a-39f2-4b2b-b20d-e257661bfc9a}</UniqueIdentifier>
    </Filter>
    <Filter Include="Resource\dx12">
      <UniqueIdentifier>{7f4ea5e2-b6de-4310-bf33-5bea81ae6a75}</UniqueIdentifier>
    </Filter>
    <Filter Include="Resource\vulkan">
      <UniqueIdentifier>{294ee736-e2ea-4c0e-a9b8-044f9cd6d30d}</UniqueIdentifier>
    </Filter>
    <Filter Include="BindlessTable">
      <UniqueIdentifier>{66fb22ee-e036-4f7c-88b8-0c38324bb1a6}</UniqueIdentifier>
    </Filter>
    <Filter Include="BindlessTable\dx12">
      <UniqueIdentifier>{14b0b3c0-d4b6-4679-93af-0bf7776cf612}</UniqueIdentifier>
    </Filter>
    <Filter Include="BindlessTable\vulkan">
      <UniqueIdentifier>{6d2c86a7-8838-451d-a8f0-eeb7414013c7}</UniqueIdentifier>
    </Filter>
  </ItemGroup>
</Project>