<?xml version="1.0" encoding="utf-8"?>
<Project ToolsVersion="4.0" xmlns="http://schemas.microsoft.com/developer/msbuild/2003">
  <ItemGroup>
    <ClCompile Include="src\Precomp.cpp" />
    <ClCompile Include="src\WinMain.cpp" />
    <ClCompile Include="src\SuperVimontBrawl.cpp" />
    <ClCompile Include="src\Entity\Player\PlayerEntity.cpp">
      <Filter>Entity\Player</Filter>
    </ClCompile>
  </ItemGroup>
  <ItemGroup>
    <ClInclude Include="src\Precomp.h" />
    <ClInclude Include="src\SuperVimontBrawl.h" />
    <ClInclude Include="src\Entity\Player\PlayerEntity.h">
      <Filter>Entity\Player</Filter>
    </ClInclude>
  </ItemGroup>
  <ItemGroup>
    <Filter Include="Entity">
      <UniqueIdentifier>{bcb2981a-94c2-4d6d-8b47-5eabdaed3b3c}</UniqueIdentifier>
    </Filter>
    <Filter Include="Entity\Player">
      <UniqueIdentifier>{fee1ab80-aab0-449b-8deb-5b4f2c2d00e6}</UniqueIdentifier>
    </Filter>
  </ItemGroup>
</Project>