<?xml version="1.0" encoding="utf-8"?>
<Project ToolsVersion="4.0" xmlns="http://schemas.microsoft.com/developer/msbuild/2003">
  <ItemGroup>
    <ClCompile Include="src\Precomp.cpp" />
    <ClCompile Include="src\WinMain.cpp" />
    <ClCompile Include="src\SuperVimontBrawl.cpp" />
  </ItemGroup>
  <ItemGroup>
    <ClInclude Include="src\Precomp.h" />
    <ClInclude Include="src\SuperVimontBrawl.h" />
  </ItemGroup>
</Project>