
Microsoft Visual Studio Solution File, Format Version 12.00
# Visual Studio Version 17
VisualStudioVersion = 17.6.33815.320
MinimumVisualStudioVersion = 10.0.40219.1
Project("{8BC9CEB8-8B4A-11D0-8D11-00A0C91BC942}") = "core", "src\core\core.vcxproj", "{257A93DC-9206-4770-9560-7A22DFF0AC01}"
EndProject
Project("{8BC9CEB8-8B4A-11D0-8D11-00A0C91BC942}") = "engine", "src\engine\engine.vcxproj", "{42797D89-56C0-4B42-846D-DEB042288DCF}"
	ProjectSection(ProjectDependencies) = postProject
		{151CE489-91FC-4A2D-9C64-5431B77238AF} = {151CE489-91FC-4A2D-9C64-5431B77238AF}
		{257A93DC-9206-4770-9560-7A22DFF0AC01} = {257A93DC-9206-4770-9560-7A22DFF0AC01}
	EndProjectSection
EndProject
Project("{2150E333-8FDC-42A3-9474-1A3956D46DE8}") = "data", "data", "{AE20161D-322E-4F0C-AC90-8EBDF6B42882}"
EndProject
Project("{2150E333-8FDC-42A3-9474-1A3956D46DE8}") = "shaders", "shaders", "{3A24AFD2-079B-45FC-8488-70058ACACD89}"
EndProject
Project("{2150E333-8FDC-42A3-9474-1A3956D46DE8}") = "driver", "driver", "{F9214EBF-2727-4CEE-A759-F8154BD904EC}"
	ProjectSection(SolutionItems) = preProject
		data\Shaders\driver\driver.hlsl = data\Shaders\driver\driver.hlsl
		data\Shaders\driver\driver.hlsl.h = data\Shaders\driver\driver.hlsl.h
		data\Shaders\driver\driver.hlsli = data\Shaders\driver\driver.hlsli
	EndProjectSection
EndProject
Project("{2150E333-8FDC-42A3-9474-1A3956D46DE8}") = "background", "background", "{06052575-08B6-41A6-9E38-E1171229FF9C}"
	ProjectSection(SolutionItems) = preProject
		data\Shaders\background\background.hlsl = data\Shaders\background\background.hlsl
		data\Shaders\background\background.hlsl.h = data\Shaders\background\background.hlsl.h
		data\Shaders\background\background.hlsli = data\Shaders\background\background.hlsli
	EndProjectSection
EndProject
Project("{2150E333-8FDC-42A3-9474-1A3956D46DE8}") = "default", "default", "{73E04AC7-00AE-48F3-8650-73DE5C3A9661}"
	ProjectSection(SolutionItems) = preProject
		data\Shaders\default\default.hlsl = data\Shaders\default\default.hlsl
		data\Shaders\default\default.hlsl.h = data\Shaders\default\default.hlsl.h
		data\Shaders\default\default.hlsli = data\Shaders\default\default.hlsli
	EndProjectSection
EndProject
Project("{8BC9CEB8-8B4A-11D0-8D11-00A0C91BC942}") = "application", "src\application\application.vcxproj", "{1D9F3C91-FD72-4EE4-AF87-B8737AACB65C}"
	ProjectSection(ProjectDependencies) = postProject
		{14D354ED-895F-48E3-85AF-AFF4335717C7} = {14D354ED-895F-48E3-85AF-AFF4335717C7}
		{151CE489-91FC-4A2D-9C64-5431B77238AF} = {151CE489-91FC-4A2D-9C64-5431B77238AF}
		{257A93DC-9206-4770-9560-7A22DFF0AC01} = {257A93DC-9206-4770-9560-7A22DFF0AC01}
		{42797D89-56C0-4B42-846D-DEB042288DCF} = {42797D89-56C0-4B42-846D-DEB042288DCF}
		{51C074CB-0146-4324-9D1E-EB8192BF6673} = {51C074CB-0146-4324-9D1E-EB8192BF6673}
		{F31ACA84-29B9-4517-80E5-3D625A8AC34B} = {F31ACA84-29B9-4517-80E5-3D625A8AC34B}
		{F9F268C0-B4CB-4B80-B857-C75C7555E09B} = {F9F268C0-B4CB-4B80-B857-C75C7555E09B}
		{FFF9F2AC-6FD7-4B6D-A82F-91D014EB7F58} = {FFF9F2AC-6FD7-4B6D-A82F-91D014EB7F58}
	EndProjectSection
EndProject
Project("{2150E333-8FDC-42A3-9474-1A3956D46DE8}") = "natvis", "natvis", "{D18557C7-59EB-4E5F-B1A5-68C78127148D}"
	ProjectSection(SolutionItems) = preProject
		extern\hlslpp\include\hlsl++.natvis = extern\hlslpp\include\hlsl++.natvis
	EndProjectSection
EndProject
Project("{8BC9CEB8-8B4A-11D0-8D11-00A0C91BC942}") = "game", "projects\game\src\Game.vcxproj.vcxproj", "{F31ACA84-29B9-4517-80E5-3D625A8AC34B}"
	ProjectSection(ProjectDependencies) = postProject
		{151CE489-91FC-4A2D-9C64-5431B77238AF} = {151CE489-91FC-4A2D-9C64-5431B77238AF}
		{257A93DC-9206-4770-9560-7A22DFF0AC01} = {257A93DC-9206-4770-9560-7A22DFF0AC01}
		{42797D89-56C0-4B42-846D-DEB042288DCF} = {42797D89-56C0-4B42-846D-DEB042288DCF}
		{51C074CB-0146-4324-9D1E-EB8192BF6673} = {51C074CB-0146-4324-9D1E-EB8192BF6673}
	EndProjectSection
EndProject
Project("{8BC9CEB8-8B4A-11D0-8D11-00A0C91BC942}") = "gfx", "src\gfx\gfx.vcxproj", "{51C074CB-0146-4324-9D1E-EB8192BF6673}"
EndProject
Project("{8BC9CEB8-8B4A-11D0-8D11-00A0C91BC942}") = "renderer", "src\renderer\renderer.vcxproj", "{151CE489-91FC-4A2D-9C64-5431B77238AF}"
	ProjectSection(ProjectDependencies) = postProject
		{257A93DC-9206-4770-9560-7A22DFF0AC01} = {257A93DC-9206-4770-9560-7A22DFF0AC01}
		{51C074CB-0146-4324-9D1E-EB8192BF6673} = {51C074CB-0146-4324-9D1E-EB8192BF6673}
	EndProjectSection
EndProject
Project("{8BC9CEB8-8B4A-11D0-8D11-00A0C91BC942}") = "editor", "src\editor\editor.vcxproj", "{14D354ED-895F-48E3-85AF-AFF4335717C7}"
	ProjectSection(ProjectDependencies) = postProject
		{151CE489-91FC-4A2D-9C64-5431B77238AF} = {151CE489-91FC-4A2D-9C64-5431B77238AF}
		{257A93DC-9206-4770-9560-7A22DFF0AC01} = {257A93DC-9206-4770-9560-7A22DFF0AC01}
		{42797D89-56C0-4B42-846D-DEB042288DCF} = {42797D89-56C0-4B42-846D-DEB042288DCF}
		{F31ACA84-29B9-4517-80E5-3D625A8AC34B} = {F31ACA84-29B9-4517-80E5-3D625A8AC34B}
	EndProjectSection
EndProject
Project("{2150E333-8FDC-42A3-9474-1A3956D46DE8}") = "system", "system", "{34ABDEEE-1180-4BD9-9FCC-16C174A96FE8}"
	ProjectSection(SolutionItems) = preProject
		data\Shaders\system\bindless.hlsli = data\Shaders\system\bindless.hlsli
		data\Shaders\system\constants.hlsli = data\Shaders\system\constants.hlsli
		data\Shaders\system\cubemap.hlsli = data\Shaders\system\cubemap.hlsli
		data\Shaders\system\debug.hlsli = data\Shaders\system\debug.hlsli
		data\Shaders\system\debugdisplay.hlsli = data\Shaders\system\debugdisplay.hlsli
		data\Shaders\system\depthbias.hlsli = data\Shaders\system\depthbias.hlsli
		data\Shaders\system\depthstencil.hlsli = data\Shaders\system\depthstencil.hlsli
		data\Shaders\system\displaymodes.hlsli = data\Shaders\system\displaymodes.hlsli
		data\Shaders\system\environment.hlsli = data\Shaders\system\environment.hlsli
		data\Shaders\system\gamma.hlsli = data\Shaders\system\gamma.hlsli
		data\Shaders\system\instancedata.hlsli = data\Shaders\system\instancedata.hlsli
		data\Shaders\system\lighting.hlsli = data\Shaders\system\lighting.hlsli
		data\Shaders\system\lightsBuffer.hlsli = data\Shaders\system\lightsBuffer.hlsli
		data\Shaders\system\material_consts.hlsli = data\Shaders\system\material_consts.hlsli
		data\Shaders\system\msaa.hlsli = data\Shaders\system\msaa.hlsli
		data\Shaders\system\packing.hlsli = data\Shaders\system\packing.hlsli
		data\Shaders\system\pbr.hlsli = data\Shaders\system\pbr.hlsli
		data\Shaders\system\picking.hlsl = data\Shaders\system\picking.hlsl
		data\Shaders\system\picking.hlsli = data\Shaders\system\picking.hlsli
		data\Shaders\system\quad.hlsli = data\Shaders\system\quad.hlsli
		data\Shaders\system\rootConstants2D.hlsli = data\Shaders\system\rootConstants2D.hlsli
		data\Shaders\system\rootConstants3D.hlsli = data\Shaders\system\rootConstants3D.hlsli
		data\Shaders\system\samplers.hlsli = data\Shaders\system\samplers.hlsli
		data\Shaders\system\semantics.hlsli = data\Shaders\system\semantics.hlsli
		data\Shaders\system\shared_consts.hlsli = data\Shaders\system\shared_consts.hlsli
		data\Shaders\system\table.hlsl.h = data\Shaders\system\table.hlsl.h
		data\Shaders\system\table.hlsli = data\Shaders\system\table.hlsli
		data\Shaders\system\toolmode.hlsl.h = data\Shaders\system\toolmode.hlsl.h
		data\Shaders\system\toolmode.hlsli = data\Shaders\system\toolmode.hlsli
		data\Shaders\system\types.hlsli = data\Shaders\system\types.hlsli
		data\Shaders\system\vertex.hlsli = data\Shaders\system\vertex.hlsli
		data\Shaders\system\view.hlsli = data\Shaders\system\view.hlsli
	EndProjectSection
EndProject
Project("{2150E333-8FDC-42A3-9474-1A3956D46DE8}") = "raytracing", "raytracing", "{5523CE0C-0AA1-4E5F-82C7-85D032949B40}"
	ProjectSection(SolutionItems) = preProject
		data\Shaders\raytracing\raytracing.hlsli = data\Shaders\raytracing\raytracing.hlsli
	EndProjectSection
EndProject
Project("{2150E333-8FDC-42A3-9474-1A3956D46DE8}") = "postprocess", "postprocess", "{1E58B5A8-C977-4C9E-9705-CB2089DCFF8C}"
	ProjectSection(SolutionItems) = preProject
		data\Shaders\postprocess\FXAA.hlsli = data\Shaders\postprocess\FXAA.hlsli
		data\Shaders\postprocess\postprocess.hlsl = data\Shaders\postprocess\postprocess.hlsl
		data\Shaders\postprocess\postprocess.hlsl.h = data\Shaders\postprocess\postprocess.hlsl.h
		data\Shaders\postprocess\postprocess.hlsli = data\Shaders\postprocess\postprocess.hlsli
		data\Shaders\postprocess\SMAA.hlsli = data\Shaders\postprocess\SMAA.hlsli
	EndProjectSection
EndProject
Project("{2150E333-8FDC-42A3-9474-1A3956D46DE8}") = "debugdraw", "debugdraw", "{A78F21EC-5A7B-4D8A-AF8F-6E8D9B36EBCE}"
	ProjectSection(SolutionItems) = preProject
		data\Shaders\debugdraw\debugdraw.hlsl = data\Shaders\debugdraw\debugdraw.hlsl
		data\Shaders\debugdraw\debugdraw.hlsl.h = data\Shaders\debugdraw\debugdraw.hlsl.h
		data\Shaders\debugdraw\debugdraw.hlsli = data\Shaders\debugdraw\debugdraw.hlsli
	EndProjectSection
EndProject
Project("{2150E333-8FDC-42A3-9474-1A3956D46DE8}") = "skinning", "skinning", "{2451B526-F25E-4778-A38E-00BAA0B569A7}"
	ProjectSection(SolutionItems) = preProject
		data\Shaders\skinning\skinning.hlsl = data\Shaders\skinning\skinning.hlsl
		data\Shaders\skinning\skinning.hlsl.h = data\Shaders\skinning\skinning.hlsl.h
		data\Shaders\skinning\skinning.hlsli = data\Shaders\skinning\skinning.hlsli
	EndProjectSection
EndProject
Project("{8BC9CEB8-8B4A-11D0-8D11-00A0C91BC942}") = "physics", "src\physics\physics.vcxproj", "{F9F268C0-B4CB-4B80-B857-C75C7555E09B}"
	ProjectSection(ProjectDependencies) = postProject
		{257A93DC-9206-4770-9560-7A22DFF0AC01} = {257A93DC-9206-4770-9560-7A22DFF0AC01}
	EndProjectSection
EndProject
Project("{2150E333-8FDC-42A3-9474-1A3956D46DE8}") = "lighting", "lighting", "{4AD9B61D-1402-4E76-ACBA-5D3B57B9F408}"
	ProjectSection(SolutionItems) = preProject
		data\Shaders\lighting\deferredLighting.hlsl = data\Shaders\lighting\deferredLighting.hlsl
		data\Shaders\lighting\deferredLighting.hlsl.h = data\Shaders\lighting\deferredLighting.hlsl.h
		data\Shaders\lighting\deferredLighting.hlsli = data\Shaders\lighting\deferredLighting.hlsli
		data\Shaders\lighting\PrecomputeIBL.hlsl = data\Shaders\lighting\PrecomputeIBL.hlsl
		data\Shaders\lighting\PrecomputeIBL.hlsl.h = data\Shaders\lighting\PrecomputeIBL.hlsl.h
		data\Shaders\lighting\PrecomputeIBL.hlsli = data\Shaders\lighting\PrecomputeIBL.hlsli
	EndProjectSection
EndProject
Project("{2150E333-8FDC-42A3-9474-1A3956D46DE8}") = "github", "github", "{7C17C12C-1875-4215-8A0B-C4FBC50907FE}"
	ProjectSection(SolutionItems) = preProject
		.gitignore = .gitignore
	EndProjectSection
EndProject
Project("{2150E333-8FDC-42A3-9474-1A3956D46DE8}") = "workflows", "workflows", "{A6056C5D-D628-4DFE-945D-0938671C5BA8}"
	ProjectSection(SolutionItems) = preProject
		.github\workflows\Build_Win64_DX12.yml = .github\workflows\Build_Win64_DX12.yml
		.github\workflows\Submit.yml = .github\workflows\Submit.yml
	EndProjectSection
EndProject
Project("{8BC9CEB8-8B4A-11D0-8D11-00A0C91BC942}") = "audio", "src\audio\audio.vcxproj", "{FFF9F2AC-6FD7-4B6D-A82F-91D014EB7F58}"
	ProjectSection(ProjectDependencies) = postProject
		{257A93DC-9206-4770-9560-7A22DFF0AC01} = {257A93DC-9206-4770-9560-7A22DFF0AC01}
	EndProjectSection
EndProject
Project("{2150E333-8FDC-42A3-9474-1A3956D46DE8}") = "Win64", "Win64", "{8006A66E-08DC-4060-8760-77F0CE8CF997}"
EndProject
Project("{2150E333-8FDC-42A3-9474-1A3956D46DE8}") = "DX12", "DX12", "{10B0BBE1-BF80-4ECD-8F14-8194F451766D}"
	ProjectSection(SolutionItems) = preProject
		.github\workflows\Win64_DX12_Debug.yml = .github\workflows\Win64_DX12_Debug.yml
		.github\workflows\Win64_DX12_Final.yml = .github\workflows\Win64_DX12_Final.yml
		.github\workflows\Win64_DX12_Release.yml = .github\workflows\Win64_DX12_Release.yml
	EndProjectSection
EndProject
Project("{2150E333-8FDC-42A3-9474-1A3956D46DE8}") = "Vulkan", "Vulkan", "{E092AAFC-AD5F-4267-B76E-A8B5E8D544B5}"
	ProjectSection(SolutionItems) = preProject
		.github\workflows\Win64_Vulkan_Debug.yml = .github\workflows\Win64_Vulkan_Debug.yml
		.github\workflows\Win64_Vulkan_Final.yml = .github\workflows\Win64_Vulkan_Final.yml
		.github\workflows\Win64_Vulkan_Release.yml = .github\workflows\Win64_Vulkan_Release.yml
	EndProjectSection
EndProject
Project("{2150E333-8FDC-42A3-9474-1A3956D46DE8}") = "ARM64EC", "ARM64EC", "{1521C3BF-A6FF-43FE-A2C4-0214FE9C0E56}"
EndProject
Project("{2150E333-8FDC-42A3-9474-1A3956D46DE8}") = "DX12", "DX12", "{98E46C92-0EB4-4952-A209-EE9FCB60C9BC}"
	ProjectSection(SolutionItems) = preProject
		.github\workflows\ARM64EC_DX12_Debug.yml = .github\workflows\ARM64EC_DX12_Debug.yml
		.github\workflows\ARM64EC_DX12_Final.yml = .github\workflows\ARM64EC_DX12_Final.yml
		.github\workflows\ARM64EC_DX12_Release.yml = .github\workflows\ARM64EC_DX12_Release.yml
	EndProjectSection
EndProject
Project("{2150E333-8FDC-42A3-9474-1A3956D46DE8}") = "Vulkan", "Vulkan", "{A5BEB808-297E-4924-838D-D74404C7025C}"
	ProjectSection(SolutionItems) = preProject
		.github\workflows\ARM64EC_Vulkan_Debug.yml = .github\workflows\ARM64EC_Vulkan_Debug.yml
		.github\workflows\ARM64EC_Vulkan_Final.yml = .github\workflows\ARM64EC_Vulkan_Final.yml
		.github\workflows\ARM64EC_Vulkan_Release.yml = .github\workflows\ARM64EC_Vulkan_Release.yml
	EndProjectSection
EndProject
Project("{2150E333-8FDC-42A3-9474-1A3956D46DE8}") = "script", "script", "{4E477101-4D7A-4D13-AE06-9F27F1965883}"
	ProjectSection(SolutionItems) = preProject
		script\build_all.bat = script\build_all.bat
		script\clean.bat = script\clean.bat
		script\copy_client_files.bat = script\copy_client_files.bat
		script\generate_version_header.bat = script\generate_version_header.bat
		script\package.bat = script\package.bat
	EndProjectSection
EndProject
Project("{2150E333-8FDC-42A3-9474-1A3956D46DE8}") = "extern", "extern", "{204113B2-C64F-4F4C-9C7A-49F562C088B3}"
EndProject
Project("{2150E333-8FDC-42A3-9474-1A3956D46DE8}") = "FXAA", "FXAA", "{C1DE9EC7-954C-4C24-9956-879DDFE9A748}"
	ProjectSection(SolutionItems) = preProject
		data\Shaders\extern\FXAA\Fxaa3_11.h = data\Shaders\extern\FXAA\Fxaa3_11.h
	EndProjectSection
EndProject
Project("{2150E333-8FDC-42A3-9474-1A3956D46DE8}") = "version", "version", "{5BE32959-4B91-416E-A612-81A5A1FC923A}"
	ProjectSection(SolutionItems) = preProject
		src\commit.h = src\commit.h
		src\version.h = src\version.h
	EndProjectSection
EndProject
Project("{2150E333-8FDC-42A3-9474-1A3956D46DE8}") = "NewFolder1", "NewFolder1", "{B1CB0197-0173-4609-BD8A-D007E1B67333}"
EndProject
Project("{2150E333-8FDC-42A3-9474-1A3956D46DE8}") = "readme", "readme", "{BB4EDF18-3FFF-4097-AA8B-35D287564205}"
	ProjectSection(SolutionItems) = preProject
		ASSETS_LICENSE.md = ASSETS_LICENSE.md
		CHANGELOG.md = CHANGELOG.md
		LICENCE.md = LICENCE.md
		README.md = README.md
	EndProjectSection
EndProject
Project("{2150E333-8FDC-42A3-9474-1A3956D46DE8}") = "preview", "preview", "{35BFEE77-154C-40F6-90F6-D378EC135F20}"
	ProjectSection(SolutionItems) = preProject
		data\Shaders\preview\preview.hlsl = data\Shaders\preview\preview.hlsl
		data\Shaders\preview\preview.hlsl.h = data\Shaders\preview\preview.hlsl.h
		data\Shaders\preview\preview.hlsli = data\Shaders\preview\preview.hlsli
	EndProjectSection
EndProject
Global
	GlobalSection(SolutionConfigurationPlatforms) = preSolution
		Debug|ARM64EC DX12 = Debug|ARM64EC DX12
		Debug|ARM64EC Vulkan = Debug|ARM64EC Vulkan
		Debug|Win64 DX12 = Debug|Win64 DX12
		Debug|Win64 Vulkan = Debug|Win64 Vulkan
		Final|ARM64EC DX12 = Final|ARM64EC DX12
		Final|ARM64EC Vulkan = Final|ARM64EC Vulkan
		Final|Win64 DX12 = Final|Win64 DX12
		Final|Win64 Vulkan = Final|Win64 Vulkan
		Release|ARM64EC DX12 = Release|ARM64EC DX12
		Release|ARM64EC Vulkan = Release|ARM64EC Vulkan
		Release|Win64 DX12 = Release|Win64 DX12
		Release|Win64 Vulkan = Release|Win64 Vulkan
	EndGlobalSection
	GlobalSection(ProjectConfigurationPlatforms) = postSolution
		{257A93DC-9206-4770-9560-7A22DFF0AC01}.Debug|ARM64EC DX12.ActiveCfg = Debug|ARM64EC
		{257A93DC-9206-4770-9560-7A22DFF0AC01}.Debug|ARM64EC DX12.Build.0 = Debug|ARM64EC
		{257A93DC-9206-4770-9560-7A22DFF0AC01}.Debug|ARM64EC Vulkan.ActiveCfg = Debug|ARM64EC
		{257A93DC-9206-4770-9560-7A22DFF0AC01}.Debug|ARM64EC Vulkan.Build.0 = Debug|ARM64EC
		{257A93DC-9206-4770-9560-7A22DFF0AC01}.Debug|Win64 DX12.ActiveCfg = Debug|x64
		{257A93DC-9206-4770-9560-7A22DFF0AC01}.Debug|Win64 DX12.Build.0 = Debug|x64
		{257A93DC-9206-4770-9560-7A22DFF0AC01}.Debug|Win64 Vulkan.ActiveCfg = Debug|x64
		{257A93DC-9206-4770-9560-7A22DFF0AC01}.Debug|Win64 Vulkan.Build.0 = Debug|x64
		{257A93DC-9206-4770-9560-7A22DFF0AC01}.Final|ARM64EC DX12.ActiveCfg = Final|ARM64EC
		{257A93DC-9206-4770-9560-7A22DFF0AC01}.Final|ARM64EC DX12.Build.0 = Final|ARM64EC
		{257A93DC-9206-4770-9560-7A22DFF0AC01}.Final|ARM64EC Vulkan.ActiveCfg = Final|ARM64EC
		{257A93DC-9206-4770-9560-7A22DFF0AC01}.Final|ARM64EC Vulkan.Build.0 = Final|ARM64EC
		{257A93DC-9206-4770-9560-7A22DFF0AC01}.Final|Win64 DX12.ActiveCfg = Final|x64
		{257A93DC-9206-4770-9560-7A22DFF0AC01}.Final|Win64 DX12.Build.0 = Final|x64
		{257A93DC-9206-4770-9560-7A22DFF0AC01}.Final|Win64 Vulkan.ActiveCfg = Final|x64
		{257A93DC-9206-4770-9560-7A22DFF0AC01}.Final|Win64 Vulkan.Build.0 = Final|x64
		{257A93DC-9206-4770-9560-7A22DFF0AC01}.Release|ARM64EC DX12.ActiveCfg = Release|ARM64EC
		{257A93DC-9206-4770-9560-7A22DFF0AC01}.Release|ARM64EC DX12.Build.0 = Release|ARM64EC
		{257A93DC-9206-4770-9560-7A22DFF0AC01}.Release|ARM64EC Vulkan.ActiveCfg = Release|ARM64EC
		{257A93DC-9206-4770-9560-7A22DFF0AC01}.Release|ARM64EC Vulkan.Build.0 = Release|ARM64EC
		{257A93DC-9206-4770-9560-7A22DFF0AC01}.Release|Win64 DX12.ActiveCfg = Release|x64
		{257A93DC-9206-4770-9560-7A22DFF0AC01}.Release|Win64 DX12.Build.0 = Release|x64
		{257A93DC-9206-4770-9560-7A22DFF0AC01}.Release|Win64 Vulkan.ActiveCfg = Release|x64
		{257A93DC-9206-4770-9560-7A22DFF0AC01}.Release|Win64 Vulkan.Build.0 = Release|x64
		{42797D89-56C0-4B42-846D-DEB042288DCF}.Debug|ARM64EC DX12.ActiveCfg = Debug|ARM64EC
		{42797D89-56C0-4B42-846D-DEB042288DCF}.Debug|ARM64EC DX12.Build.0 = Debug|ARM64EC
		{42797D89-56C0-4B42-846D-DEB042288DCF}.Debug|ARM64EC Vulkan.ActiveCfg = Debug|ARM64EC
		{42797D89-56C0-4B42-846D-DEB042288DCF}.Debug|ARM64EC Vulkan.Build.0 = Debug|ARM64EC
		{42797D89-56C0-4B42-846D-DEB042288DCF}.Debug|Win64 DX12.ActiveCfg = Debug|x64
		{42797D89-56C0-4B42-846D-DEB042288DCF}.Debug|Win64 DX12.Build.0 = Debug|x64
		{42797D89-56C0-4B42-846D-DEB042288DCF}.Debug|Win64 Vulkan.ActiveCfg = Debug|x64
		{42797D89-56C0-4B42-846D-DEB042288DCF}.Debug|Win64 Vulkan.Build.0 = Debug|x64
		{42797D89-56C0-4B42-846D-DEB042288DCF}.Final|ARM64EC DX12.ActiveCfg = Final|ARM64EC
		{42797D89-56C0-4B42-846D-DEB042288DCF}.Final|ARM64EC DX12.Build.0 = Final|ARM64EC
		{42797D89-56C0-4B42-846D-DEB042288DCF}.Final|ARM64EC Vulkan.ActiveCfg = Final|ARM64EC
		{42797D89-56C0-4B42-846D-DEB042288DCF}.Final|ARM64EC Vulkan.Build.0 = Final|ARM64EC
		{42797D89-56C0-4B42-846D-DEB042288DCF}.Final|Win64 DX12.ActiveCfg = Final|x64
		{42797D89-56C0-4B42-846D-DEB042288DCF}.Final|Win64 DX12.Build.0 = Final|x64
		{42797D89-56C0-4B42-846D-DEB042288DCF}.Final|Win64 Vulkan.ActiveCfg = Final|x64
		{42797D89-56C0-4B42-846D-DEB042288DCF}.Final|Win64 Vulkan.Build.0 = Final|x64
		{42797D89-56C0-4B42-846D-DEB042288DCF}.Release|ARM64EC DX12.ActiveCfg = Release|ARM64EC
		{42797D89-56C0-4B42-846D-DEB042288DCF}.Release|ARM64EC DX12.Build.0 = Release|ARM64EC
		{42797D89-56C0-4B42-846D-DEB042288DCF}.Release|ARM64EC Vulkan.ActiveCfg = Release|ARM64EC
		{42797D89-56C0-4B42-846D-DEB042288DCF}.Release|ARM64EC Vulkan.Build.0 = Release|ARM64EC
		{42797D89-56C0-4B42-846D-DEB042288DCF}.Release|Win64 DX12.ActiveCfg = Release|x64
		{42797D89-56C0-4B42-846D-DEB042288DCF}.Release|Win64 DX12.Build.0 = Release|x64
		{42797D89-56C0-4B42-846D-DEB042288DCF}.Release|Win64 Vulkan.ActiveCfg = Release|x64
		{42797D89-56C0-4B42-846D-DEB042288DCF}.Release|Win64 Vulkan.Build.0 = Release|x64
		{1D9F3C91-FD72-4EE4-AF87-B8737AACB65C}.Debug|ARM64EC DX12.ActiveCfg = Debug_DX12|ARM64EC
		{1D9F3C91-FD72-4EE4-AF87-B8737AACB65C}.Debug|ARM64EC DX12.Build.0 = Debug_DX12|ARM64EC
		{1D9F3C91-FD72-4EE4-AF87-B8737AACB65C}.Debug|ARM64EC Vulkan.ActiveCfg = Debug_Vulkan|ARM64EC
		{1D9F3C91-FD72-4EE4-AF87-B8737AACB65C}.Debug|ARM64EC Vulkan.Build.0 = Debug_Vulkan|ARM64EC
		{1D9F3C91-FD72-4EE4-AF87-B8737AACB65C}.Debug|Win64 DX12.ActiveCfg = Debug_DX12|x64
		{1D9F3C91-FD72-4EE4-AF87-B8737AACB65C}.Debug|Win64 DX12.Build.0 = Debug_DX12|x64
		{1D9F3C91-FD72-4EE4-AF87-B8737AACB65C}.Debug|Win64 Vulkan.ActiveCfg = Debug_Vulkan|x64
		{1D9F3C91-FD72-4EE4-AF87-B8737AACB65C}.Debug|Win64 Vulkan.Build.0 = Debug_Vulkan|x64
		{1D9F3C91-FD72-4EE4-AF87-B8737AACB65C}.Final|ARM64EC DX12.ActiveCfg = Final_DX12|ARM64EC
		{1D9F3C91-FD72-4EE4-AF87-B8737AACB65C}.Final|ARM64EC DX12.Build.0 = Final_DX12|ARM64EC
		{1D9F3C91-FD72-4EE4-AF87-B8737AACB65C}.Final|ARM64EC Vulkan.ActiveCfg = Final_Vulkan|ARM64EC
		{1D9F3C91-FD72-4EE4-AF87-B8737AACB65C}.Final|ARM64EC Vulkan.Build.0 = Final_Vulkan|ARM64EC
		{1D9F3C91-FD72-4EE4-AF87-B8737AACB65C}.Final|Win64 DX12.ActiveCfg = Final_DX12|x64
		{1D9F3C91-FD72-4EE4-AF87-B8737AACB65C}.Final|Win64 DX12.Build.0 = Final_DX12|x64
		{1D9F3C91-FD72-4EE4-AF87-B8737AACB65C}.Final|Win64 Vulkan.ActiveCfg = Final_Vulkan|x64
		{1D9F3C91-FD72-4EE4-AF87-B8737AACB65C}.Final|Win64 Vulkan.Build.0 = Final_Vulkan|x64
		{1D9F3C91-FD72-4EE4-AF87-B8737AACB65C}.Release|ARM64EC DX12.ActiveCfg = Release_DX12|ARM64EC
		{1D9F3C91-FD72-4EE4-AF87-B8737AACB65C}.Release|ARM64EC DX12.Build.0 = Release_DX12|ARM64EC
		{1D9F3C91-FD72-4EE4-AF87-B8737AACB65C}.Release|ARM64EC Vulkan.ActiveCfg = Release_Vulkan|ARM64EC
		{1D9F3C91-FD72-4EE4-AF87-B8737AACB65C}.Release|ARM64EC Vulkan.Build.0 = Release_Vulkan|ARM64EC
		{1D9F3C91-FD72-4EE4-AF87-B8737AACB65C}.Release|Win64 DX12.ActiveCfg = Release_DX12|x64
		{1D9F3C91-FD72-4EE4-AF87-B8737AACB65C}.Release|Win64 DX12.Build.0 = Release_DX12|x64
		{1D9F3C91-FD72-4EE4-AF87-B8737AACB65C}.Release|Win64 Vulkan.ActiveCfg = Release_Vulkan|x64
		{1D9F3C91-FD72-4EE4-AF87-B8737AACB65C}.Release|Win64 Vulkan.Build.0 = Release_Vulkan|x64
		{F31ACA84-29B9-4517-80E5-3D625A8AC34B}.Debug|ARM64EC DX12.ActiveCfg = Debug|ARM64EC
		{F31ACA84-29B9-4517-80E5-3D625A8AC34B}.Debug|ARM64EC DX12.Build.0 = Debug|ARM64EC
		{F31ACA84-29B9-4517-80E5-3D625A8AC34B}.Debug|ARM64EC Vulkan.ActiveCfg = Debug|ARM64EC
		{F31ACA84-29B9-4517-80E5-3D625A8AC34B}.Debug|ARM64EC Vulkan.Build.0 = Debug|ARM64EC
		{F31ACA84-29B9-4517-80E5-3D625A8AC34B}.Debug|Win64 DX12.ActiveCfg = Debug|x64
		{F31ACA84-29B9-4517-80E5-3D625A8AC34B}.Debug|Win64 DX12.Build.0 = Debug|x64
		{F31ACA84-29B9-4517-80E5-3D625A8AC34B}.Debug|Win64 Vulkan.ActiveCfg = Debug|x64
		{F31ACA84-29B9-4517-80E5-3D625A8AC34B}.Debug|Win64 Vulkan.Build.0 = Debug|x64
		{F31ACA84-29B9-4517-80E5-3D625A8AC34B}.Final|ARM64EC DX12.ActiveCfg = Final|ARM64EC
		{F31ACA84-29B9-4517-80E5-3D625A8AC34B}.Final|ARM64EC DX12.Build.0 = Final|ARM64EC
		{F31ACA84-29B9-4517-80E5-3D625A8AC34B}.Final|ARM64EC Vulkan.ActiveCfg = Final|ARM64EC
		{F31ACA84-29B9-4517-80E5-3D625A8AC34B}.Final|ARM64EC Vulkan.Build.0 = Final|ARM64EC
		{F31ACA84-29B9-4517-80E5-3D625A8AC34B}.Final|Win64 DX12.ActiveCfg = Final|x64
		{F31ACA84-29B9-4517-80E5-3D625A8AC34B}.Final|Win64 DX12.Build.0 = Final|x64
		{F31ACA84-29B9-4517-80E5-3D625A8AC34B}.Final|Win64 Vulkan.ActiveCfg = Final|x64
		{F31ACA84-29B9-4517-80E5-3D625A8AC34B}.Final|Win64 Vulkan.Build.0 = Final|x64
		{F31ACA84-29B9-4517-80E5-3D625A8AC34B}.Release|ARM64EC DX12.ActiveCfg = Release|ARM64EC
		{F31ACA84-29B9-4517-80E5-3D625A8AC34B}.Release|ARM64EC DX12.Build.0 = Release|ARM64EC
		{F31ACA84-29B9-4517-80E5-3D625A8AC34B}.Release|ARM64EC Vulkan.ActiveCfg = Release|ARM64EC
		{F31ACA84-29B9-4517-80E5-3D625A8AC34B}.Release|ARM64EC Vulkan.Build.0 = Release|ARM64EC
		{F31ACA84-29B9-4517-80E5-3D625A8AC34B}.Release|Win64 DX12.ActiveCfg = Release|x64
		{F31ACA84-29B9-4517-80E5-3D625A8AC34B}.Release|Win64 DX12.Build.0 = Release|x64
		{F31ACA84-29B9-4517-80E5-3D625A8AC34B}.Release|Win64 Vulkan.ActiveCfg = Release|x64
		{F31ACA84-29B9-4517-80E5-3D625A8AC34B}.Release|Win64 Vulkan.Build.0 = Release|x64
		{51C074CB-0146-4324-9D1E-EB8192BF6673}.Debug|ARM64EC DX12.ActiveCfg = Debug_DX12|ARM64EC
		{51C074CB-0146-4324-9D1E-EB8192BF6673}.Debug|ARM64EC DX12.Build.0 = Debug_DX12|ARM64EC
		{51C074CB-0146-4324-9D1E-EB8192BF6673}.Debug|ARM64EC Vulkan.ActiveCfg = Debug_Vulkan|ARM64EC
		{51C074CB-0146-4324-9D1E-EB8192BF6673}.Debug|ARM64EC Vulkan.Build.0 = Debug_Vulkan|ARM64EC
		{51C074CB-0146-4324-9D1E-EB8192BF6673}.Debug|Win64 DX12.ActiveCfg = Debug_DX12|x64
		{51C074CB-0146-4324-9D1E-EB8192BF6673}.Debug|Win64 DX12.Build.0 = Debug_DX12|x64
		{51C074CB-0146-4324-9D1E-EB8192BF6673}.Debug|Win64 Vulkan.ActiveCfg = Debug_Vulkan|x64
		{51C074CB-0146-4324-9D1E-EB8192BF6673}.Debug|Win64 Vulkan.Build.0 = Debug_Vulkan|x64
		{51C074CB-0146-4324-9D1E-EB8192BF6673}.Final|ARM64EC DX12.ActiveCfg = Final_DX12|ARM64EC
		{51C074CB-0146-4324-9D1E-EB8192BF6673}.Final|ARM64EC DX12.Build.0 = Final_DX12|ARM64EC
		{51C074CB-0146-4324-9D1E-EB8192BF6673}.Final|ARM64EC Vulkan.ActiveCfg = Final_Vulkan|ARM64EC
		{51C074CB-0146-4324-9D1E-EB8192BF6673}.Final|ARM64EC Vulkan.Build.0 = Final_Vulkan|ARM64EC
		{51C074CB-0146-4324-9D1E-EB8192BF6673}.Final|Win64 DX12.ActiveCfg = Final_DX12|x64
		{51C074CB-0146-4324-9D1E-EB8192BF6673}.Final|Win64 DX12.Build.0 = Final_DX12|x64
		{51C074CB-0146-4324-9D1E-EB8192BF6673}.Final|Win64 Vulkan.ActiveCfg = Final_Vulkan|x64
		{51C074CB-0146-4324-9D1E-EB8192BF6673}.Final|Win64 Vulkan.Build.0 = Final_Vulkan|x64
		{51C074CB-0146-4324-9D1E-EB8192BF6673}.Release|ARM64EC DX12.ActiveCfg = Release_DX12|ARM64EC
		{51C074CB-0146-4324-9D1E-EB8192BF6673}.Release|ARM64EC DX12.Build.0 = Release_DX12|ARM64EC
		{51C074CB-0146-4324-9D1E-EB8192BF6673}.Release|ARM64EC Vulkan.ActiveCfg = Release_Vulkan|ARM64EC
		{51C074CB-0146-4324-9D1E-EB8192BF6673}.Release|ARM64EC Vulkan.Build.0 = Release_Vulkan|ARM64EC
		{51C074CB-0146-4324-9D1E-EB8192BF6673}.Release|Win64 DX12.ActiveCfg = Release_DX12|x64
		{51C074CB-0146-4324-9D1E-EB8192BF6673}.Release|Win64 DX12.Build.0 = Release_DX12|x64
		{51C074CB-0146-4324-9D1E-EB8192BF6673}.Release|Win64 Vulkan.ActiveCfg = Release_Vulkan|x64
		{51C074CB-0146-4324-9D1E-EB8192BF6673}.Release|Win64 Vulkan.Build.0 = Release_Vulkan|x64
		{151CE489-91FC-4A2D-9C64-5431B77238AF}.Debug|ARM64EC DX12.ActiveCfg = Debug_DX12|ARM64EC
		{151CE489-91FC-4A2D-9C64-5431B77238AF}.Debug|ARM64EC DX12.Build.0 = Debug_DX12|ARM64EC
		{151CE489-91FC-4A2D-9C64-5431B77238AF}.Debug|ARM64EC Vulkan.ActiveCfg = Debug_Vulkan|ARM64EC
		{151CE489-91FC-4A2D-9C64-5431B77238AF}.Debug|ARM64EC Vulkan.Build.0 = Debug_Vulkan|ARM64EC
		{151CE489-91FC-4A2D-9C64-5431B77238AF}.Debug|Win64 DX12.ActiveCfg = Debug_DX12|x64
		{151CE489-91FC-4A2D-9C64-5431B77238AF}.Debug|Win64 DX12.Build.0 = Debug_DX12|x64
		{151CE489-91FC-4A2D-9C64-5431B77238AF}.Debug|Win64 Vulkan.ActiveCfg = Debug_Vulkan|x64
		{151CE489-91FC-4A2D-9C64-5431B77238AF}.Debug|Win64 Vulkan.Build.0 = Debug_Vulkan|x64
		{151CE489-91FC-4A2D-9C64-5431B77238AF}.Final|ARM64EC DX12.ActiveCfg = Final_DX12|ARM64EC
		{151CE489-91FC-4A2D-9C64-5431B77238AF}.Final|ARM64EC DX12.Build.0 = Final_DX12|ARM64EC
		{151CE489-91FC-4A2D-9C64-5431B77238AF}.Final|ARM64EC Vulkan.ActiveCfg = Final_Vulkan|ARM64EC
		{151CE489-91FC-4A2D-9C64-5431B77238AF}.Final|ARM64EC Vulkan.Build.0 = Final_Vulkan|ARM64EC
		{151CE489-91FC-4A2D-9C64-5431B77238AF}.Final|Win64 DX12.ActiveCfg = Final_DX12|x64
		{151CE489-91FC-4A2D-9C64-5431B77238AF}.Final|Win64 DX12.Build.0 = Final_DX12|x64
		{151CE489-91FC-4A2D-9C64-5431B77238AF}.Final|Win64 Vulkan.ActiveCfg = Final_Vulkan|x64
		{151CE489-91FC-4A2D-9C64-5431B77238AF}.Final|Win64 Vulkan.Build.0 = Final_Vulkan|x64
		{151CE489-91FC-4A2D-9C64-5431B77238AF}.Release|ARM64EC DX12.ActiveCfg = Release_DX12|ARM64EC
		{151CE489-91FC-4A2D-9C64-5431B77238AF}.Release|ARM64EC DX12.Build.0 = Release_DX12|ARM64EC
		{151CE489-91FC-4A2D-9C64-5431B77238AF}.Release|ARM64EC Vulkan.ActiveCfg = Release_Vulkan|ARM64EC
		{151CE489-91FC-4A2D-9C64-5431B77238AF}.Release|ARM64EC Vulkan.Build.0 = Release_Vulkan|ARM64EC
		{151CE489-91FC-4A2D-9C64-5431B77238AF}.Release|Win64 DX12.ActiveCfg = Release_DX12|x64
		{151CE489-91FC-4A2D-9C64-5431B77238AF}.Release|Win64 DX12.Build.0 = Release_DX12|x64
		{151CE489-91FC-4A2D-9C64-5431B77238AF}.Release|Win64 Vulkan.ActiveCfg = Release_Vulkan|x64
		{151CE489-91FC-4A2D-9C64-5431B77238AF}.Release|Win64 Vulkan.Build.0 = Release_Vulkan|x64
		{14D354ED-895F-48E3-85AF-AFF4335717C7}.Debug|ARM64EC DX12.ActiveCfg = Debug|ARM64EC
		{14D354ED-895F-48E3-85AF-AFF4335717C7}.Debug|ARM64EC DX12.Build.0 = Debug|ARM64EC
		{14D354ED-895F-48E3-85AF-AFF4335717C7}.Debug|ARM64EC Vulkan.ActiveCfg = Debug|ARM64EC
		{14D354ED-895F-48E3-85AF-AFF4335717C7}.Debug|ARM64EC Vulkan.Build.0 = Debug|ARM64EC
		{14D354ED-895F-48E3-85AF-AFF4335717C7}.Debug|Win64 DX12.ActiveCfg = Debug|x64
		{14D354ED-895F-48E3-85AF-AFF4335717C7}.Debug|Win64 DX12.Build.0 = Debug|x64
		{14D354ED-895F-48E3-85AF-AFF4335717C7}.Debug|Win64 Vulkan.ActiveCfg = Debug|x64
		{14D354ED-895F-48E3-85AF-AFF4335717C7}.Debug|Win64 Vulkan.Build.0 = Debug|x64
		{14D354ED-895F-48E3-85AF-AFF4335717C7}.Final|ARM64EC DX12.ActiveCfg = Final|ARM64EC
		{14D354ED-895F-48E3-85AF-AFF4335717C7}.Final|ARM64EC Vulkan.ActiveCfg = Final|ARM64EC
		{14D354ED-895F-48E3-85AF-AFF4335717C7}.Final|Win64 DX12.ActiveCfg = Final|x64
		{14D354ED-895F-48E3-85AF-AFF4335717C7}.Final|Win64 Vulkan.ActiveCfg = Final|x64
		{14D354ED-895F-48E3-85AF-AFF4335717C7}.Release|ARM64EC DX12.ActiveCfg = Release|ARM64EC
		{14D354ED-895F-48E3-85AF-AFF4335717C7}.Release|ARM64EC DX12.Build.0 = Release|ARM64EC
		{14D354ED-895F-48E3-85AF-AFF4335717C7}.Release|ARM64EC Vulkan.ActiveCfg = Release|ARM64EC
		{14D354ED-895F-48E3-85AF-AFF4335717C7}.Release|ARM64EC Vulkan.Build.0 = Release|ARM64EC
		{14D354ED-895F-48E3-85AF-AFF4335717C7}.Release|Win64 DX12.ActiveCfg = Release|x64
		{14D354ED-895F-48E3-85AF-AFF4335717C7}.Release|Win64 DX12.Build.0 = Release|x64
		{14D354ED-895F-48E3-85AF-AFF4335717C7}.Release|Win64 Vulkan.ActiveCfg = Release|x64
		{14D354ED-895F-48E3-85AF-AFF4335717C7}.Release|Win64 Vulkan.Build.0 = Release|x64
		{F9F268C0-B4CB-4B80-B857-C75C7555E09B}.Debug|ARM64EC DX12.ActiveCfg = Debug|ARM64EC
		{F9F268C0-B4CB-4B80-B857-C75C7555E09B}.Debug|ARM64EC DX12.Build.0 = Debug|ARM64EC
		{F9F268C0-B4CB-4B80-B857-C75C7555E09B}.Debug|ARM64EC Vulkan.ActiveCfg = Debug|ARM64EC
		{F9F268C0-B4CB-4B80-B857-C75C7555E09B}.Debug|ARM64EC Vulkan.Build.0 = Debug|ARM64EC
		{F9F268C0-B4CB-4B80-B857-C75C7555E09B}.Debug|Win64 DX12.ActiveCfg = Debug|x64
		{F9F268C0-B4CB-4B80-B857-C75C7555E09B}.Debug|Win64 DX12.Build.0 = Debug|x64
		{F9F268C0-B4CB-4B80-B857-C75C7555E09B}.Debug|Win64 Vulkan.ActiveCfg = Debug|x64
		{F9F268C0-B4CB-4B80-B857-C75C7555E09B}.Debug|Win64 Vulkan.Build.0 = Debug|x64
		{F9F268C0-B4CB-4B80-B857-C75C7555E09B}.Final|ARM64EC DX12.ActiveCfg = Final|ARM64EC
		{F9F268C0-B4CB-4B80-B857-C75C7555E09B}.Final|ARM64EC DX12.Build.0 = Final|ARM64EC
		{F9F268C0-B4CB-4B80-B857-C75C7555E09B}.Final|ARM64EC Vulkan.ActiveCfg = Final|ARM64EC
		{F9F268C0-B4CB-4B80-B857-C75C7555E09B}.Final|ARM64EC Vulkan.Build.0 = Final|ARM64EC
		{F9F268C0-B4CB-4B80-B857-C75C7555E09B}.Final|Win64 DX12.ActiveCfg = Final|x64
		{F9F268C0-B4CB-4B80-B857-C75C7555E09B}.Final|Win64 DX12.Build.0 = Final|x64
		{F9F268C0-B4CB-4B80-B857-C75C7555E09B}.Final|Win64 Vulkan.ActiveCfg = Final|x64
		{F9F268C0-B4CB-4B80-B857-C75C7555E09B}.Final|Win64 Vulkan.Build.0 = Final|x64
		{F9F268C0-B4CB-4B80-B857-C75C7555E09B}.Release|ARM64EC DX12.ActiveCfg = Release|ARM64EC
		{F9F268C0-B4CB-4B80-B857-C75C7555E09B}.Release|ARM64EC DX12.Build.0 = Release|ARM64EC
		{F9F268C0-B4CB-4B80-B857-C75C7555E09B}.Release|ARM64EC Vulkan.ActiveCfg = Release|ARM64EC
		{F9F268C0-B4CB-4B80-B857-C75C7555E09B}.Release|ARM64EC Vulkan.Build.0 = Release|ARM64EC
		{F9F268C0-B4CB-4B80-B857-C75C7555E09B}.Release|Win64 DX12.ActiveCfg = Release|x64
		{F9F268C0-B4CB-4B80-B857-C75C7555E09B}.Release|Win64 DX12.Build.0 = Release|x64
		{F9F268C0-B4CB-4B80-B857-C75C7555E09B}.Release|Win64 Vulkan.ActiveCfg = Release|x64
		{F9F268C0-B4CB-4B80-B857-C75C7555E09B}.Release|Win64 Vulkan.Build.0 = Release|x64
		{FFF9F2AC-6FD7-4B6D-A82F-91D014EB7F58}.Debug|ARM64EC DX12.ActiveCfg = Debug|ARM64EC
		{FFF9F2AC-6FD7-4B6D-A82F-91D014EB7F58}.Debug|ARM64EC DX12.Build.0 = Debug|ARM64EC
		{FFF9F2AC-6FD7-4B6D-A82F-91D014EB7F58}.Debug|ARM64EC Vulkan.ActiveCfg = Debug|ARM64EC
		{FFF9F2AC-6FD7-4B6D-A82F-91D014EB7F58}.Debug|ARM64EC Vulkan.Build.0 = Debug|ARM64EC
		{FFF9F2AC-6FD7-4B6D-A82F-91D014EB7F58}.Debug|Win64 DX12.ActiveCfg = Debug|x64
		{FFF9F2AC-6FD7-4B6D-A82F-91D014EB7F58}.Debug|Win64 DX12.Build.0 = Debug|x64
		{FFF9F2AC-6FD7-4B6D-A82F-91D014EB7F58}.Debug|Win64 Vulkan.ActiveCfg = Debug|x64
		{FFF9F2AC-6FD7-4B6D-A82F-91D014EB7F58}.Debug|Win64 Vulkan.Build.0 = Debug|x64
		{FFF9F2AC-6FD7-4B6D-A82F-91D014EB7F58}.Final|ARM64EC DX12.ActiveCfg = Final|ARM64EC
		{FFF9F2AC-6FD7-4B6D-A82F-91D014EB7F58}.Final|ARM64EC DX12.Build.0 = Final|ARM64EC
		{FFF9F2AC-6FD7-4B6D-A82F-91D014EB7F58}.Final|ARM64EC Vulkan.ActiveCfg = Final|ARM64EC
		{FFF9F2AC-6FD7-4B6D-A82F-91D014EB7F58}.Final|ARM64EC Vulkan.Build.0 = Final|ARM64EC
		{FFF9F2AC-6FD7-4B6D-A82F-91D014EB7F58}.Final|Win64 DX12.ActiveCfg = Final|x64
		{FFF9F2AC-6FD7-4B6D-A82F-91D014EB7F58}.Final|Win64 DX12.Build.0 = Final|x64
		{FFF9F2AC-6FD7-4B6D-A82F-91D014EB7F58}.Final|Win64 Vulkan.ActiveCfg = Final|x64
		{FFF9F2AC-6FD7-4B6D-A82F-91D014EB7F58}.Final|Win64 Vulkan.Build.0 = Final|x64
		{FFF9F2AC-6FD7-4B6D-A82F-91D014EB7F58}.Release|ARM64EC DX12.ActiveCfg = Release|ARM64EC
		{FFF9F2AC-6FD7-4B6D-A82F-91D014EB7F58}.Release|ARM64EC DX12.Build.0 = Release|ARM64EC
		{FFF9F2AC-6FD7-4B6D-A82F-91D014EB7F58}.Release|ARM64EC Vulkan.ActiveCfg = Release|ARM64EC
		{FFF9F2AC-6FD7-4B6D-A82F-91D014EB7F58}.Release|ARM64EC Vulkan.Build.0 = Release|ARM64EC
		{FFF9F2AC-6FD7-4B6D-A82F-91D014EB7F58}.Release|Win64 DX12.ActiveCfg = Release|x64
		{FFF9F2AC-6FD7-4B6D-A82F-91D014EB7F58}.Release|Win64 DX12.Build.0 = Release|x64
		{FFF9F2AC-6FD7-4B6D-A82F-91D014EB7F58}.Release|Win64 Vulkan.ActiveCfg = Release|x64
		{FFF9F2AC-6FD7-4B6D-A82F-91D014EB7F58}.Release|Win64 Vulkan.Build.0 = Release|x64
	EndGlobalSection
	GlobalSection(SolutionProperties) = preSolution
		HideSolutionNode = FALSE
	EndGlobalSection
	GlobalSection(NestedProjects) = preSolution
		{3A24AFD2-079B-45FC-8488-70058ACACD89} = {AE20161D-322E-4F0C-AC90-8EBDF6B42882}
		{F9214EBF-2727-4CEE-A759-F8154BD904EC} = {3A24AFD2-079B-45FC-8488-70058ACACD89}
		{06052575-08B6-41A6-9E38-E1171229FF9C} = {3A24AFD2-079B-45FC-8488-70058ACACD89}
		{73E04AC7-00AE-48F3-8650-73DE5C3A9661} = {3A24AFD2-079B-45FC-8488-70058ACACD89}
		{34ABDEEE-1180-4BD9-9FCC-16C174A96FE8} = {3A24AFD2-079B-45FC-8488-70058ACACD89}
		{5523CE0C-0AA1-4E5F-82C7-85D032949B40} = {3A24AFD2-079B-45FC-8488-70058ACACD89}
		{1E58B5A8-C977-4C9E-9705-CB2089DCFF8C} = {3A24AFD2-079B-45FC-8488-70058ACACD89}
		{A78F21EC-5A7B-4D8A-AF8F-6E8D9B36EBCE} = {3A24AFD2-079B-45FC-8488-70058ACACD89}
		{2451B526-F25E-4778-A38E-00BAA0B569A7} = {3A24AFD2-079B-45FC-8488-70058ACACD89}
		{4AD9B61D-1402-4E76-ACBA-5D3B57B9F408} = {3A24AFD2-079B-45FC-8488-70058ACACD89}
		{A6056C5D-D628-4DFE-945D-0938671C5BA8} = {7C17C12C-1875-4215-8A0B-C4FBC50907FE}
		{8006A66E-08DC-4060-8760-77F0CE8CF997} = {A6056C5D-D628-4DFE-945D-0938671C5BA8}
		{10B0BBE1-BF80-4ECD-8F14-8194F451766D} = {8006A66E-08DC-4060-8760-77F0CE8CF997}
		{E092AAFC-AD5F-4267-B76E-A8B5E8D544B5} = {8006A66E-08DC-4060-8760-77F0CE8CF997}
		{1521C3BF-A6FF-43FE-A2C4-0214FE9C0E56} = {A6056C5D-D628-4DFE-945D-0938671C5BA8}
		{98E46C92-0EB4-4952-A209-EE9FCB60C9BC} = {1521C3BF-A6FF-43FE-A2C4-0214FE9C0E56}
		{A5BEB808-297E-4924-838D-D74404C7025C} = {1521C3BF-A6FF-43FE-A2C4-0214FE9C0E56}
		{204113B2-C64F-4F4C-9C7A-49F562C088B3} = {3A24AFD2-079B-45FC-8488-70058ACACD89}
		{C1DE9EC7-954C-4C24-9956-879DDFE9A748} = {204113B2-C64F-4F4C-9C7A-49F562C088B3}
		{B1CB0197-0173-4609-BD8A-D007E1B67333} = {A6056C5D-D628-4DFE-945D-0938671C5BA8}
		{35BFEE77-154C-40F6-90F6-D378EC135F20} = {3A24AFD2-079B-45FC-8488-70058ACACD89}
	EndGlobalSection
	GlobalSection(ExtensibilityGlobals) = postSolution
		SolutionGuid = {B437215B-B736-4FF0-8DA1-E6B35C780CE1}
	EndGlobalSection
EndGlobal
