
Microsoft Visual Studio Solution File, Format Version 12.00
# Visual Studio Version 17
VisualStudioVersion = 17.6.33815.320
MinimumVisualStudioVersion = 10.0.40219.1
Project("{8BC9CEB8-8B4A-11D0-8D11-00A0C91BC942}") = "core", "src\core\core.vcxproj", "{257A93DC-9206-4770-9560-7A22DFF0AC01}"
EndProject
Project("{8BC9CEB8-8B4A-11D0-8D11-00A0C91BC942}") = "engine", "src\engine\engine.vcxproj", "{42797D89-56C0-4B42-846D-DEB042288DCF}"
	ProjectSection(ProjectDependencies) = postProject
		{151CE489-91FC-4A2D-9C64-5431B77238AF} = {151CE489-91FC-4A2D-9C64-5431B77238AF}
		{257A93DC-9206-4770-9560-7A22DFF0AC01} = {257A93DC-9206-4770-9560-7A22DFF0AC01}
	EndProjectSection
EndProject
Project("{2150E333-8FDC-42A3-9474-1A3956D46DE8}") = "data", "data", "{AE20161D-322E-4F0C-AC90-8EBDF6B42882}"
EndProject
Project("{2150E333-8FDC-42A3-9474-1A3956D46DE8}") = "shaders", "shaders", "{3A24AFD2-079B-45FC-8488-70058ACACD89}"
EndProject
Project("{2150E333-8FDC-42A3-9474-1A3956D46DE8}") = "driver", "driver", "{F9214EBF-2727-4CEE-A759-F8154BD904EC}"
	ProjectSection(SolutionItems) = preProject
		data\Shaders\driver\driver.hlsl = data\Shaders\driver\driver.hlsl
		data\Shaders\driver\driver.hlsl.h = data\Shaders\driver\driver.hlsl.h
	EndProjectSection
EndProject
Project("{2150E333-8FDC-42A3-9474-1A3956D46DE8}") = "background", "background", "{06052575-08B6-41A6-9E38-E1171229FF9C}"
	ProjectSection(SolutionItems) = preProject
		data\Shaders\background\background.hlsl = data\Shaders\background\background.hlsl
		data\Shaders\background\background.hlsl.h = data\Shaders\background\background.hlsl.h
		data\Shaders\background\background.hlsli = data\Shaders\background\background.hlsli
	EndProjectSection
EndProject
Project("{2150E333-8FDC-42A3-9474-1A3956D46DE8}") = "default", "default", "{73E04AC7-00AE-48F3-8650-73DE5C3A9661}"
	ProjectSection(SolutionItems) = preProject
		data\Shaders\default\default.hlsl = data\Shaders\default\default.hlsl
		data\Shaders\default\default.hlsl.h = data\Shaders\default\default.hlsl.h
		data\Shaders\default\default.hlsli = data\Shaders\default\default.hlsli
	EndProjectSection
EndProject
Project("{8BC9CEB8-8B4A-11D0-8D11-00A0C91BC942}") = "application", "src\application\application.vcxproj", "{1D9F3C91-FD72-4EE4-AF87-B8737AACB65C}"
	ProjectSection(ProjectDependencies) = postProject
		{14D354ED-895F-48E3-85AF-AFF4335717C7} = {14D354ED-895F-48E3-85AF-AFF4335717C7}
		{151CE489-91FC-4A2D-9C64-5431B77238AF} = {151CE489-91FC-4A2D-9C64-5431B77238AF}
		{257A93DC-9206-4770-9560-7A22DFF0AC01} = {257A93DC-9206-4770-9560-7A22DFF0AC01}
		{42797D89-56C0-4B42-846D-DEB042288DCF} = {42797D89-56C0-4B42-846D-DEB042288DCF}
		{51C074CB-0146-4324-9D1E-EB8192BF6673} = {51C074CB-0146-4324-9D1E-EB8192BF6673}
		{F31ACA84-29B9-4517-80E5-3D625A8AC34B} = {F31ACA84-29B9-4517-80E5-3D625A8AC34B}
		{F9F268C0-B4CB-4B80-B857-C75C7555E09B} = {F9F268C0-B4CB-4B80-B857-C75C7555E09B}
	EndProjectSection
EndProject
Project("{2150E333-8FDC-42A3-9474-1A3956D46DE8}") = "Natvis", "Natvis", "{D18557C7-59EB-4E5F-B1A5-68C78127148D}"
	ProjectSection(SolutionItems) = preProject
		extern\hlslpp\include\hlsl++.natvis = extern\hlslpp\include\hlsl++.natvis
	EndProjectSection
EndProject
Project("{8BC9CEB8-8B4A-11D0-8D11-00A0C91BC942}") = "game", "projects\game\src\Game.vcxproj.vcxproj", "{F31ACA84-29B9-4517-80E5-3D625A8AC34B}"
	ProjectSection(ProjectDependencies) = postProject
		{151CE489-91FC-4A2D-9C64-5431B77238AF} = {151CE489-91FC-4A2D-9C64-5431B77238AF}
		{257A93DC-9206-4770-9560-7A22DFF0AC01} = {257A93DC-9206-4770-9560-7A22DFF0AC01}
		{42797D89-56C0-4B42-846D-DEB042288DCF} = {42797D89-56C0-4B42-846D-DEB042288DCF}
		{51C074CB-0146-4324-9D1E-EB8192BF6673} = {51C074CB-0146-4324-9D1E-EB8192BF6673}
	EndProjectSection
EndProject
Project("{8BC9CEB8-8B4A-11D0-8D11-00A0C91BC942}") = "gfx", "src\gfx\gfx.vcxproj", "{51C074CB-0146-4324-9D1E-EB8192BF6673}"
EndProject
Project("{8BC9CEB8-8B4A-11D0-8D11-00A0C91BC942}") = "renderer", "src\renderer\renderer.vcxproj", "{151CE489-91FC-4A2D-9C64-5431B77238AF}"
	ProjectSection(ProjectDependencies) = postProject
		{257A93DC-9206-4770-9560-7A22DFF0AC01} = {257A93DC-9206-4770-9560-7A22DFF0AC01}
		{51C074CB-0146-4324-9D1E-EB8192BF6673} = {51C074CB-0146-4324-9D1E-EB8192BF6673}
	EndProjectSection
EndProject
Project("{8BC9CEB8-8B4A-11D0-8D11-00A0C91BC942}") = "editor", "src\editor\editor.vcxproj", "{14D354ED-895F-48E3-85AF-AFF4335717C7}"
	ProjectSection(ProjectDependencies) = postProject
		{151CE489-91FC-4A2D-9C64-5431B77238AF} = {151CE489-91FC-4A2D-9C64-5431B77238AF}
		{257A93DC-9206-4770-9560-7A22DFF0AC01} = {257A93DC-9206-4770-9560-7A22DFF0AC01}
		{42797D89-56C0-4B42-846D-DEB042288DCF} = {42797D89-56C0-4B42-846D-DEB042288DCF}
		{F31ACA84-29B9-4517-80E5-3D625A8AC34B} = {F31ACA84-29B9-4517-80E5-3D625A8AC34B}
	EndProjectSection
EndProject
Project("{2150E333-8FDC-42A3-9474-1A3956D46DE8}") = "system", "system", "{34ABDEEE-1180-4BD9-9FCC-16C174A96FE8}"
	ProjectSection(SolutionItems) = preProject
		data\Shaders\system\bindless.hlsli = data\Shaders\system\bindless.hlsli
		data\Shaders\system\constants.hlsli = data\Shaders\system\constants.hlsli
		data\Shaders\system\debug.hlsli = data\Shaders\system\debug.hlsli
		data\Shaders\system\debugdisplay.hlsli = data\Shaders\system\debugdisplay.hlsli
		data\Shaders\system\depthbias.hlsli = data\Shaders\system\depthbias.hlsli
		data\Shaders\system\displaymodes.hlsli = data\Shaders\system\displaymodes.hlsli
		data\Shaders\system\gamma.hlsli = data\Shaders\system\gamma.hlsli
		data\Shaders\system\instancedata.hlsli = data\Shaders\system\instancedata.hlsli
		data\Shaders\system\lighting.hlsli = data\Shaders\system\lighting.hlsli
		data\Shaders\system\lightsBuffer.hlsli = data\Shaders\system\lightsBuffer.hlsli
		data\Shaders\system\packing.hlsli = data\Shaders\system\packing.hlsli
		data\Shaders\system\material_consts.hlsli = data\Shaders\system\material_consts.hlsli
		data\Shaders\system\picking.hlsl = data\Shaders\system\picking.hlsl
		data\Shaders\system\picking.hlsli = data\Shaders\system\picking.hlsli
		data\Shaders\system\quad.hlsli = data\Shaders\system\quad.hlsli
		data\Shaders\system\rootConstants2D.hlsli = data\Shaders\system\rootConstants2D.hlsli
		data\Shaders\system\rootConstants3D.hlsli = data\Shaders\system\rootConstants3D.hlsli
		data\Shaders\system\samplers.hlsli = data\Shaders\system\samplers.hlsli
		data\Shaders\system\semantics.hlsli = data\Shaders\system\semantics.hlsli
		data\Shaders\system\table.hlsl.h = data\Shaders\system\table.hlsl.h
		data\Shaders\system\table.hlsli = data\Shaders\system\table.hlsli
		data\Shaders\system\toolmode.hlsl.h = data\Shaders\system\toolmode.hlsl.h
		data\Shaders\system\toolmode.hlsli = data\Shaders\system\toolmode.hlsli
		data\Shaders\system\types.hlsli = data\Shaders\system\types.hlsli
		data\Shaders\system\vertex.hlsli = data\Shaders\system\vertex.hlsli
		data\Shaders\system\view.hlsli = data\Shaders\system\view.hlsli
	EndProjectSection
EndProject
Project("{2150E333-8FDC-42A3-9474-1A3956D46DE8}") = "raytracing", "raytracing", "{5523CE0C-0AA1-4E5F-82C7-85D032949B40}"
	ProjectSection(SolutionItems) = preProject
		data\Shaders\raytracing\raytracing.hlsli = data\Shaders\raytracing\raytracing.hlsli
	EndProjectSection
EndProject
Project("{2150E333-8FDC-42A3-9474-1A3956D46DE8}") = "postprocess", "postprocess", "{1E58B5A8-C977-4C9E-9705-CB2089DCFF8C}"
	ProjectSection(SolutionItems) = preProject
		data\Shaders\postprocess\postprocess.hlsl = data\Shaders\postprocess\postprocess.hlsl
		data\Shaders\postprocess\postprocess.hlsl.h = data\Shaders\postprocess\postprocess.hlsl.h
		data\Shaders\postprocess\postprocess.hlsli = data\Shaders\postprocess\postprocess.hlsli
	EndProjectSection
EndProject
Project("{2150E333-8FDC-42A3-9474-1A3956D46DE8}") = "DebugDraw", "DebugDraw", "{A78F21EC-5A7B-4D8A-AF8F-6E8D9B36EBCE}"
	ProjectSection(SolutionItems) = preProject
		data\Shaders\debugdraw\debugdraw.hlsl = data\Shaders\debugdraw\debugdraw.hlsl
		data\Shaders\debugdraw\debugdraw.hlsl.h = data\Shaders\debugdraw\debugdraw.hlsl.h
		data\Shaders\debugdraw\debugdraw.hlsli = data\Shaders\debugdraw\debugdraw.hlsli
	EndProjectSection
EndProject
Project("{2150E333-8FDC-42A3-9474-1A3956D46DE8}") = "skinning", "skinning", "{2451B526-F25E-4778-A38E-00BAA0B569A7}"
	ProjectSection(SolutionItems) = preProject
		data\Shaders\skinning\skinning.hlsl = data\Shaders\skinning\skinning.hlsl
		data\Shaders\skinning\skinning.hlsl.h = data\Shaders\skinning\skinning.hlsl.h
		data\Shaders\skinning\skinning.hlsli = data\Shaders\skinning\skinning.hlsli
	EndProjectSection
EndProject
Project("{8BC9CEB8-8B4A-11D0-8D11-00A0C91BC942}") = "physics", "src\physics\physics.vcxproj", "{F9F268C0-B4CB-4B80-B857-C75C7555E09B}"
	ProjectSection(ProjectDependencies) = postProject
		{257A93DC-9206-4770-9560-7A22DFF0AC01} = {257A93DC-9206-4770-9560-7A22DFF0AC01}
	EndProjectSection
EndProject
Project("{2150E333-8FDC-42A3-9474-1A3956D46DE8}") = "lighting", "lighting", "{4AD9B61D-1402-4E76-ACBA-5D3B57B9F408}"
	ProjectSection(SolutionItems) = preProject
		data\Shaders\lighting\deferredLighting.hlsl = data\Shaders\lighting\deferredLighting.hlsl
		data\Shaders\lighting\deferredLighting.hlsl.h = data\Shaders\lighting\deferredLighting.hlsl.h
		data\Shaders\lighting\deferredLighting.hlsli = data\Shaders\lighting\deferredLighting.hlsli
	EndProjectSection
EndProject
Project("{2150E333-8FDC-42A3-9474-1A3956D46DE8}") = "github", "github", "{7C17C12C-1875-4215-8A0B-C4FBC50907FE}"
	ProjectSection(SolutionItems) = preProject
		README.md = README.md
	EndProjectSection
EndProject
Project("{2150E333-8FDC-42A3-9474-1A3956D46DE8}") = "workflows", "workflows", "{A6056C5D-D628-4DFE-945D-0938671C5BA8}"
	ProjectSection(SolutionItems) = preProject
		.github\workflows\Debug_PC_DirectX12.yml = .github\workflows\Debug_PC_DirectX12.yml
		.github\workflows\Debug_PC_Vulkan.yml = .github\workflows\Debug_PC_Vulkan.yml
		.github\workflows\Release_PC_DirectX12.yml = .github\workflows\Release_PC_DirectX12.yml
		.github\workflows\Release_PC_Vulkan.yml = .github\workflows\Release_PC_Vulkan.yml
	EndProjectSection
EndProject
Project("{2150E333-8FDC-42A3-9474-1A3956D46DE8}") = "Solution Items", "Solution Items", "{D0B49AF3-70DB-42E7-AF6D-45C0620C439A}"
	ProjectSection(SolutionItems) = preProject
		TODO.txt = TODO.txt
	EndProjectSection
EndProject
Global
	GlobalSection(SolutionConfigurationPlatforms) = preSolution
		Debug|PC DirectX12 = Debug|PC DirectX12
		Debug|PC Vulkan = Debug|PC Vulkan
		Release|PC DirectX12 = Release|PC DirectX12
		Release|PC Vulkan = Release|PC Vulkan
	EndGlobalSection
	GlobalSection(ProjectConfigurationPlatforms) = postSolution
		{257A93DC-9206-4770-9560-7A22DFF0AC01}.Debug|PC DirectX12.ActiveCfg = Debug|x64
		{257A93DC-9206-4770-9560-7A22DFF0AC01}.Debug|PC DirectX12.Build.0 = Debug|x64
		{257A93DC-9206-4770-9560-7A22DFF0AC01}.Debug|PC Vulkan.ActiveCfg = Debug|x64
		{257A93DC-9206-4770-9560-7A22DFF0AC01}.Debug|PC Vulkan.Build.0 = Debug|x64
		{257A93DC-9206-4770-9560-7A22DFF0AC01}.Release|PC DirectX12.ActiveCfg = Release|x64
		{257A93DC-9206-4770-9560-7A22DFF0AC01}.Release|PC DirectX12.Build.0 = Release|x64
		{257A93DC-9206-4770-9560-7A22DFF0AC01}.Release|PC Vulkan.ActiveCfg = Release|x64
		{257A93DC-9206-4770-9560-7A22DFF0AC01}.Release|PC Vulkan.Build.0 = Release|x64
		{42797D89-56C0-4B42-846D-DEB042288DCF}.Debug|PC DirectX12.ActiveCfg = Debug|x64
		{42797D89-56C0-4B42-846D-DEB042288DCF}.Debug|PC DirectX12.Build.0 = Debug|x64
		{42797D89-56C0-4B42-846D-DEB042288DCF}.Debug|PC Vulkan.ActiveCfg = Debug|x64
		{42797D89-56C0-4B42-846D-DEB042288DCF}.Debug|PC Vulkan.Build.0 = Debug|x64
		{42797D89-56C0-4B42-846D-DEB042288DCF}.Release|PC DirectX12.ActiveCfg = Release|x64
		{42797D89-56C0-4B42-846D-DEB042288DCF}.Release|PC DirectX12.Build.0 = Release|x64
		{42797D89-56C0-4B42-846D-DEB042288DCF}.Release|PC Vulkan.ActiveCfg = Release|x64
		{42797D89-56C0-4B42-846D-DEB042288DCF}.Release|PC Vulkan.Build.0 = Release|x64
		{1D9F3C91-FD72-4EE4-AF87-B8737AACB65C}.Debug|PC DirectX12.ActiveCfg = Debug_DX12|x64
		{1D9F3C91-FD72-4EE4-AF87-B8737AACB65C}.Debug|PC DirectX12.Build.0 = Debug_DX12|x64
		{1D9F3C91-FD72-4EE4-AF87-B8737AACB65C}.Debug|PC Vulkan.ActiveCfg = Debug_Vulkan|x64
		{1D9F3C91-FD72-4EE4-AF87-B8737AACB65C}.Debug|PC Vulkan.Build.0 = Debug_Vulkan|x64
		{1D9F3C91-FD72-4EE4-AF87-B8737AACB65C}.Release|PC DirectX12.ActiveCfg = Release_DX12|x64
		{1D9F3C91-FD72-4EE4-AF87-B8737AACB65C}.Release|PC DirectX12.Build.0 = Release_DX12|x64
		{1D9F3C91-FD72-4EE4-AF87-B8737AACB65C}.Release|PC Vulkan.ActiveCfg = Release_Vulkan|x64
		{1D9F3C91-FD72-4EE4-AF87-B8737AACB65C}.Release|PC Vulkan.Build.0 = Release_Vulkan|x64
		{F31ACA84-29B9-4517-80E5-3D625A8AC34B}.Debug|PC DirectX12.ActiveCfg = Debug|x64
		{F31ACA84-29B9-4517-80E5-3D625A8AC34B}.Debug|PC DirectX12.Build.0 = Debug|x64
		{F31ACA84-29B9-4517-80E5-3D625A8AC34B}.Debug|PC Vulkan.ActiveCfg = Debug|x64
		{F31ACA84-29B9-4517-80E5-3D625A8AC34B}.Debug|PC Vulkan.Build.0 = Debug|x64
		{F31ACA84-29B9-4517-80E5-3D625A8AC34B}.Release|PC DirectX12.ActiveCfg = Release|x64
		{F31ACA84-29B9-4517-80E5-3D625A8AC34B}.Release|PC DirectX12.Build.0 = Release|x64
		{F31ACA84-29B9-4517-80E5-3D625A8AC34B}.Release|PC Vulkan.ActiveCfg = Release|x64
		{F31ACA84-29B9-4517-80E5-3D625A8AC34B}.Release|PC Vulkan.Build.0 = Release|x64
		{51C074CB-0146-4324-9D1E-EB8192BF6673}.Debug|PC DirectX12.ActiveCfg = Debug_DX12|x64
		{51C074CB-0146-4324-9D1E-EB8192BF6673}.Debug|PC DirectX12.Build.0 = Debug_DX12|x64
		{51C074CB-0146-4324-9D1E-EB8192BF6673}.Debug|PC Vulkan.ActiveCfg = Debug_Vulkan|x64
		{51C074CB-0146-4324-9D1E-EB8192BF6673}.Debug|PC Vulkan.Build.0 = Debug_Vulkan|x64
		{51C074CB-0146-4324-9D1E-EB8192BF6673}.Release|PC DirectX12.ActiveCfg = Release_DX12|x64
		{51C074CB-0146-4324-9D1E-EB8192BF6673}.Release|PC DirectX12.Build.0 = Release_DX12|x64
		{51C074CB-0146-4324-9D1E-EB8192BF6673}.Release|PC Vulkan.ActiveCfg = Release_Vulkan|x64
		{51C074CB-0146-4324-9D1E-EB8192BF6673}.Release|PC Vulkan.Build.0 = Release_Vulkan|x64
		{151CE489-91FC-4A2D-9C64-5431B77238AF}.Debug|PC DirectX12.ActiveCfg = Debug_DX12|x64
		{151CE489-91FC-4A2D-9C64-5431B77238AF}.Debug|PC DirectX12.Build.0 = Debug_DX12|x64
		{151CE489-91FC-4A2D-9C64-5431B77238AF}.Debug|PC Vulkan.ActiveCfg = Debug_Vulkan|x64
		{151CE489-91FC-4A2D-9C64-5431B77238AF}.Debug|PC Vulkan.Build.0 = Debug_Vulkan|x64
		{151CE489-91FC-4A2D-9C64-5431B77238AF}.Release|PC DirectX12.ActiveCfg = Release_DX12|x64
		{151CE489-91FC-4A2D-9C64-5431B77238AF}.Release|PC DirectX12.Build.0 = Release_DX12|x64
		{151CE489-91FC-4A2D-9C64-5431B77238AF}.Release|PC Vulkan.ActiveCfg = Release_Vulkan|x64
		{151CE489-91FC-4A2D-9C64-5431B77238AF}.Release|PC Vulkan.Build.0 = Release_Vulkan|x64
		{14D354ED-895F-48E3-85AF-AFF4335717C7}.Debug|PC DirectX12.ActiveCfg = Debug|x64
		{14D354ED-895F-48E3-85AF-AFF4335717C7}.Debug|PC DirectX12.Build.0 = Debug|x64
		{14D354ED-895F-48E3-85AF-AFF4335717C7}.Debug|PC Vulkan.ActiveCfg = Debug|x64
		{14D354ED-895F-48E3-85AF-AFF4335717C7}.Debug|PC Vulkan.Build.0 = Debug|x64
		{14D354ED-895F-48E3-85AF-AFF4335717C7}.Release|PC DirectX12.ActiveCfg = Release|x64
		{14D354ED-895F-48E3-85AF-AFF4335717C7}.Release|PC DirectX12.Build.0 = Release|x64
		{14D354ED-895F-48E3-85AF-AFF4335717C7}.Release|PC Vulkan.ActiveCfg = Release|x64
		{14D354ED-895F-48E3-85AF-AFF4335717C7}.Release|PC Vulkan.Build.0 = Release|x64
		{F9F268C0-B4CB-4B80-B857-C75C7555E09B}.Debug|PC DirectX12.ActiveCfg = Debug|x64
		{F9F268C0-B4CB-4B80-B857-C75C7555E09B}.Debug|PC DirectX12.Build.0 = Debug|x64
		{F9F268C0-B4CB-4B80-B857-C75C7555E09B}.Debug|PC Vulkan.ActiveCfg = Debug|x64
		{F9F268C0-B4CB-4B80-B857-C75C7555E09B}.Debug|PC Vulkan.Build.0 = Debug|x64
		{F9F268C0-B4CB-4B80-B857-C75C7555E09B}.Release|PC DirectX12.ActiveCfg = Release|x64
		{F9F268C0-B4CB-4B80-B857-C75C7555E09B}.Release|PC DirectX12.Build.0 = Release|x64
		{F9F268C0-B4CB-4B80-B857-C75C7555E09B}.Release|PC Vulkan.ActiveCfg = Release|x64
		{F9F268C0-B4CB-4B80-B857-C75C7555E09B}.Release|PC Vulkan.Build.0 = Release|x64
	EndGlobalSection
	GlobalSection(SolutionProperties) = preSolution
		HideSolutionNode = FALSE
	EndGlobalSection
	GlobalSection(NestedProjects) = preSolution
		{3A24AFD2-079B-45FC-8488-70058ACACD89} = {AE20161D-322E-4F0C-AC90-8EBDF6B42882}
		{F9214EBF-2727-4CEE-A759-F8154BD904EC} = {3A24AFD2-079B-45FC-8488-70058ACACD89}
		{06052575-08B6-41A6-9E38-E1171229FF9C} = {3A24AFD2-079B-45FC-8488-70058ACACD89}
		{73E04AC7-00AE-48F3-8650-73DE5C3A9661} = {3A24AFD2-079B-45FC-8488-70058ACACD89}
		{34ABDEEE-1180-4BD9-9FCC-16C174A96FE8} = {3A24AFD2-079B-45FC-8488-70058ACACD89}
		{5523CE0C-0AA1-4E5F-82C7-85D032949B40} = {3A24AFD2-079B-45FC-8488-70058ACACD89}
		{1E58B5A8-C977-4C9E-9705-CB2089DCFF8C} = {3A24AFD2-079B-45FC-8488-70058ACACD89}
		{A78F21EC-5A7B-4D8A-AF8F-6E8D9B36EBCE} = {3A24AFD2-079B-45FC-8488-70058ACACD89}
		{2451B526-F25E-4778-A38E-00BAA0B569A7} = {3A24AFD2-079B-45FC-8488-70058ACACD89}
		{4AD9B61D-1402-4E76-ACBA-5D3B57B9F408} = {3A24AFD2-079B-45FC-8488-70058ACACD89}
		{A6056C5D-D628-4DFE-945D-0938671C5BA8} = {7C17C12C-1875-4215-8A0B-C4FBC50907FE}
	EndGlobalSection
	GlobalSection(ExtensibilityGlobals) = postSolution
		SolutionGuid = {B437215B-B736-4FF0-8DA1-E6B35C780CE1}
	EndGlobalSection
EndGlobal
