
Microsoft Visual Studio Solution File, Format Version 12.00
# Visual Studio 15
VisualStudioVersion = 15.0.28307.1082
MinimumVisualStudioVersion = 10.0.40219.1
Project("{8BC9CEB8-8B4A-11D0-8D11-00A0C91BC942}") = "core", "src\core\core.vcxproj", "{257A93DC-9206-4770-9560-7A22DFF0AC01}"
EndProject
Project("{8BC9CEB8-8B4A-11D0-8D11-00A0C91BC942}") = "engine", "src\engine\engine.vcxproj", "{42797D89-56C0-4B42-846D-DEB042288DCF}"
	ProjectSection(ProjectDependencies) = postProject
		{151CE489-91FC-4A2D-9C64-5431B77238AF} = {151CE489-91FC-4A2D-9C64-5431B77238AF}
		{257A93DC-9206-4770-9560-7A22DFF0AC01} = {257A93DC-9206-4770-9560-7A22DFF0AC01}
	EndProjectSection
EndProject
Project("{2150E333-8FDC-42A3-9474-1A3956D46DE8}") = "graphics", "graphics", "{A4E86800-986B-4443-83CF-FC8A5190D8F8}"
EndProject
Project("{8BC9CEB8-8B4A-11D0-8D11-00A0C91BC942}") = "renderer", "src\graphics\renderer\renderer.vcxproj", "{151CE489-91FC-4A2D-9C64-5431B77238AF}"
	ProjectSection(ProjectDependencies) = postProject
		{51C074CB-0146-4324-9D1E-EB8192BF6673} = {51C074CB-0146-4324-9D1E-EB8192BF6673}
	EndProjectSection
EndProject
Project("{8BC9CEB8-8B4A-11D0-8D11-00A0C91BC942}") = "driver", "src\graphics\driver\driver.vcxproj", "{51C074CB-0146-4324-9D1E-EB8192BF6673}"
	ProjectSection(ProjectDependencies) = postProject
		{257A93DC-9206-4770-9560-7A22DFF0AC01} = {257A93DC-9206-4770-9560-7A22DFF0AC01}
	EndProjectSection
EndProject
Project("{2150E333-8FDC-42A3-9474-1A3956D46DE8}") = "data", "data", "{AE20161D-322E-4F0C-AC90-8EBDF6B42882}"
EndProject
Project("{2150E333-8FDC-42A3-9474-1A3956D46DE8}") = "shaders", "shaders", "{3A24AFD2-079B-45FC-8488-70058ACACD89}"
EndProject
Project("{2150E333-8FDC-42A3-9474-1A3956D46DE8}") = "driver", "driver", "{F9214EBF-2727-4CEE-A759-F8154BD904EC}"
	ProjectSection(SolutionItems) = preProject
		data\Shaders\driver\driver.hlsl = data\Shaders\driver\driver.hlsl
		data\Shaders\driver\driver.hlsl.h = data\Shaders\driver\driver.hlsl.h
		data\Shaders\driver\driver.hlsli = data\Shaders\driver\driver.hlsli
	EndProjectSection
EndProject
Project("{2150E333-8FDC-42A3-9474-1A3956D46DE8}") = "background", "background", "{06052575-08B6-41A6-9E38-E1171229FF9C}"
	ProjectSection(SolutionItems) = preProject
		data\Shaders\background\background.hlsl = data\Shaders\background\background.hlsl
		data\Shaders\background\background.hlsl.h = data\Shaders\background\background.hlsl.h
		data\Shaders\background\background.hlsli = data\Shaders\background\background.hlsli
	EndProjectSection
EndProject
Project("{2150E333-8FDC-42A3-9474-1A3956D46DE8}") = "system", "system", "{4506A0AF-27FD-468A-85BB-444584048396}"
	ProjectSection(SolutionItems) = preProject
		data\Shaders\system\bindless.hlsli = data\Shaders\system\bindless.hlsli
		data\Shaders\system\bindless.hlsli.h = data\Shaders\system\bindless.hlsli.h
		data\Shaders\system\constants.hlsli = data\Shaders\system\constants.hlsli
		data\Shaders\system\quad.hlsli = data\Shaders\system\quad.hlsli
		data\Shaders\system\samplers.hlsli = data\Shaders\system\samplers.hlsli
		data\Shaders\system\semantics.hlsli = data\Shaders\system\semantics.hlsli
		data\Shaders\system\vertex.hlsl.h = data\Shaders\system\vertex.hlsl.h
		data\Shaders\system\vertex.hlsli = data\Shaders\system\vertex.hlsli
	EndProjectSection
EndProject
Project("{2150E333-8FDC-42A3-9474-1A3956D46DE8}") = "projects", "projects", "{066BBCB0-5A50-4A72-AE31-9C697192ED46}"
EndProject
Project("{2150E333-8FDC-42A3-9474-1A3956D46DE8}") = "default", "default", "{73E04AC7-00AE-48F3-8650-73DE5C3A9661}"
	ProjectSection(SolutionItems) = preProject
		data\Shaders\default\default.hlsl = data\Shaders\default\default.hlsl
		data\Shaders\default\default.hlsl.h = data\Shaders\default\default.hlsl.h
		data\Shaders\default\default.hlsli = data\Shaders\default\default.hlsli
	EndProjectSection
EndProject
Project("{8BC9CEB8-8B4A-11D0-8D11-00A0C91BC942}") = "supervimontbrawl", "projects\supervimontbrawl\src\SuperVimontBrawl.vcxproj", "{F31ACA84-29B9-4517-80E5-3D625A8AC34B}"
	ProjectSection(ProjectDependencies) = postProject
		{257A93DC-9206-4770-9560-7A22DFF0AC01} = {257A93DC-9206-4770-9560-7A22DFF0AC01}
	EndProjectSection
EndProject
Project("{8BC9CEB8-8B4A-11D0-8D11-00A0C91BC942}") = "application", "src\application\application.vcxproj", "{1D9F3C91-FD72-4EE4-AF87-B8737AACB65C}"
	ProjectSection(ProjectDependencies) = postProject
		{F31ACA84-29B9-4517-80E5-3D625A8AC34B} = {F31ACA84-29B9-4517-80E5-3D625A8AC34B}
		{42797D89-56C0-4B42-846D-DEB042288DCF} = {42797D89-56C0-4B42-846D-DEB042288DCF}
		{151CE489-91FC-4A2D-9C64-5431B77238AF} = {151CE489-91FC-4A2D-9C64-5431B77238AF}
		{51C074CB-0146-4324-9D1E-EB8192BF6673} = {51C074CB-0146-4324-9D1E-EB8192BF6673}
		{257A93DC-9206-4770-9560-7A22DFF0AC01} = {257A93DC-9206-4770-9560-7A22DFF0AC01}
	EndProjectSection
EndProject
Project("{2150E333-8FDC-42A3-9474-1A3956D46DE8}") = "Solution Items", "Solution Items", "{298A7163-51B4-4450-B9A6-14186AA35016}"
EndProject
Global
	GlobalSection(SolutionConfigurationPlatforms) = preSolution
		Debug|PC DX12 = Debug|PC DX12
		Debug|PC Vulkan = Debug|PC Vulkan
		Release|PC DX12 = Release|PC DX12
		Release|PC Vulkan = Release|PC Vulkan
	EndGlobalSection
	GlobalSection(ProjectConfigurationPlatforms) = postSolution
		{257A93DC-9206-4770-9560-7A22DFF0AC01}.Debug|PC DX12.ActiveCfg = Debug|x64
		{257A93DC-9206-4770-9560-7A22DFF0AC01}.Debug|PC DX12.Build.0 = Debug|x64
		{257A93DC-9206-4770-9560-7A22DFF0AC01}.Debug|PC Vulkan.ActiveCfg = Debug|x64
		{257A93DC-9206-4770-9560-7A22DFF0AC01}.Debug|PC Vulkan.Build.0 = Debug|x64
		{257A93DC-9206-4770-9560-7A22DFF0AC01}.Release|PC DX12.ActiveCfg = Release|x64
		{257A93DC-9206-4770-9560-7A22DFF0AC01}.Release|PC DX12.Build.0 = Release|x64
		{257A93DC-9206-4770-9560-7A22DFF0AC01}.Release|PC Vulkan.ActiveCfg = Release|x64
		{257A93DC-9206-4770-9560-7A22DFF0AC01}.Release|PC Vulkan.Build.0 = Release|x64
		{42797D89-56C0-4B42-846D-DEB042288DCF}.Debug|PC DX12.ActiveCfg = Debug|x64
		{42797D89-56C0-4B42-846D-DEB042288DCF}.Debug|PC DX12.Build.0 = Debug|x64
		{42797D89-56C0-4B42-846D-DEB042288DCF}.Debug|PC Vulkan.ActiveCfg = Debug|x64
		{42797D89-56C0-4B42-846D-DEB042288DCF}.Debug|PC Vulkan.Build.0 = Debug|x64
		{42797D89-56C0-4B42-846D-DEB042288DCF}.Release|PC DX12.ActiveCfg = Release|x64
		{42797D89-56C0-4B42-846D-DEB042288DCF}.Release|PC DX12.Build.0 = Release|x64
		{42797D89-56C0-4B42-846D-DEB042288DCF}.Release|PC Vulkan.ActiveCfg = Release|x64
		{42797D89-56C0-4B42-846D-DEB042288DCF}.Release|PC Vulkan.Build.0 = Release|x64
		{151CE489-91FC-4A2D-9C64-5431B77238AF}.Debug|PC DX12.ActiveCfg = Debug_DX12|x64
		{151CE489-91FC-4A2D-9C64-5431B77238AF}.Debug|PC DX12.Build.0 = Debug_DX12|x64
		{151CE489-91FC-4A2D-9C64-5431B77238AF}.Debug|PC Vulkan.ActiveCfg = Debug_Vulkan|x64
		{151CE489-91FC-4A2D-9C64-5431B77238AF}.Debug|PC Vulkan.Build.0 = Debug_Vulkan|x64
		{151CE489-91FC-4A2D-9C64-5431B77238AF}.Release|PC DX12.ActiveCfg = Release_DX12|x64
		{151CE489-91FC-4A2D-9C64-5431B77238AF}.Release|PC DX12.Build.0 = Release_DX12|x64
		{151CE489-91FC-4A2D-9C64-5431B77238AF}.Release|PC Vulkan.ActiveCfg = Release_Vulkan|x64
		{151CE489-91FC-4A2D-9C64-5431B77238AF}.Release|PC Vulkan.Build.0 = Release_Vulkan|x64
		{51C074CB-0146-4324-9D1E-EB8192BF6673}.Debug|PC DX12.ActiveCfg = Debug_DX12|x64
		{51C074CB-0146-4324-9D1E-EB8192BF6673}.Debug|PC DX12.Build.0 = Debug_DX12|x64
		{51C074CB-0146-4324-9D1E-EB8192BF6673}.Debug|PC Vulkan.ActiveCfg = Debug_Vulkan|x64
		{51C074CB-0146-4324-9D1E-EB8192BF6673}.Debug|PC Vulkan.Build.0 = Debug_Vulkan|x64
		{51C074CB-0146-4324-9D1E-EB8192BF6673}.Release|PC DX12.ActiveCfg = Release_DX12|x64
		{51C074CB-0146-4324-9D1E-EB8192BF6673}.Release|PC DX12.Build.0 = Release_DX12|x64
		{51C074CB-0146-4324-9D1E-EB8192BF6673}.Release|PC Vulkan.ActiveCfg = Release_Vulkan|x64
		{51C074CB-0146-4324-9D1E-EB8192BF6673}.Release|PC Vulkan.Build.0 = Release_Vulkan|x64
		{F31ACA84-29B9-4517-80E5-3D625A8AC34B}.Debug|PC DX12.ActiveCfg = Debug|x64
		{F31ACA84-29B9-4517-80E5-3D625A8AC34B}.Debug|PC DX12.Build.0 = Debug|x64
		{F31ACA84-29B9-4517-80E5-3D625A8AC34B}.Debug|PC Vulkan.ActiveCfg = Debug|x64
		{F31ACA84-29B9-4517-80E5-3D625A8AC34B}.Debug|PC Vulkan.Build.0 = Debug|x64
		{F31ACA84-29B9-4517-80E5-3D625A8AC34B}.Release|PC DX12.ActiveCfg = Release|x64
		{F31ACA84-29B9-4517-80E5-3D625A8AC34B}.Release|PC DX12.Build.0 = Release|x64
		{F31ACA84-29B9-4517-80E5-3D625A8AC34B}.Release|PC Vulkan.ActiveCfg = Release|x64
		{F31ACA84-29B9-4517-80E5-3D625A8AC34B}.Release|PC Vulkan.Build.0 = Release|x64
		{1D9F3C91-FD72-4EE4-AF87-B8737AACB65C}.Debug|PC DX12.ActiveCfg = Debug|x64
		{1D9F3C91-FD72-4EE4-AF87-B8737AACB65C}.Debug|PC DX12.Build.0 = Debug|x64
		{1D9F3C91-FD72-4EE4-AF87-B8737AACB65C}.Debug|PC Vulkan.ActiveCfg = Debug|x64
		{1D9F3C91-FD72-4EE4-AF87-B8737AACB65C}.Debug|PC Vulkan.Build.0 = Debug|x64
		{1D9F3C91-FD72-4EE4-AF87-B8737AACB65C}.Release|PC DX12.ActiveCfg = Release|x64
		{1D9F3C91-FD72-4EE4-AF87-B8737AACB65C}.Release|PC DX12.Build.0 = Release|x64
		{1D9F3C91-FD72-4EE4-AF87-B8737AACB65C}.Release|PC Vulkan.ActiveCfg = Release|x64
		{1D9F3C91-FD72-4EE4-AF87-B8737AACB65C}.Release|PC Vulkan.Build.0 = Release|x64
	EndGlobalSection
	GlobalSection(SolutionProperties) = preSolution
		HideSolutionNode = FALSE
	EndGlobalSection
	GlobalSection(NestedProjects) = preSolution
		{151CE489-91FC-4A2D-9C64-5431B77238AF} = {A4E86800-986B-4443-83CF-FC8A5190D8F8}
		{51C074CB-0146-4324-9D1E-EB8192BF6673} = {A4E86800-986B-4443-83CF-FC8A5190D8F8}
		{3A24AFD2-079B-45FC-8488-70058ACACD89} = {AE20161D-322E-4F0C-AC90-8EBDF6B42882}
		{F9214EBF-2727-4CEE-A759-F8154BD904EC} = {3A24AFD2-079B-45FC-8488-70058ACACD89}
		{06052575-08B6-41A6-9E38-E1171229FF9C} = {3A24AFD2-079B-45FC-8488-70058ACACD89}
		{4506A0AF-27FD-468A-85BB-444584048396} = {3A24AFD2-079B-45FC-8488-70058ACACD89}
		{73E04AC7-00AE-48F3-8650-73DE5C3A9661} = {3A24AFD2-079B-45FC-8488-70058ACACD89}
		{F31ACA84-29B9-4517-80E5-3D625A8AC34B} = {066BBCB0-5A50-4A72-AE31-9C697192ED46}
	EndGlobalSection
	GlobalSection(ExtensibilityGlobals) = postSolution
		SolutionGuid = {B437215B-B736-4FF0-8DA1-E6B35C780CE1}
	EndGlobalSection
EndGlobal
