<?xml version="1.0" encoding="utf-8"?>
<Project ToolsVersion="4.0" xmlns="http://schemas.microsoft.com/developer/msbuild/2003">
  <ItemGroup>
    <Filter Include="Entity">
      <UniqueIdentifier>{356de170-2925-4a63-a84a-8f1c72bab929}</UniqueIdentifier>
    </Filter>
    <Filter Include="Component">
      <UniqueIdentifier>{2e7c1043-a157-4d3d-80e4-e55080328482}</UniqueIdentifier>
    </Filter>
    <Filter Include="GameObject">
      <UniqueIdentifier>{4313e512-a98e-45f1-89e2-931d2abad560}</UniqueIdentifier>
    </Filter>
    <Filter Include="GameObject\Player">
      <UniqueIdentifier>{66425b0b-525a-47ce-bdb5-81e3956d9515}</UniqueIdentifier>
    </Filter>
  </ItemGroup>
  <ItemGroup>
    <ClCompile Include="Precomp.cpp" />
    <ClCompile Include="SuperVimontBrawl.cpp" />
    <ClCompile Include="GameObject\Player\Player.cpp">
      <Filter>GameObject\Player</Filter>
    </ClCompile>
  </ItemGroup>
  <ItemGroup>
    <ClInclude Include="Precomp.h" />
    <ClInclude Include="SuperVimontBrawl.h" />
    <ClInclude Include="GameObject\Player\Player.h">
      <Filter>GameObject\Player</Filter>
    </ClInclude>
  </ItemGroup>
  <ItemGroup>
    <None Include="SuperVimontBrawl.def" />
  </ItemGroup>
</Project>