<?xml version="1.0" encoding="utf-8"?>
<Project ToolsVersion="4.0" xmlns="http://schemas.microsoft.com/developer/msbuild/2003">
  <ItemGroup>
    <ClCompile Include="Precomp.cpp" />
    <ClCompile Include="Physics.cpp" />
    <ClCompile Include="JobSystem\JobSystemAdapter.cpp">
      <Filter>JobSystem</Filter>
    </ClCompile>
    <ClCompile Include="BroadPhase\BroadPhase.cpp">
      <Filter>BroadPhase</Filter>
    </ClCompile>
    <ClCompile Include="Shape\Shape.cpp">
      <Filter>Shape</Filter>
    </ClCompile>
    <ClCompile Include="Body\Body.cpp">
      <Filter>Body</Filter>
    </ClCompile>
    <ClCompile Include="Options\PhysicsOptions.cpp">
      <Filter>Options</Filter>
    </ClCompile>
    <ClCompile Include="Character\Character.cpp">
      <Filter>Character</Filter>
    </ClCompile>
    <ClCompile Include="Contact\ContactListener.cpp">
      <Filter>Contact</Filter>
    </ClCompile>
  </ItemGroup>
  <ItemGroup>
    <None Include="Physics.def" />
    <None Include="Physics.inl" />
  </ItemGroup>
  <ItemGroup>
    <ClInclude Include="Precomp.h" />
    <ClInclude Include="IPhysics.h" />
    <ClInclude Include="Physics.h" />
    <ClInclude Include="Physics_Consts.h" />
    <ClInclude Include="JobSystem\JobSystemAdapter.h">
      <Filter>JobSystem</Filter>
    </ClInclude>
    <ClInclude Include="JobSystem\PhysicsJob.h">
      <Filter>JobSystem</Filter>
    </ClInclude>
    <ClInclude Include="JobSystem\PhysicsJobs.hpp">
      <Filter>JobSystem</Filter>
    </ClInclude>
    <ClInclude Include="BroadPhase\BroadPhaseLayer.h">
      <Filter>BroadPhase</Filter>
    </ClInclude>
    <ClInclude Include="BroadPhase\BroadPhaseLayer.hpp">
      <Filter>BroadPhase</Filter>
    </ClInclude>
    <ClInclude Include="BroadPhase\ObjectFilter.h">
      <Filter>BroadPhase</Filter>
    </ClInclude>
    <ClInclude Include="BroadPhase\ObjectFilter.hpp">
      <Filter>BroadPhase</Filter>
    </ClInclude>
    <ClInclude Include="BroadPhase\BroadPhaseFilter.hpp">
      <Filter>BroadPhase</Filter>
    </ClInclude>
    <ClInclude Include="BroadPhase\BroadPhaseFilter.h">
      <Filter>BroadPhase</Filter>
    </ClInclude>
    <ClInclude Include="IShape.h" />
    <ClInclude Include="IBody.h" />
    <ClInclude Include="Shape\Shape.h">
      <Filter>Shape</Filter>
    </ClInclude>
    <ClInclude Include="Body\Body.h">
      <Filter>Body</Filter>
    </ClInclude>
    <ClInclude Include="Helper.h" />
    <ClInclude Include="Body\BodyDesc.h">
      <Filter>Body</Filter>
    </ClInclude>
    <ClInclude Include="Body\BodyDesc.hpp">
      <Filter>Body</Filter>
    </ClInclude>
    <ClInclude Include="IPhysicsOptions.h" />
    <ClInclude Include="Options\PhysicsOptions.h">
      <Filter>Options</Filter>
    </ClInclude>
    <ClInclude Include="Shape\SphereShape.h">
      <Filter>Shape</Filter>
    </ClInclude>
    <ClInclude Include="Shape\SphereShape.hpp">
      <Filter>Shape</Filter>
    </ClInclude>
    <ClInclude Include="Shape\BoxShape.h">
      <Filter>Shape</Filter>
    </ClInclude>
    <ClInclude Include="Shape\BoxShape.hpp">
      <Filter>Shape</Filter>
    </ClInclude>
    <ClInclude Include="Shape\CapsuleShape.h">
      <Filter>Shape</Filter>
    </ClInclude>
    <ClInclude Include="Shape\CapsuleShape.hpp">
      <Filter>Shape</Filter>
    </ClInclude>
    <ClInclude Include="ICharacter.h" />
    <ClInclude Include="Character\Character.h">
      <Filter>Character</Filter>
    </ClInclude>
    <ClInclude Include="Character\CharacterDesc.h">
      <Filter>Character</Filter>
    </ClInclude>
    <ClInclude Include="Character\CharacterDesc.hpp">
      <Filter>Character</Filter>
    </ClInclude>
    <ClInclude Include="PhysicsWorld.h" />
    <ClInclude Include="PhysicsWorld.hpp" />
    <ClInclude Include="Contact\ContactListener.h">
      <Filter>Contact</Filter>
    </ClInclude>
  </ItemGroup>
  <ItemGroup>
    <Filter Include="JobSystem">
      <UniqueIdentifier>{ef6e100a-a1b2-48aa-8462-086027f8888c}</UniqueIdentifier>
    </Filter>
    <Filter Include="BroadPhase">
      <UniqueIdentifier>{e1f686fb-5e51-466c-8664-22bc0859485c}</UniqueIdentifier>
    </Filter>
    <Filter Include="Shape">
      <UniqueIdentifier>{9fcc69c5-5ddd-47b9-bfff-e00d75b3b412}</UniqueIdentifier>
    </Filter>
    <Filter Include="Body">
      <UniqueIdentifier>{1ce36a34-abb5-4596-979f-a955cc072a42}</UniqueIdentifier>
    </Filter>
    <Filter Include="Options">
      <UniqueIdentifier>{d5fef440-ae77-4d6c-86bc-94704fbfa40c}</UniqueIdentifier>
    </Filter>
    <Filter Include="Character">
      <UniqueIdentifier>{356ba3bb-8356-4aa2-985c-5749801e959b}</UniqueIdentifier>
    </Filter>
    <Filter Include="Contact">
      <UniqueIdentifier>{0e71a81a-ebd5-4857-9c3c-b2cfa940aa26}</UniqueIdentifier>
    </Filter>
  </ItemGroup>
</Project>