<?xml version="1.0" encoding="utf-8"?>
<Project ToolsVersion="4.0" xmlns="http://schemas.microsoft.com/developer/msbuild/2003">
  <ItemGroup>
    <ClCompile Include="Precomp.cpp" />
    <ClCompile Include="Renderer.cpp" />
    <ClCompile Include="Pass\Pass.cpp">
      <Filter>Pass</Filter>
    </ClCompile>
    <ClCompile Include="Imgui\imguiAdapter.cpp">
      <Filter>Imgui</Filter>
    </ClCompile>
    <ClCompile Include="View\View.cpp">
      <Filter>View</Filter>
    </ClCompile>
    <ClCompile Include="Geometry\Geometry.cpp">
      <Filter>Geometry</Filter>
    </ClCompile>
    <ClCompile Include="Importer\FBX\FBXImporter.cpp">
      <Filter>Importer\FBX</Filter>
    </ClCompile>
    <ClCompile Include="Model\Mesh\MeshModel.cpp">
      <Filter>Model\Mesh</Filter>
    </ClCompile>
    <ClCompile Include="Options\Options.cpp">
      <Filter>Options</Filter>
    </ClCompile>
    <ClCompile Include="Pass\ImguiPass.cpp">
      <Filter>Pass</Filter>
    </ClCompile>
    <ClCompile Include="Instance\Mesh\MeshInstance.cpp">
      <Filter>Instance\Mesh</Filter>
    </ClCompile>
    <ClCompile Include="Model\Material\MaterialModel.cpp">
      <Filter>Model\Material</Filter>
    </ClCompile>
  </ItemGroup>
  <ItemGroup>
    <None Include="Renderer.def" />
    <None Include="View\View.inl">
      <Filter>View</Filter>
    </None>
  </ItemGroup>
  <ItemGroup>
    <ClInclude Include="Precomp.h" />
    <ClInclude Include="Renderer.h" />
    <ClInclude Include="IRenderer.h" />
    <ClInclude Include="Renderer_consts.h" />
    <ClInclude Include="Pass\ImguiPass.h">
      <Filter>Pass</Filter>
    </ClInclude>
    <ClInclude Include="Imgui\imguiAdapter.h">
      <Filter>Imgui</Filter>
    </ClInclude>
    <ClInclude Include="Pass\PostProcessPass.h">
      <Filter>Pass</Filter>
    </ClInclude>
    <ClInclude Include="Pass\PostProcessPass.hpp">
      <Filter>Pass</Filter>
    </ClInclude>
    <ClInclude Include="Pass\BackgroundPass.h">
      <Filter>Pass</Filter>
    </ClInclude>
    <ClInclude Include="Pass\BackgroundPass.hpp">
      <Filter>Pass</Filter>
    </ClInclude>
    <ClInclude Include="Pass\TestPass2D.hpp">
      <Filter>Pass</Filter>
    </ClInclude>
    <ClInclude Include="Pass\TestPass2D.h">
      <Filter>Pass</Filter>
    </ClInclude>
    <ClInclude Include="Pass\TestPass3D.h">
      <Filter>Pass</Filter>
    </ClInclude>
    <ClInclude Include="Pass\TestPass3D.hpp">
      <Filter>Pass</Filter>
    </ClInclude>
    <ClInclude Include="View\View.h">
      <Filter>View</Filter>
    </ClInclude>
    <ClInclude Include="IView.h" />
    <ClInclude Include="Geometry\Geometry.h">
      <Filter>Geometry</Filter>
    </ClInclude>
    <ClInclude Include="Importer\FBX\FBXImporter.h">
      <Filter>Importer\FBX</Filter>
    </ClInclude>
    <ClInclude Include="Geometry\Mesh\MeshGeometry.h">
      <Filter>Geometry\Mesh</Filter>
    </ClInclude>
    <ClInclude Include="Geometry\Mesh\MeshGeometry.hpp">
      <Filter>Geometry\Mesh</Filter>
    </ClInclude>
    <ClInclude Include="Model\Mesh\MeshModel.h">
      <Filter>Model\Mesh</Filter>
    </ClInclude>
    <ClInclude Include="IMeshModel.h" />
    <ClInclude Include="IMeshInstance.h" />
    <ClInclude Include="Importer\SceneImporterData.h">
      <Filter>Importer</Filter>
    </ClInclude>
    <ClInclude Include="Options\DisplayOptions.h">
      <Filter>Options</Filter>
    </ClInclude>
    <ClInclude Include="Options\DisplayOptions.hpp">
      <Filter>Options</Filter>
    </ClInclude>
    <ClInclude Include="Options\Options.h">
      <Filter>Options</Filter>
    </ClInclude>
    <ClInclude Include="Instance\Mesh\MeshInstance.h">
      <Filter>Instance\Mesh</Filter>
    </ClInclude>
    <ClInclude Include="IGraphicInstance.h" />
    <ClInclude Include="IGraphicModel.h" />
    <ClInclude Include="IImmediateGUI.h" />
    <ClInclude Include="Geometry\Batch.h">
      <Filter>Geometry</Filter>
    </ClInclude>
    <ClInclude Include="Geometry\Batch.hpp">
      <Filter>Geometry</Filter>
    </ClInclude>
    <ClInclude Include="Model\Material\MaterialModel.h">
      <Filter>Model\Material</Filter>
    </ClInclude>
    <ClInclude Include="Model\Material\DefaultMaterial\DefaultMaterialModel.h">
      <Filter>Model\Material\DefaultMaterial</Filter>
    </ClInclude>
    <ClInclude Include="Model\Material\DefaultMaterial\DefaultMaterialModel.hpp">
      <Filter>Model\Material\DefaultMaterial</Filter>
    </ClInclude>
    <ClInclude Include="IMaterialModel.h" />
    <ClInclude Include="Model\Material\MaterialTextureType.h">
      <Filter>Model\Material</Filter>
    </ClInclude>
  </ItemGroup>
  <ItemGroup>
    <Filter Include="Pass">
      <UniqueIdentifier>{922ccb7e-6e89-4930-a933-c1e2f5dfab1a}</UniqueIdentifier>
    </Filter>
    <Filter Include="Imgui">
      <UniqueIdentifier>{b758ae7b-2873-4568-b6ba-f712c2fcf620}</UniqueIdentifier>
    </Filter>
    <Filter Include="View">
      <UniqueIdentifier>{1c2b648a-bdff-4441-8594-a8e7bdc14994}</UniqueIdentifier>
    </Filter>
    <Filter Include="Entity">
      <UniqueIdentifier>{d51c33b1-f56b-441e-af2d-c0d132eb331b}</UniqueIdentifier>
    </Filter>
    <Filter Include="Component">
      <UniqueIdentifier>{43d704ee-f697-448d-9531-b792ec4c07fa}</UniqueIdentifier>
    </Filter>
    <Filter Include="Geometry">
      <UniqueIdentifier>{2a67905f-716e-4686-adce-696ea6fe64ed}</UniqueIdentifier>
    </Filter>
    <Filter Include="Geometry\Mesh">
      <UniqueIdentifier>{fcc6c71a-8403-42a5-9fd4-ff15e76e34e0}</UniqueIdentifier>
    </Filter>
    <Filter Include="Importer">
      <UniqueIdentifier>{f501bfeb-382f-480d-a463-227f43b86ecd}</UniqueIdentifier>
    </Filter>
    <Filter Include="Importer\FBX">
      <UniqueIdentifier>{5c1945a6-c70c-497f-82cf-6367b05e00a3}</UniqueIdentifier>
    </Filter>
    <Filter Include="Model">
      <UniqueIdentifier>{c152ceec-f0c2-44cf-a151-c0174f003bf9}</UniqueIdentifier>
    </Filter>
    <Filter Include="Instance">
      <UniqueIdentifier>{92dfcb89-3b88-45c8-8e2e-538d0c0b0c61}</UniqueIdentifier>
    </Filter>
    <Filter Include="Model\Mesh">
      <UniqueIdentifier>{eed6b9bd-ce44-472b-b4fc-b64352cb8f67}</UniqueIdentifier>
    </Filter>
    <Filter Include="Options">
      <UniqueIdentifier>{a9aacbb9-0638-47b2-b318-6e3c81aef432}</UniqueIdentifier>
    </Filter>
    <Filter Include="Instance\Mesh">
      <UniqueIdentifier>{4ec779bc-84b6-4bc8-8cec-4c16ef4653d6}</UniqueIdentifier>
    </Filter>
    <Filter Include="Model\Material">
      <UniqueIdentifier>{dd3031f0-9d4f-464a-945f-3a54926ffef4}</UniqueIdentifier>
    </Filter>
    <Filter Include="Model\Material\DefaultMaterial">
      <UniqueIdentifier>{4f3e414b-d52f-4193-8058-e19c75f3ef01}</UniqueIdentifier>
    </Filter>
  </ItemGroup>
</Project>