<?xml version="1.0" encoding="utf-8"?>
<Project ToolsVersion="4.0" xmlns="http://schemas.microsoft.com/developer/msbuild/2003">
  <ItemGroup>
    <ClCompile Include="Precomp.cpp" />
    <ClCompile Include="Renderer.cpp" />
    <ClCompile Include="Pass\Pass.cpp">
      <Filter>Pass</Filter>
    </ClCompile>
    <ClCompile Include="Imgui\imguiAdapter.cpp">
      <Filter>Imgui</Filter>
    </ClCompile>
  </ItemGroup>
  <ItemGroup>
    <None Include="Renderer.def" />
  </ItemGroup>
  <ItemGroup>
    <ClInclude Include="Precomp.h" />
    <ClInclude Include="Renderer.h" />
    <ClInclude Include="IRenderer.h" />
    <ClInclude Include="Renderer_consts.h" />
    <ClInclude Include="Pass\TestPass.h">
      <Filter>Pass</Filter>
    </ClInclude>
    <ClInclude Include="Pass\TestPass.hpp">
      <Filter>Pass</Filter>
    </ClInclude>
    <ClInclude Include="Pass\ImguiPass.h">
      <Filter>Pass</Filter>
    </ClInclude>
    <ClInclude Include="Pass\ImguiPass.hpp">
      <Filter>Pass</Filter>
    </ClInclude>
    <ClInclude Include="Imgui\imguiAdapter.h">
      <Filter>Imgui</Filter>
    </ClInclude>
    <ClInclude Include="Pass\PostProcessPass.h">
      <Filter>Pass</Filter>
    </ClInclude>
    <ClInclude Include="Pass\PostProcessPass.hpp">
      <Filter>Pass</Filter>
    </ClInclude>
  </ItemGroup>
  <ItemGroup>
    <Filter Include="Pass">
      <UniqueIdentifier>{922ccb7e-6e89-4930-a933-c1e2f5dfab1a}</UniqueIdentifier>
    </Filter>
    <Filter Include="Imgui">
      <UniqueIdentifier>{b758ae7b-2873-4568-b6ba-f712c2fcf620}</UniqueIdentifier>
    </Filter>
  </ItemGroup>
</Project>