<?xml version="1.0" encoding="utf-8"?>
<Project ToolsVersion="4.0" xmlns="http://schemas.microsoft.com/developer/msbuild/2003">
  <ItemGroup>
    <ClCompile Include="Precomp.cpp" />
    <ClCompile Include="Math\Math_tests.cpp">
      <Filter>Math</Filter>
    </ClCompile>
  </ItemGroup>
  <ItemGroup>
    <ClInclude Include="Precomp.h" />
  </ItemGroup>
  <ItemGroup>
    <Filter Include="Math">
      <UniqueIdentifier>{f731b713-d6a8-477d-ad76-e18203b66fef}</UniqueIdentifier>
    </Filter>
  </ItemGroup>
</Project>