<?xml version="1.0" encoding="utf-8"?>
<Project ToolsVersion="4.0" xmlns="http://schemas.microsoft.com/developer/msbuild/2003">
  <ItemGroup>
    <ClCompile Include="Engine.cpp" />
    <ClCompile Include="Precomp.cpp" />
    <ClCompile Include="Input\Input.cpp">
      <Filter>Input</Filter>
    </ClCompile>
    <ClCompile Include="Component\Camera\CameraComponent.cpp">
      <Filter>Component\Camera</Filter>
    </ClCompile>
    <ClCompile Include="Entity\FreeCam\FreeCamEntity.cpp">
      <Filter>Entity\FreeCam</Filter>
    </ClCompile>
    <ClCompile Include="Component\Mesh\MeshComponent.cpp">
      <Filter>Component\Mesh</Filter>
    </ClCompile>
    <ClCompile Include="Resource\Resource.cpp">
      <Filter>Resource</Filter>
    </ClCompile>
  </ItemGroup>
  <ItemGroup>
    <None Include="Engine.def" />
  </ItemGroup>
  <ItemGroup>
    <ClInclude Include="IEngine.h" />
    <ClInclude Include="Engine.h" />
    <ClInclude Include="Precomp.h" />
    <ClInclude Include="Engine_Consts.h" />
    <ClInclude Include="Input\Input.h">
      <Filter>Input</Filter>
    </ClInclude>
    <ClInclude Include="Input\win32\Input_win32.h">
      <Filter>Input\win32</Filter>
    </ClInclude>
    <ClInclude Include="Input\win32\Input_win32.hpp">
      <Filter>Input\win32</Filter>
    </ClInclude>
    <ClInclude Include="Component\Camera\CameraComponent.h">
      <Filter>Component\Camera</Filter>
    </ClInclude>
    <ClInclude Include="Entity\FreeCam\FreeCamEntity.h">
      <Filter>Entity\FreeCam</Filter>
    </ClInclude>
    <ClInclude Include="Component\Mesh\MeshComponent.h">
      <Filter>Component\Mesh</Filter>
    </ClInclude>
    <ClInclude Include="Resource\Mesh\MeshResource.h">
      <Filter>Resource\Mesh</Filter>
    </ClInclude>
    <ClInclude Include="Resource\ResourceManager.h">
      <Filter>Resource</Filter>
    </ClInclude>
    <ClInclude Include="Resource\Texture\TextureResource.h">
      <Filter>Resource\Texture</Filter>
    </ClInclude>
    <ClInclude Include="Resource\Texture\TextureResource.hpp">
      <Filter>Resource\Texture</Filter>
    </ClInclude>
    <ClInclude Include="Resource\Mesh\MeshResource.hpp">
      <Filter>Resource\Mesh</Filter>
    </ClInclude>
    <ClInclude Include="Resource\ResourceManager.hpp">
      <Filter>Resource</Filter>
    </ClInclude>
    <ClInclude Include="IResourceManager.h" />
    <ClInclude Include="Resource\Material\MaterialResource.h">
      <Filter>Resource\Material</Filter>
    </ClInclude>
    <ClInclude Include="Resource\Material\MaterialResource.hpp">
      <Filter>Resource\Material</Filter>
    </ClInclude>
  </ItemGroup>
  <ItemGroup>
    <Filter Include="Input">
      <UniqueIdentifier>{9f34c62f-2350-43f2-a998-3cbe6d25efd7}</UniqueIdentifier>
    </Filter>
    <Filter Include="Input\win32">
      <UniqueIdentifier>{ce06f9ee-dbe5-471f-be72-5092a2250821}</UniqueIdentifier>
    </Filter>
    <Filter Include="Entity">
      <UniqueIdentifier>{48829d99-e089-4750-b094-87037cf1b691}</UniqueIdentifier>
    </Filter>
    <Filter Include="Component">
      <UniqueIdentifier>{cfb932dd-c48c-4dc0-a1a1-f8b7ed9339c6}</UniqueIdentifier>
    </Filter>
    <Filter Include="Component\Camera">
      <UniqueIdentifier>{e278ff4d-998c-4fd3-b0a0-1a76bb235bbb}</UniqueIdentifier>
    </Filter>
    <Filter Include="Entity\FreeCam">
      <UniqueIdentifier>{76d71ff3-fad5-4533-8fff-6141a76e7e9e}</UniqueIdentifier>
    </Filter>
    <Filter Include="Component\Mesh">
      <UniqueIdentifier>{62eccf10-4599-4639-a274-4bb08aef8451}</UniqueIdentifier>
    </Filter>
    <Filter Include="Resource">
      <UniqueIdentifier>{08d79f92-a65c-452e-9a79-f7b3f29334d1}</UniqueIdentifier>
    </Filter>
    <Filter Include="Resource\Mesh">
      <UniqueIdentifier>{18a600a9-df3c-4aa2-9755-80cc55dd828c}</UniqueIdentifier>
    </Filter>
    <Filter Include="Resource\Texture">
      <UniqueIdentifier>{14b88f1a-2447-430d-a2f0-87dbf2a85080}</UniqueIdentifier>
    </Filter>
    <Filter Include="Resource\Material">
      <UniqueIdentifier>{63aec5b5-6a52-4af4-8ebb-c0f5baf4c70d}</UniqueIdentifier>
    </Filter>
  </ItemGroup>
</Project>