<?xml version="1.0" encoding="utf-8"?>
<Project ToolsVersion="4.0" xmlns="http://schemas.microsoft.com/developer/msbuild/2003">
  <ItemGroup>
    <ClCompile Include="Engine.cpp" />
    <ClCompile Include="Precomp.cpp" />
  </ItemGroup>
  <ItemGroup>
    <None Include="Engine.def" />
  </ItemGroup>
  <ItemGroup>
    <ClInclude Include="IEngine.h" />
    <ClInclude Include="Engine.h" />
    <ClInclude Include="Precomp.h" />
    <ClInclude Include="Engine_Consts.h" />
  </ItemGroup>
  <ItemGroup>
    <Filter Include="Profiler">
      <UniqueIdentifier>{55ab9926-e76a-47ba-9f36-aac52a11db56}</UniqueIdentifier>
    </Filter>
  </ItemGroup>
</Project>