<?xml version="1.0" encoding="utf-8"?>
<Project ToolsVersion="4.0" xmlns="http://schemas.microsoft.com/developer/msbuild/2003">
  <ItemGroup>
    <ClCompile Include="Precomp.cpp" />
    <ClCompile Include="Game.cpp" />
    <ClCompile Include="Behaviour\Goal\GoalBehaviour.cpp">
      <Filter>Behaviour\Goal</Filter>
    </ClCompile>
    <ClCompile Include="Behaviour\Camera\GameCameraManagerBehaviour.cpp">
      <Filter>Behaviour\Camera</Filter>
    </ClCompile>
    <ClCompile Include="Behaviour\HealthBar\HealthBarBehaviour.cpp">
      <Filter>Behaviour\HealthBar</Filter>
    </ClCompile>
    <ClCompile Include="Behaviour\Entity\Item\ItemBehaviour.cpp">
      <Filter>Behaviour\Entity\Item</Filter>
    </ClCompile>
    <ClCompile Include="Behaviour\Entity\Character\CharacterBehaviour.cpp">
      <Filter>Behaviour\Entity\Character</Filter>
    </ClCompile>
    <ClCompile Include="Behaviour\Entity\EntityBehaviour.cpp">
      <Filter>Behaviour\Entity</Filter>
    </ClCompile>
  </ItemGroup>
  <ItemGroup>
    <ClInclude Include="Precomp.h" />
    <ClInclude Include="Game.h" />
    <ClInclude Include="Game_consts.h" />
    <ClInclude Include="Behaviour\Goal\GoalBehaviour.h">
      <Filter>Behaviour\Goal</Filter>
    </ClInclude>
    <ClInclude Include="Behaviour\Camera\GameCameraBehaviour.h">
      <Filter>Behaviour\Camera</Filter>
    </ClInclude>
    <ClInclude Include="Behaviour\Camera\GameCameraManagerBehaviour.h">
      <Filter>Behaviour\Camera</Filter>
    </ClInclude>
    <ClInclude Include="Behaviour\Camera\GameCameraBehaviour.hpp">
      <Filter>Behaviour\Camera</Filter>
    </ClInclude>
    <ClInclude Include="Behaviour\HealthBar\HealthBarBehaviour.h">
      <Filter>Behaviour\HealthBar</Filter>
    </ClInclude>
    <ClInclude Include="Behaviour\Entity\Item\ItemBehaviour.h">
      <Filter>Behaviour\Entity\Item</Filter>
    </ClInclude>
    <ClInclude Include="Behaviour\Entity\Item\Ball\BallBehaviour.h">
      <Filter>Behaviour\Entity\Item\Ball</Filter>
    </ClInclude>
    <ClInclude Include="Behaviour\Entity\Item\Ball\BallBehaviour.hpp">
      <Filter>Behaviour\Entity\Item\Ball</Filter>
    </ClInclude>
    <ClInclude Include="Behaviour\Entity\Item\Chest\ChestBehaviour.h">
      <Filter>Behaviour\Entity\Item\Chest</Filter>
    </ClInclude>
    <ClInclude Include="Behaviour\Entity\Item\Chest\ChestBehaviour.hpp">
      <Filter>Behaviour\Entity\Item\Chest</Filter>
    </ClInclude>
    <ClInclude Include="Behaviour\Entity\Item\Weapon\WeaponBehaviour.h">
      <Filter>Behaviour\Entity\Item\Weapon</Filter>
    </ClInclude>
    <ClInclude Include="Behaviour\Entity\Item\Weapon\WeaponBehaviour.hpp">
      <Filter>Behaviour\Entity\Item\Weapon</Filter>
    </ClInclude>
    <ClInclude Include="Behaviour\Entity\Character\CharacterBehaviour.h">
      <Filter>Behaviour\Entity\Character</Filter>
    </ClInclude>
    <ClInclude Include="Behaviour\Entity\Character\Enemy\EnemyBehaviour.h">
      <Filter>Behaviour\Entity\Character\Enemy</Filter>
    </ClInclude>
    <ClInclude Include="Behaviour\Entity\Character\Enemy\EnemyBehaviour.hpp">
      <Filter>Behaviour\Entity\Character\Enemy</Filter>
    </ClInclude>
    <ClInclude Include="Behaviour\Entity\Character\Player\PlayerBehaviour.h">
      <Filter>Behaviour\Entity\Character\Player</Filter>
    </ClInclude>
    <ClInclude Include="Behaviour\Entity\Character\Player\PlayerBehaviour.hpp">
      <Filter>Behaviour\Entity\Character\Player</Filter>
    </ClInclude>
    <ClInclude Include="Behaviour\Entity\EntityBehaviour.h">
      <Filter>Behaviour\Entity</Filter>
    </ClInclude>
    <ClInclude Include="Behaviour\Entity\EntityBehaviour.inl">
      <Filter>Behaviour\Entity</Filter>
    </ClInclude>
  </ItemGroup>
  <ItemGroup>
    <Filter Include="Behaviour">
      <UniqueIdentifier>{f22a42c3-1de4-4af1-a237-fd64e93380cf}</UniqueIdentifier>
    </Filter>
    <Filter Include="Behaviour\Goal">
      <UniqueIdentifier>{ca4b3ef2-69b6-4062-bac1-08197050ee8d}</UniqueIdentifier>
    </Filter>
    <Filter Include="Behaviour\Camera">
      <UniqueIdentifier>{73afb719-c434-407f-bbb2-9d58c1588663}</UniqueIdentifier>
    </Filter>
    <Filter Include="Behaviour\HealthBar">
      <UniqueIdentifier>{c5aa9b00-32c5-409d-b6d9-89829a238e36}</UniqueIdentifier>
    </Filter>
    <Filter Include="Behaviour\Entity">
      <UniqueIdentifier>{10c04c61-02b2-4fe2-872a-8111525140c2}</UniqueIdentifier>
    </Filter>
    <Filter Include="Behaviour\Entity\Item">
      <UniqueIdentifier>{d80e8448-efee-4a2b-9fe6-a7db076242d2}</UniqueIdentifier>
    </Filter>
    <Filter Include="Behaviour\Entity\Character">
      <UniqueIdentifier>{81023732-48cc-47c6-962f-04aaff1d8690}</UniqueIdentifier>
    </Filter>
    <Filter Include="Behaviour\Entity\Item\Ball">
      <UniqueIdentifier>{686ba2d2-7fde-40ae-8d6c-a42cd88df5bf}</UniqueIdentifier>
    </Filter>
    <Filter Include="Behaviour\Entity\Item\Chest">
      <UniqueIdentifier>{064b00bd-8f38-42d8-8f75-79dc0ac12e52}</UniqueIdentifier>
    </Filter>
    <Filter Include="Behaviour\Entity\Item\Weapon">
      <UniqueIdentifier>{88475c6a-5811-4caa-8d92-397fb61ed96d}</UniqueIdentifier>
    </Filter>
    <Filter Include="Behaviour\Entity\Character\Enemy">
      <UniqueIdentifier>{d00ba3ac-9040-4dab-956e-c19ab7a6137b}</UniqueIdentifier>
    </Filter>
    <Filter Include="Behaviour\Entity\Character\Player">
      <UniqueIdentifier>{1445cc56-936d-4ddd-a7be-191b580b7ad5}</UniqueIdentifier>
    </Filter>
  </ItemGroup>
  <ItemGroup>
    <None Include="Game.def" />
    <None Include="Behaviour\Entity\Item\ItemBehaviour.inl">
      <Filter>Behaviour\Entity\Item</Filter>
    </None>
    <None Include="Behaviour\Entity\Character\CharacterBehaviour.inl">
      <Filter>Behaviour\Entity\Character</Filter>
    </None>
    <None Include="Behaviour\Entity\Character\Player\PlayerBehaviour.inl">
      <Filter>Behaviour\Entity\Character\Player</Filter>
    </None>
  </ItemGroup>
</Project>