<?xml version="1.0" encoding="utf-8"?>
<Project ToolsVersion="4.0" xmlns="http://schemas.microsoft.com/developer/msbuild/2003">
  <ItemGroup>
    <ClCompile Include="Precomp.cpp" />
    <ClCompile Include="Game.cpp" />
    <ClCompile Include="Behaviour\Character\CharacterBehaviour.cpp">
      <Filter>Behaviour\Character</Filter>
    </ClCompile>
    <ClCompile Include="Behaviour\Goal\GoalBehaviour.cpp">
      <Filter>Behaviour\Goal</Filter>
    </ClCompile>
    <ClCompile Include="Behaviour\Item\ItemBehaviour.cpp">
      <Filter>Behaviour\Item</Filter>
    </ClCompile>
    <ClCompile Include="Behaviour\Camera\GameCameraManagerBehaviour.cpp">
      <Filter>Behaviour\Camera</Filter>
    </ClCompile>
    <ClCompile Include="Behaviour\HealthBar\HealthBarBehaviour.cpp">
      <Filter>Behaviour\HealthBar</Filter>
    </ClCompile>
  </ItemGroup>
  <ItemGroup>
    <ClInclude Include="Precomp.h" />
    <ClInclude Include="Game.h" />
    <ClInclude Include="Behaviour\Character\Player\PlayerBehaviour.h">
      <Filter>Behaviour\Character\Player</Filter>
    </ClInclude>
    <ClInclude Include="Behaviour\Character\CharacterBehaviour.h">
      <Filter>Behaviour\Character</Filter>
    </ClInclude>
    <ClInclude Include="Behaviour\Character\Enemy\EnemyBehaviour.h">
      <Filter>Behaviour\Character\Enemy</Filter>
    </ClInclude>
    <ClInclude Include="Behaviour\Character\Enemy\EnemyBehaviour.hpp">
      <Filter>Behaviour\Character\Enemy</Filter>
    </ClInclude>
    <ClInclude Include="Behaviour\Character\Player\PlayerBehaviour.hpp">
      <Filter>Behaviour\Character\Player</Filter>
    </ClInclude>
    <ClInclude Include="Game_consts.h" />
    <ClInclude Include="Behaviour\Goal\GoalBehaviour.h">
      <Filter>Behaviour\Goal</Filter>
    </ClInclude>
    <ClInclude Include="Behaviour\Camera\GameCameraBehaviour.h">
      <Filter>Behaviour\Camera</Filter>
    </ClInclude>
    <ClInclude Include="Behaviour\Item\ItemBehaviour.h">
      <Filter>Behaviour\Item</Filter>
    </ClInclude>
    <ClInclude Include="Behaviour\Item\Ball\BallBehaviour.h">
      <Filter>Behaviour\Item\Ball</Filter>
    </ClInclude>
    <ClInclude Include="Behaviour\Item\Ball\BallBehaviour.hpp">
      <Filter>Behaviour\Item\Ball</Filter>
    </ClInclude>
    <ClInclude Include="Behaviour\Item\Weapon\WeaponBehaviour.h">
      <Filter>Behaviour\Item\Weapon</Filter>
    </ClInclude>
    <ClInclude Include="Behaviour\Item\Weapon\WeaponBehaviour.hpp">
      <Filter>Behaviour\Item\Weapon</Filter>
    </ClInclude>
    <ClInclude Include="Behaviour\Camera\GameCameraManagerBehaviour.h">
      <Filter>Behaviour\Camera</Filter>
    </ClInclude>
    <ClInclude Include="Behaviour\Camera\GameCameraBehaviour.hpp">
      <Filter>Behaviour\Camera</Filter>
    </ClInclude>
    <ClInclude Include="Behaviour\HealthBar\HealthBarBehaviour.h">
      <Filter>Behaviour\HealthBar</Filter>
    </ClInclude>
  </ItemGroup>
  <ItemGroup>
    <Filter Include="Behaviour">
      <UniqueIdentifier>{f22a42c3-1de4-4af1-a237-fd64e93380cf}</UniqueIdentifier>
    </Filter>
    <Filter Include="Behaviour\Character">
      <UniqueIdentifier>{6defa4dd-0664-4639-b079-02eb2647fade}</UniqueIdentifier>
    </Filter>
    <Filter Include="Behaviour\Character\Player">
      <UniqueIdentifier>{b445a131-cc29-49b8-8417-1ad64a20ce75}</UniqueIdentifier>
    </Filter>
    <Filter Include="Behaviour\Character\Enemy">
      <UniqueIdentifier>{3ae2e852-7d3f-4079-86ec-96a29ab4708e}</UniqueIdentifier>
    </Filter>
    <Filter Include="Behaviour\Goal">
      <UniqueIdentifier>{ca4b3ef2-69b6-4062-bac1-08197050ee8d}</UniqueIdentifier>
    </Filter>
    <Filter Include="Behaviour\Camera">
      <UniqueIdentifier>{73afb719-c434-407f-bbb2-9d58c1588663}</UniqueIdentifier>
    </Filter>
    <Filter Include="Behaviour\Item">
      <UniqueIdentifier>{370cc594-90d9-4215-8439-ab5f709e10c9}</UniqueIdentifier>
    </Filter>
    <Filter Include="Behaviour\Item\Ball">
      <UniqueIdentifier>{fb89c9e6-7259-4e92-b4b9-cc07c445a601}</UniqueIdentifier>
    </Filter>
    <Filter Include="Behaviour\Item\Weapon">
      <UniqueIdentifier>{1301a258-7b69-47a0-9e4a-1cdf0b98dd4a}</UniqueIdentifier>
    </Filter>
    <Filter Include="Behaviour\HealthBar">
      <UniqueIdentifier>{c5aa9b00-32c5-409d-b6d9-89829a238e36}</UniqueIdentifier>
    </Filter>
  </ItemGroup>
  <ItemGroup>
    <None Include="Game.def" />
    <None Include="Behaviour\Character\Player\PlayerBehaviour.inl">
      <Filter>Behaviour\Character\Player</Filter>
    </None>
    <None Include="Behaviour\Character\CharacterBehaviour.inl">
      <Filter>Behaviour\Character</Filter>
    </None>
    <None Include="Behaviour\Item\ItemBehaviour.inl">
      <Filter>Behaviour\Item</Filter>
    </None>
  </ItemGroup>
</Project>