<?xml version="1.0" encoding="utf-8"?>
<Project ToolsVersion="4.0" xmlns="http://schemas.microsoft.com/developer/msbuild/2003">
  <ItemGroup>
    <ClCompile Include="Precomp.cpp" />
    <ClCompile Include="Options\AudioOptions.cpp">
      <Filter>Options</Filter>
    </ClCompile>
    <ClCompile Include="Audio.cpp" />
    <ClCompile Include="SoLoud\SoLoud.cpp">
      <Filter>SoLoud</Filter>
    </ClCompile>
    <ClCompile Include="Instance\SoundInstance.cpp">
      <Filter>Instance</Filter>
    </ClCompile>
  </ItemGroup>
  <ItemGroup>
    <ClInclude Include="Precomp.h" />
    <ClInclude Include="Options\AudioOptions.h">
      <Filter>Options</Filter>
    </ClInclude>
    <ClInclude Include="Audio.h" />
    <ClInclude Include="Audio_Consts.h" />
    <ClInclude Include="IAudio.h" />
    <ClInclude Include="IAudioOptions.h" />
    <ClInclude Include="SoLoud\SoLoud.h">
      <Filter>SoLoud</Filter>
    </ClInclude>
    <ClInclude Include="Instance\SoundInstance.h">
      <Filter>Instance</Filter>
    </ClInclude>
    <ClInclude Include="ISoundInstance.h" />
  </ItemGroup>
  <ItemGroup>
    <Filter Include="Options">
      <UniqueIdentifier>{d5fef440-ae77-4d6c-86bc-94704fbfa40c}</UniqueIdentifier>
    </Filter>
    <Filter Include="SoLoud">
      <UniqueIdentifier>{c966a61c-4651-4ddf-bf99-8a252580e018}</UniqueIdentifier>
    </Filter>
    <Filter Include="Instance">
      <UniqueIdentifier>{e1dad0fe-8308-478b-b58c-29d2563a9c19}</UniqueIdentifier>
    </Filter>
  </ItemGroup>
  <ItemGroup>
    <None Include="Audio.def" />
    <None Include="Audio.inl" />
  </ItemGroup>
</Project>