<?xml version="1.0" encoding="utf-8"?>
<Project ToolsVersion="4.0" xmlns="http://schemas.microsoft.com/developer/msbuild/2003">
  <ItemGroup>
    <Filter Include="Math">
      <UniqueIdentifier>{c45607d6-2a51-4021-a91e-16a99ca699c0}</UniqueIdentifier>
    </Filter>
    <Filter Include="Plugin">
      <UniqueIdentifier>{73868f18-c665-4057-b031-b0ac830c7585}</UniqueIdentifier>
    </Filter>
    <Filter Include="Object">
      <UniqueIdentifier>{86cea616-c5b5-447e-9d0a-730a692e03b5}</UniqueIdentifier>
    </Filter>
    <Filter Include="Types">
      <UniqueIdentifier>{ef63b212-9758-45a5-a7d5-d2fde904d50f}</UniqueIdentifier>
    </Filter>
    <Filter Include="CmdLine">
      <UniqueIdentifier>{9c4af77f-59a8-409d-bcc7-a9c9b55c03a7}</UniqueIdentifier>
    </Filter>
    <Filter Include="Singleton">
      <UniqueIdentifier>{4a8559af-2b01-473f-bc3f-32857b88bb76}</UniqueIdentifier>
    </Filter>
    <Filter Include="Container">
      <UniqueIdentifier>{2f2ceb03-bf06-4251-bae7-e274551c4292}</UniqueIdentifier>
    </Filter>
    <Filter Include="Pool">
      <UniqueIdentifier>{8e257687-96bf-4347-9402-dcdb033046e1}</UniqueIdentifier>
    </Filter>
    <Filter Include="File">
      <UniqueIdentifier>{15812bb8-c946-47dd-8f5a-cd2b9013c178}</UniqueIdentifier>
    </Filter>
    <Filter Include="Timer">
      <UniqueIdentifier>{2a06315c-8e0d-4c25-ad72-38fd69c606b2}</UniqueIdentifier>
    </Filter>
    <Filter Include="Scheduler">
      <UniqueIdentifier>{8d124dbf-4fb9-42c4-aa6e-9b73ac4b4bdd}</UniqueIdentifier>
    </Filter>
    <Filter Include="String">
      <UniqueIdentifier>{e2d9d690-faaf-46f3-9b6e-eef77e7c2458}</UniqueIdentifier>
    </Filter>
    <Filter Include="Component">
      <UniqueIdentifier>{1398f3b5-5831-47e4-a22c-be0860d05535}</UniqueIdentifier>
    </Filter>
    <Filter Include="Model">
      <UniqueIdentifier>{78c81c5b-7b3c-43a1-8617-7645a8b2679c}</UniqueIdentifier>
    </Filter>
    <Filter Include="Instance">
      <UniqueIdentifier>{7270f31e-79ae-442f-a981-38e2184a7ea8}</UniqueIdentifier>
    </Filter>
    <Filter Include="Resource">
      <UniqueIdentifier>{749ce279-5f65-497f-9265-66c5e28ef0a6}</UniqueIdentifier>
    </Filter>
    <Filter Include="GameObject">
      <UniqueIdentifier>{404128dc-c15c-44e1-97c6-6f45d1a0ec1c}</UniqueIdentifier>
    </Filter>
    <Filter Include="XML">
      <UniqueIdentifier>{db8e73a8-ebcd-4319-a4cd-a1de341c3c0e}</UniqueIdentifier>
    </Filter>
    <Filter Include="Component\Behaviour">
      <UniqueIdentifier>{b323f71c-5f58-44dc-8b4f-b6e6a56d527c}</UniqueIdentifier>
    </Filter>
    <Filter Include="Logger">
      <UniqueIdentifier>{ac882dcd-18b5-40d1-bfbe-dbae9b89f079}</UniqueIdentifier>
    </Filter>
    <Filter Include="Options">
      <UniqueIdentifier>{34937bda-b674-4932-9962-25a39a290340}</UniqueIdentifier>
    </Filter>
    <Filter Include="Memory">
      <UniqueIdentifier>{2cc24ec9-cf94-4ec6-814a-a60f2def42b7}</UniqueIdentifier>
    </Filter>
    <Filter Include="Misc">
      <UniqueIdentifier>{3b40ac56-fb20-485c-9d2c-78abb38b3525}</UniqueIdentifier>
    </Filter>
    <Filter Include="Misc\AABB">
      <UniqueIdentifier>{3193b6a5-daa7-4b5e-995e-43c2564704c6}</UniqueIdentifier>
    </Filter>
    <Filter Include="Misc\BitMask">
      <UniqueIdentifier>{230c6fac-1d63-4a82-9345-cfe400becf3e}</UniqueIdentifier>
    </Filter>
    <Filter Include="Object\DynamicProperties">
      <UniqueIdentifier>{e59f4d7e-ae42-4f05-a6c0-49b50c3db088}</UniqueIdentifier>
    </Filter>
    <Filter Include="Object\DynamicProperties\DynamicPropertyType">
      <UniqueIdentifier>{3c024c23-b3ff-4bb8-8206-4e3d942a082a}</UniqueIdentifier>
    </Filter>
  </ItemGroup>
  <ItemGroup>
    <ClInclude Include="Math\Math.h">
      <Filter>Math</Filter>
    </ClInclude>
    <ClInclude Include="Precomp.h" />
    <ClInclude Include="IPlugin.h" />
    <ClInclude Include="Plugin\Plugin.h">
      <Filter>Plugin</Filter>
    </ClInclude>
    <ClInclude Include="IObject.h" />
    <ClInclude Include="Object\Object.h">
      <Filter>Object</Filter>
    </ClInclude>
    <ClInclude Include="Types\Types.h">
      <Filter>Types</Filter>
    </ClInclude>
    <ClInclude Include="Core.h" />
    <ClInclude Include="CmdLine\CmdLine.h">
      <Filter>CmdLine</Filter>
    </ClInclude>
    <ClInclude Include="Singleton\Singleton.h">
      <Filter>Singleton</Filter>
    </ClInclude>
    <ClInclude Include="Container\HandleTable.h">
      <Filter>Container</Filter>
    </ClInclude>
    <ClInclude Include="Container\HandleTable.hpp">
      <Filter>Container</Filter>
    </ClInclude>
    <ClInclude Include="Pool\Pool.h">
      <Filter>Pool</Filter>
    </ClInclude>
    <ClInclude Include="Container\Blob.h">
      <Filter>Container</Filter>
    </ClInclude>
    <ClInclude Include="File\File.h">
      <Filter>File</Filter>
    </ClInclude>
    <ClInclude Include="Pool\IndexPool.h">
      <Filter>Pool</Filter>
    </ClInclude>
    <ClInclude Include="IProfiler.h" />
    <ClInclude Include="Kernel.h" />
    <ClInclude Include="string\string.h">
      <Filter>String</Filter>
    </ClInclude>
    <ClInclude Include="Timer\Timer.h">
      <Filter>Timer</Filter>
    </ClInclude>
    <ClInclude Include="Scheduler\Scheduler.h">
      <Filter>Scheduler</Filter>
    </ClInclude>
    <ClInclude Include="IScheduler.h" />
    <ClInclude Include="Scheduler\Job.h">
      <Filter>Scheduler</Filter>
    </ClInclude>
    <ClInclude Include="IInput.h" />
    <ClInclude Include="Component\Component.h">
      <Filter>Component</Filter>
    </ClInclude>
    <ClInclude Include="IModel.h" />
    <ClInclude Include="IInstance.h" />
    <ClInclude Include="Model\Model.h">
      <Filter>Model</Filter>
    </ClInclude>
    <ClInclude Include="Instance\Instance.h">
      <Filter>Instance</Filter>
    </ClInclude>
    <ClInclude Include="Resource\Resource.h">
      <Filter>Resource</Filter>
    </ClInclude>
    <ClInclude Include="IResource.h" />
    <ClInclude Include="IBaseScene.h" />
    <ClInclude Include="Object\AutoRegisterClass.h">
      <Filter>Object</Filter>
    </ClInclude>
    <ClInclude Include="Object\AutoRegisterClass.hpp">
      <Filter>Object</Filter>
    </ClInclude>
    <ClInclude Include="File\Buffer.h">
      <Filter>File</Filter>
    </ClInclude>
    <ClInclude Include="File\Buffer.inl">
      <Filter>File</Filter>
    </ClInclude>
    <ClInclude Include="IProperty.h" />
    <ClInclude Include="Object\Property.h">
      <Filter>Object</Filter>
    </ClInclude>
    <ClInclude Include="Object\Property.hpp">
      <Filter>Object</Filter>
    </ClInclude>
    <ClInclude Include="IClassDesc.h" />
    <ClInclude Include="Object\ClassDesc.h">
      <Filter>Object</Filter>
    </ClInclude>
    <ClInclude Include="Object\ClassDesc.hpp">
      <Filter>Object</Filter>
    </ClInclude>
    <ClInclude Include="IFactory.h" />
    <ClInclude Include="Object\Factory.h">
      <Filter>Object</Filter>
    </ClInclude>
    <ClInclude Include="Container\Vector.h">
      <Filter>Container</Filter>
    </ClInclude>
    <ClInclude Include="IWorld.h" />
    <ClInclude Include="Object\EnumHelper.h">
      <Filter>Object</Filter>
    </ClInclude>
    <ClInclude Include="IComponent.h" />
    <ClInclude Include="IGameObject.h" />
    <ClInclude Include="GameObject\GameObject.h">
      <Filter>GameObject</Filter>
    </ClInclude>
    <ClInclude Include="XML\XML.h">
      <Filter>XML</Filter>
    </ClInclude>
    <ClInclude Include="IBehaviour.h" />
    <ClInclude Include="Component\Behaviour\Behaviour.h">
      <Filter>Component\Behaviour</Filter>
    </ClInclude>
    <ClInclude Include="ILogger.h" />
    <ClInclude Include="Logger\Logger.h">
      <Filter>Logger</Filter>
    </ClInclude>
    <ClInclude Include="ISelection.h" />
    <ClInclude Include="Object\UpdateFlags.h">
      <Filter>Object</Filter>
    </ClInclude>
    <ClInclude Include="IOptions.h" />
    <ClInclude Include="Options\Options.h">
      <Filter>Options</Filter>
    </ClInclude>
    <ClInclude Include="Container\AtomicVector.h">
      <Filter>Container</Filter>
    </ClInclude>
    <ClInclude Include="Scheduler\Mutex.h">
      <Filter>Scheduler</Filter>
    </ClInclude>
    <ClInclude Include="Memory\MemoryAllocator.h">
      <Filter>Memory</Filter>
    </ClInclude>
    <ClInclude Include="Memory\NewDelete.h">
      <Filter>Memory</Filter>
    </ClInclude>
    <ClInclude Include="Misc\BitMask\BitMask.h">
      <Filter>Misc\BitMask</Filter>
    </ClInclude>
    <ClInclude Include="Misc\AABB\AABB.h">
      <Filter>Misc\AABB</Filter>
    </ClInclude>
    <ClInclude Include="IDynamicProperty.h" />
    <ClInclude Include="IDynamicPropertyList.h" />
    <ClInclude Include="Object\DynamicProperties\DynamicProperty.h">
      <Filter>Object\DynamicProperties</Filter>
    </ClInclude>
    <ClInclude Include="Object\DynamicProperties\DynamicProperty.hpp">
      <Filter>Object\DynamicProperties</Filter>
    </ClInclude>
    <ClInclude Include="Object\DynamicProperties\DynamicPropertyList.h">
      <Filter>Object\DynamicProperties</Filter>
    </ClInclude>
    <ClInclude Include="Object\DynamicProperties\DynamicPropertyList.hpp">
      <Filter>Object\DynamicProperties</Filter>
    </ClInclude>
    <ClInclude Include="Object\DynamicProperties\DynamicPropertyType\DynamicPropertyString.h">
      <Filter>Object\DynamicProperties\DynamicPropertyType</Filter>
    </ClInclude>
    <ClInclude Include="Object\DynamicProperties\DynamicPropertyType\DynamicPropertyString.hpp">
      <Filter>Object\DynamicProperties\DynamicPropertyType</Filter>
    </ClInclude>
    <ClInclude Include="Object\DynamicProperties\DynamicPropertyType\DynamicPropertyFloat4.h">
      <Filter>Object\DynamicProperties\DynamicPropertyType</Filter>
    </ClInclude>
    <ClInclude Include="Object\DynamicProperties\DynamicPropertyType\DynamicPropertyFloat4.hpp">
      <Filter>Object\DynamicProperties\DynamicPropertyType</Filter>
    </ClInclude>
    <ClInclude Include="Object\DynamicProperties\DynamicPropertyType\DynamicPropertyFloat.h">
      <Filter>Object\DynamicProperties\DynamicPropertyType</Filter>
    </ClInclude>
    <ClInclude Include="Object\DynamicProperties\DynamicPropertyType\DynamicPropertyFloat.hpp">
      <Filter>Object\DynamicProperties\DynamicPropertyType</Filter>
    </ClInclude>
    <ClInclude Include="Object\DynamicProperties\DynamicPropertyType\DynamicPropertyFloat3.h">
      <Filter>Object\DynamicProperties\DynamicPropertyType</Filter>
    </ClInclude>
    <ClInclude Include="Object\DynamicProperties\DynamicPropertyType\DynamicPropertyFloat3.hpp">
      <Filter>Object\DynamicProperties\DynamicPropertyType</Filter>
    </ClInclude>
    <ClInclude Include="Object\DynamicProperties\DynamicProperties.h">
      <Filter>Object\DynamicProperties</Filter>
    </ClInclude>
    <ClInclude Include="Object\DynamicProperties\DynamicPropertyType\DynamicPropertyBool.h">
      <Filter>Object\DynamicProperties\DynamicPropertyType</Filter>
    </ClInclude>
    <ClInclude Include="Object\DynamicProperties\DynamicPropertyType\DynamicPropertyBool.hpp">
      <Filter>Object\DynamicProperties\DynamicPropertyType</Filter>
    </ClInclude>
    <ClInclude Include="Object\DynamicProperties\DynamicPropertyType\DynamicPropertyU8.h">
      <Filter>Object\DynamicProperties\DynamicPropertyType</Filter>
    </ClInclude>
    <ClInclude Include="Object\DynamicProperties\DynamicPropertyType\DynamicPropertyU8.hpp">
      <Filter>Object\DynamicProperties\DynamicPropertyType</Filter>
    </ClInclude>
    <ClInclude Include="Object\DynamicProperties\DynamicPropertyType\DynamicPropertyU16.h">
      <Filter>Object\DynamicProperties\DynamicPropertyType</Filter>
    </ClInclude>
    <ClInclude Include="Object\DynamicProperties\DynamicPropertyType\DynamicPropertyU16.hpp">
      <Filter>Object\DynamicProperties\DynamicPropertyType</Filter>
    </ClInclude>
    <ClInclude Include="Object\DynamicProperties\DynamicPropertyType\DynamicPropertyU32.h">
      <Filter>Object\DynamicProperties\DynamicPropertyType</Filter>
    </ClInclude>
    <ClInclude Include="Object\DynamicProperties\DynamicPropertyType\DynamicPropertyU32.hpp">
      <Filter>Object\DynamicProperties\DynamicPropertyType</Filter>
    </ClInclude>
    <ClInclude Include="Object\DynamicProperties\DynamicPropertyType\DynamicPropertyI8.h">
      <Filter>Object\DynamicProperties\DynamicPropertyType</Filter>
    </ClInclude>
    <ClInclude Include="Object\DynamicProperties\DynamicPropertyType\DynamicPropertyI8.hpp">
      <Filter>Object\DynamicProperties\DynamicPropertyType</Filter>
    </ClInclude>
    <ClInclude Include="Object\DynamicProperties\DynamicPropertyType\DynamicPropertyI16.h">
      <Filter>Object\DynamicProperties\DynamicPropertyType</Filter>
    </ClInclude>
    <ClInclude Include="Object\DynamicProperties\DynamicPropertyType\DynamicPropertyI16.hpp">
      <Filter>Object\DynamicProperties\DynamicPropertyType</Filter>
    </ClInclude>
    <ClInclude Include="Object\DynamicProperties\DynamicPropertyType\DynamicPropertyI32.h">
      <Filter>Object\DynamicProperties\DynamicPropertyType</Filter>
    </ClInclude>
    <ClInclude Include="Object\DynamicProperties\DynamicPropertyType\DynamicPropertyI32.hpp">
      <Filter>Object\DynamicProperties\DynamicPropertyType</Filter>
    </ClInclude>
    <ClInclude Include="Object\DynamicProperties\DynamicPropertyType\DynamicPropertyI64.h">
      <Filter>Object\DynamicProperties\DynamicPropertyType</Filter>
    </ClInclude>
    <ClInclude Include="Object\DynamicProperties\DynamicPropertyType\DynamicPropertyI64.hpp">
      <Filter>Object\DynamicProperties\DynamicPropertyType</Filter>
    </ClInclude>
    <ClInclude Include="Object\DynamicProperties\DynamicPropertyType\DynamicPropertyU64.h">
      <Filter>Object\DynamicProperties\DynamicPropertyType</Filter>
    </ClInclude>
    <ClInclude Include="Object\DynamicProperties\DynamicPropertyType\DynamicPropertyU64.hpp">
      <Filter>Object\DynamicProperties\DynamicPropertyType</Filter>
    </ClInclude>
    <ClInclude Include="Object\DynamicProperties\DynamicPropertyType\DynamicPropertyFloat2.h">
      <Filter>Object\DynamicProperties\DynamicPropertyType</Filter>
    </ClInclude>
    <ClInclude Include="Object\DynamicProperties\DynamicPropertyType\DynamicPropertyFloat2.hpp">
      <Filter>Object\DynamicProperties\DynamicPropertyType</Filter>
    </ClInclude>
    <ClInclude Include="Object\DynamicProperties\DynamicPropertyType\DynamicPropertyFloat4x4.h">
      <Filter>Object\DynamicProperties\DynamicPropertyType</Filter>
    </ClInclude>
    <ClInclude Include="Object\DynamicProperties\DynamicPropertyType\DynamicPropertyFloat4x4.hpp">
      <Filter>Object\DynamicProperties\DynamicPropertyType</Filter>
    </ClInclude>
    <ClInclude Include="Object\DynamicProperties\DynamicPropertyType\DynamicPropertyUInt2.h">
      <Filter>Object\DynamicProperties\DynamicPropertyType</Filter>
    </ClInclude>
    <ClInclude Include="Object\DynamicProperties\DynamicPropertyType\DynamicPropertyUInt2.hpp">
      <Filter>Object\DynamicProperties\DynamicPropertyType</Filter>
    </ClInclude>
  </ItemGroup>
  <ItemGroup>
    <ClCompile Include="Math\Math.cpp">
      <Filter>Math</Filter>
    </ClCompile>
    <ClCompile Include="Precomp.cpp" />
    <ClCompile Include="Plugin\Plugin.cpp">
      <Filter>Plugin</Filter>
    </ClCompile>
    <ClCompile Include="Object\Object.cpp">
      <Filter>Object</Filter>
    </ClCompile>
    <ClCompile Include="Core.cpp" />
    <ClCompile Include="CmdLine\CmdLine.cpp">
      <Filter>CmdLine</Filter>
    </ClCompile>
    <ClCompile Include="File\File.cpp">
      <Filter>File</Filter>
    </ClCompile>
    <ClCompile Include="string\string.cpp">
      <Filter>String</Filter>
    </ClCompile>
    <ClCompile Include="Timer\Timer.cpp">
      <Filter>Timer</Filter>
    </ClCompile>
    <ClCompile Include="Scheduler\Scheduler.cpp">
      <Filter>Scheduler</Filter>
    </ClCompile>
    <ClCompile Include="Scheduler\Job.cpp">
      <Filter>Scheduler</Filter>
    </ClCompile>
    <ClCompile Include="Component\Component.cpp">
      <Filter>Component</Filter>
    </ClCompile>
    <ClCompile Include="Model\Model.cpp">
      <Filter>Model</Filter>
    </ClCompile>
    <ClCompile Include="Instance\Instance.cpp">
      <Filter>Instance</Filter>
    </ClCompile>
    <ClCompile Include="Resource\Resource.cpp">
      <Filter>Resource</Filter>
    </ClCompile>
    <ClCompile Include="GameObject\GameObject.cpp">
      <Filter>GameObject</Filter>
    </ClCompile>
    <ClCompile Include="XML\XML.cpp">
      <Filter>XML</Filter>
    </ClCompile>
    <ClCompile Include="Object\Factory.cpp">
      <Filter>Object</Filter>
    </ClCompile>
    <ClCompile Include="Component\Behaviour\Behaviour.cpp">
      <Filter>Component\Behaviour</Filter>
    </ClCompile>
    <ClCompile Include="Logger\Logger.cpp">
      <Filter>Logger</Filter>
    </ClCompile>
    <ClCompile Include="Options\Options.cpp">
      <Filter>Options</Filter>
    </ClCompile>
    <ClCompile Include="Memory\MemoryAllocator.cpp">
      <Filter>Memory</Filter>
    </ClCompile>
    <ClCompile Include="Misc\BitMask\BitMask.cpp">
      <Filter>Misc\BitMask</Filter>
    </ClCompile>
    <ClCompile Include="Misc\AABB\AABB.cpp">
      <Filter>Misc\AABB</Filter>
    </ClCompile>
    <ClCompile Include="Object\DynamicProperties\DynamicProperties.cpp">
      <Filter>Object\DynamicProperties</Filter>
    </ClCompile>
  </ItemGroup>
  <ItemGroup>
    <None Include="Instance\Instance.inl">
      <Filter>Instance</Filter>
    </None>
    <None Include="Component\Component.inl">
      <Filter>Component</Filter>
    </None>
    <None Include="Component\Behaviour\Behaviour.inl">
      <Filter>Component\Behaviour</Filter>
    </None>
    <None Include="GameObject\GameObject.inl">
      <Filter>GameObject</Filter>
    </None>
    <None Include="Object\Object.inl">
      <Filter>Object</Filter>
    </None>
    <None Include="Misc\BitMask\BitMask.inl">
      <Filter>Misc\BitMask</Filter>
    </None>
    <None Include="Misc\AABB\AABB.inl">
      <Filter>Misc\AABB</Filter>
    </None>
  </ItemGroup>
</Project>