<?xml version="1.0" encoding="utf-8"?>
<Project ToolsVersion="4.0" xmlns="http://schemas.microsoft.com/developer/msbuild/2003">
  <ItemGroup>
    <ClCompile Include="Precomp.cpp" />
    <ClCompile Include="Renderer.cpp" />
    <ClCompile Include="Geometry\Geometry.cpp">
      <Filter>Geometry</Filter>
    </ClCompile>
    <ClCompile Include="Model\Mesh\MeshModel.cpp">
      <Filter>Model\Mesh</Filter>
    </ClCompile>
    <ClCompile Include="Options\Options.cpp">
      <Filter>Options</Filter>
    </ClCompile>
    <ClCompile Include="Model\Material\MaterialModel.cpp">
      <Filter>Model\Material</Filter>
    </ClCompile>
    <ClCompile Include="Importer\ImporterData.cpp">
      <Filter>Importer</Filter>
    </ClCompile>
    <ClCompile Include="View\View.cpp">
      <Filter>View</Filter>
    </ClCompile>
    <ClCompile Include="Job\Job.cpp">
      <Filter>Job</Filter>
    </ClCompile>
    <ClCompile Include="RenderPass\RenderPass.cpp">
      <Filter>Pass</Filter>
    </ClCompile>
    <ClCompile Include="RenderPass\ImGui\ImGuiPass.cpp">
      <Filter>Pass\ImGui</Filter>
    </ClCompile>
    <ClCompile Include="Importer\FBX\UFBXImporter\UFBXImporter.cpp">
      <Filter>Importer\FBX\UFBXImporter</Filter>
    </ClCompile>
    <ClCompile Include="Picking\PickingManager.cpp">
      <Filter>Picking</Filter>
    </ClCompile>
    <ClCompile Include="Instance\GraphicInstance.cpp">
      <Filter>Instance</Filter>
    </ClCompile>
    <ClCompile Include="Animation\Animation.cpp">
      <Filter>Animation</Filter>
    </ClCompile>
    <ClCompile Include="DebugDraw\DebugDraw.cpp">
      <Filter>DebugDraw</Filter>
    </ClCompile>
    <ClCompile Include="RayTracing\RayTracingManager.cpp">
      <Filter>RayTracing</Filter>
    </ClCompile>
  </ItemGroup>
  <ItemGroup>
    <None Include="Renderer.def" />
    <None Include="View\View.inl">
      <Filter>View</Filter>
    </None>
    <None Include="Geometry\Geometry.inl">
      <Filter>Geometry</Filter>
    </None>
    <None Include="Renderer.inl" />
    <None Include="Animation\Skeleton.inl">
      <Filter>Animation</Filter>
    </None>
    <None Include="Instance\Mesh\MeshInstance.inl">
      <Filter>Instance\Mesh</Filter>
    </None>
    <None Include="Animation\SkeletalAnimation.inl">
      <Filter>Animation</Filter>
    </None>
    <None Include="Geometry\Mesh\MeshGeometry.inl">
      <Filter>Geometry\Mesh</Filter>
    </None>
    <None Include="Instance\Light\LightInstance.inl">
      <Filter>Instance\Light</Filter>
    </None>
    <None Include="Instance\GraphicInstance.inl">
      <Filter>Instance</Filter>
    </None>
  </ItemGroup>
  <ItemGroup>
    <ClInclude Include="Precomp.h" />
    <ClInclude Include="Renderer.h" />
    <ClInclude Include="IRenderer.h" />
    <ClInclude Include="Renderer_consts.h" />
    <ClInclude Include="Geometry\Geometry.h">
      <Filter>Geometry</Filter>
    </ClInclude>
    <ClInclude Include="Importer\FBX\FBXImporter.h">
      <Filter>Importer\FBX</Filter>
    </ClInclude>
    <ClInclude Include="Geometry\Mesh\MeshGeometry.h">
      <Filter>Geometry\Mesh</Filter>
    </ClInclude>
    <ClInclude Include="Geometry\Mesh\MeshGeometry.hpp">
      <Filter>Geometry\Mesh</Filter>
    </ClInclude>
    <ClInclude Include="Model\Mesh\MeshModel.h">
      <Filter>Model\Mesh</Filter>
    </ClInclude>
    <ClInclude Include="IMeshModel.h" />
    <ClInclude Include="IMeshInstance.h" />
    <ClInclude Include="Importer\SceneImporterData.h">
      <Filter>Importer</Filter>
    </ClInclude>
    <ClInclude Include="Options\RendererOptions.h">
      <Filter>Options</Filter>
    </ClInclude>
    <ClInclude Include="Options\RendererOptions.hpp">
      <Filter>Options</Filter>
    </ClInclude>
    <ClInclude Include="Options\Options.h">
      <Filter>Options</Filter>
    </ClInclude>
    <ClInclude Include="Instance\Mesh\MeshInstance.h">
      <Filter>Instance\Mesh</Filter>
    </ClInclude>
    <ClInclude Include="IGraphicInstance.h" />
    <ClInclude Include="IGraphicModel.h" />
    <ClInclude Include="IImGuiAdapter.h" />
    <ClInclude Include="Model\Material\MaterialModel.h">
      <Filter>Model\Material</Filter>
    </ClInclude>
    <ClInclude Include="Model\Material\DefaultMaterial\DefaultMaterialModel.h">
      <Filter>Model\Material\DefaultMaterial</Filter>
    </ClInclude>
    <ClInclude Include="Model\Material\DefaultMaterial\DefaultMaterialModel.hpp">
      <Filter>Model\Material\DefaultMaterial</Filter>
    </ClInclude>
    <ClInclude Include="IMaterialModel.h" />
    <ClInclude Include="Model\Material\Material_Consts.h">
      <Filter>Model\Material</Filter>
    </ClInclude>
    <ClInclude Include="Importer\MeshImporterData.hpp">
      <Filter>Importer</Filter>
    </ClInclude>
    <ClInclude Include="Importer\MeshImporterData.h">
      <Filter>Importer</Filter>
    </ClInclude>
    <ClInclude Include="Importer\MaterialImporterData.h">
      <Filter>Importer</Filter>
    </ClInclude>
    <ClInclude Include="Importer\SceneImporterData.hpp">
      <Filter>Importer</Filter>
    </ClInclude>
    <ClInclude Include="Importer\MaterialImporterData.hpp">
      <Filter>Importer</Filter>
    </ClInclude>
    <ClInclude Include="Importer\TextureImporterData.h">
      <Filter>Importer</Filter>
    </ClInclude>
    <ClInclude Include="Importer\TextureImporterData.hpp">
      <Filter>Importer</Filter>
    </ClInclude>
    <ClInclude Include="Job\Culling\ViewCullingJob.h">
      <Filter>Job\Culling</Filter>
    </ClInclude>
    <ClInclude Include="View\View.h">
      <Filter>View</Filter>
    </ClInclude>
    <ClInclude Include="Job\Culling\ViewCullingJob.hpp">
      <Filter>Job\Culling</Filter>
    </ClInclude>
    <ClInclude Include="Geometry\Batch\Batch.hpp">
      <Filter>Geometry\Batch</Filter>
    </ClInclude>
    <ClInclude Include="Geometry\Batch\Batch.h">
      <Filter>Geometry\Batch</Filter>
    </ClInclude>
    <ClInclude Include="Pass\Pass.h" />
    <ClInclude Include="RenderPass\RenderObjects\RenderObjectsPass.h">
      <Filter>Pass\RenderObjects</Filter>
    </ClInclude>
    <ClInclude Include="RenderPass\RenderObjects\Forward\ForwardOpaquePass.h">
      <Filter>Pass\RenderObjects\Forward</Filter>
    </ClInclude>
    <ClInclude Include="RenderPass\RenderObjects\Forward\ForwardOpaquePass.hpp">
      <Filter>Pass\RenderObjects\Forward</Filter>
    </ClInclude>
    <ClInclude Include="RenderPass\RenderPass.h">
      <Filter>Pass</Filter>
    </ClInclude>
    <ClInclude Include="RenderPass\Render2D\Background\BackgroundPass.h">
      <Filter>Pass\Render2D\Background</Filter>
    </ClInclude>
    <ClInclude Include="RenderPass\Render2D\Background\BackgroundPass.hpp">
      <Filter>Pass\Render2D\Background</Filter>
    </ClInclude>
    <ClInclude Include="RenderPass\RenderObjects\RenderObjectsPass.hpp">
      <Filter>Pass\RenderObjects</Filter>
    </ClInclude>
    <ClInclude Include="RenderPass\ImGui\ImGui.h">
      <Filter>Pass\ImGui</Filter>
    </ClInclude>
    <ClInclude Include="RenderPass\ImGui\ImGui.hpp">
      <Filter>Pass\ImGui</Filter>
    </ClInclude>
    <ClInclude Include="RenderPass\ImGui\imguiAdapter.h">
      <Filter>Pass\ImGui</Filter>
    </ClInclude>
    <ClInclude Include="RenderPass\ImGui\ImGuiAdapter.hpp">
      <Filter>Pass\ImGui</Filter>
    </ClInclude>
    <ClInclude Include="RenderPass\ImGui\ImGuiPass.h">
      <Filter>Pass\ImGui</Filter>
    </ClInclude>
    <ClInclude Include="RenderPass\Render2D\Render2DPass.h">
      <Filter>Pass\Render2D</Filter>
    </ClInclude>
    <ClInclude Include="RenderPass\Render2D\Render2DPass.hpp">
      <Filter>Pass\Render2D</Filter>
    </ClInclude>
    <ClInclude Include="Job\Culling\GraphicInstanceList.h">
      <Filter>Job\Culling</Filter>
    </ClInclude>
    <ClInclude Include="RenderPass\RenderContext.h">
      <Filter>Pass\RenderObjects</Filter>
    </ClInclude>
    <ClInclude Include="Importer\FBX\UFBXImporter\UFBXImporter.h">
      <Filter>Importer\FBX\UFBXImporter</Filter>
    </ClInclude>
    <ClInclude Include="RenderPass\Compute\ComputePostProcess\ComputePostProcessPass.h">
      <Filter>Pass\Compute\ComputePostProcess</Filter>
    </ClInclude>
    <ClInclude Include="RenderPass\Compute\ComputePostProcess\ComputePostProcessPass.hpp">
      <Filter>Pass\Compute\ComputePostProcess</Filter>
    </ClInclude>
    <ClInclude Include="RenderPass\Compute\ComputePass.h">
      <Filter>Pass\Compute</Filter>
    </ClInclude>
    <ClInclude Include="RenderPass\Compute\ComputePass.hpp">
      <Filter>Pass\Compute</Filter>
    </ClInclude>
    <ClInclude Include="RenderPass\Render2D\FinalBlit\FinalBlitPass.h">
      <Filter>Pass\Render2D\FinalBlit</Filter>
    </ClInclude>
    <ClInclude Include="RenderPass\Render2D\FinalBlit\FinalBlitPass.hpp">
      <Filter>Pass\Render2D\FinalBlit</Filter>
    </ClInclude>
    <ClInclude Include="RenderPass\Update\ViewConstants\ViewConstantsUpdatePass.h">
      <Filter>Pass\Update\ViewConstants</Filter>
    </ClInclude>
    <ClInclude Include="RenderPass\Update\ViewConstants\ViewConstantsUpdatePass.hpp">
      <Filter>Pass\Update\ViewConstants</Filter>
    </ClInclude>
    <ClInclude Include="RenderPass\Update\UpdatePass.h">
      <Filter>Pass\Update</Filter>
    </ClInclude>
    <ClInclude Include="RenderPass\Update\UpdatePass.hpp">
      <Filter>Pass\Update</Filter>
    </ClInclude>
    <ClInclude Include="RenderPass\RenderObjects\DepthOnly\DepthOnlyPass.h">
      <Filter>Pass\RenderObjects\DepthOnly</Filter>
    </ClInclude>
    <ClInclude Include="RenderPass\RenderObjects\DepthOnly\DepthOnlyPass.hpp">
      <Filter>Pass\RenderObjects\DepthOnly</Filter>
    </ClInclude>
    <ClInclude Include="RenderPass\RenderObjects\Editor\EditorPass.h">
      <Filter>Pass\RenderObjects\Editor</Filter>
    </ClInclude>
    <ClInclude Include="RenderPass\RenderObjects\Editor\EditorPass.hpp">
      <Filter>Pass\RenderObjects\Editor</Filter>
    </ClInclude>
    <ClInclude Include="Picking\PickingManager.h">
      <Filter>Picking</Filter>
    </ClInclude>
    <ClInclude Include="IPicking.h" />
    <ClInclude Include="Instance\GraphicInstance.h">
      <Filter>Instance</Filter>
    </ClInclude>
    <ClInclude Include="Instance\Mesh\MeshInstance.hpp">
      <Filter>Instance\Mesh</Filter>
    </ClInclude>
    <ClInclude Include="Geometry\Vertex\VertexFormat.h">
      <Filter>Geometry\Vertex</Filter>
    </ClInclude>
    <ClInclude Include="Geometry\Vertex\DefaultVertex.h">
      <Filter>Geometry\Vertex</Filter>
    </ClInclude>
    <ClInclude Include="Geometry\Vertex\SkinningVertex.h">
      <Filter>Geometry\Vertex</Filter>
    </ClInclude>
    <ClInclude Include="IAnimation.h" />
    <ClInclude Include="ISkeletalAnimation.h" />
    <ClInclude Include="Animation\SkeletalAnimation.h">
      <Filter>Animation</Filter>
    </ClInclude>
    <ClInclude Include="Animation\SkeletalAnimation.hpp">
      <Filter>Animation</Filter>
    </ClInclude>
    <ClInclude Include="Animation\Skeleton.h">
      <Filter>Animation</Filter>
    </ClInclude>
    <ClInclude Include="Animation\Skeleton.hpp">
      <Filter>Animation</Filter>
    </ClInclude>
    <ClInclude Include="Importer\AnimImporterData.h">
      <Filter>Importer</Filter>
    </ClInclude>
    <ClInclude Include="Importer\AnimImporterData.hpp">
      <Filter>Importer</Filter>
    </ClInclude>
    <ClInclude Include="Geometry\Vertex\DebugDrawVertex.h">
      <Filter>Geometry\Vertex</Filter>
    </ClInclude>
    <ClInclude Include="IDebugDraw.h" />
    <ClInclude Include="DebugDraw\DebugDraw.h">
      <Filter>DebugDraw</Filter>
    </ClInclude>
    <ClInclude Include="ISkeleton.h" />
    <ClInclude Include="RenderPass\Compute\ComputeSkinning\ComputeSkinningPass.h">
      <Filter>Pass\Compute\ComputeSkinning</Filter>
    </ClInclude>
    <ClInclude Include="RenderPass\Compute\ComputeSkinning\ComputeSkinningPass.hpp">
      <Filter>Pass\Compute\ComputeSkinning</Filter>
    </ClInclude>
    <ClInclude Include="IRendererOptions.h" />
    <ClInclude Include="RayTracing\RayTracingManager.h">
      <Filter>RayTracing</Filter>
    </ClInclude>
    <ClInclude Include="RenderPass\Update\TLAS\TLASUpdatePass.h">
      <Filter>Pass\Update\TLAS</Filter>
    </ClInclude>
    <ClInclude Include="RenderPass\Update\TLAS\TLASUpdatePass.hpp">
      <Filter>Pass\Update\TLAS</Filter>
    </ClInclude>
    <ClInclude Include="RenderPass\Update\BLAS\BLASUpdatePass.h">
      <Filter>Pass\Update\BLAS</Filter>
    </ClInclude>
    <ClInclude Include="RenderPass\Update\BLAS\BLASUpdatePass.hpp">
      <Filter>Pass\Update\BLAS</Filter>
    </ClInclude>
    <ClInclude Include="ILightInstance.h" />
    <ClInclude Include="Instance\Light\LightInstance.h">
      <Filter>Instance\Light</Filter>
    </ClInclude>
    <ClInclude Include="Instance\Light\LightInstance.hpp">
      <Filter>Instance\Light</Filter>
    </ClInclude>
    <ClInclude Include="Instance\Light\Omni\OmniLightInstance.h">
      <Filter>Instance\Light\Omni</Filter>
    </ClInclude>
    <ClInclude Include="Instance\Light\Omni\OmniLightInstance.hpp">
      <Filter>Instance\Light\Omni</Filter>
    </ClInclude>
    <ClInclude Include="RenderPass\RenderObjects\Deferred\DeferredOpaquePass.h">
      <Filter>Pass\RenderObjects\Deferred</Filter>
    </ClInclude>
    <ClInclude Include="RenderPass\RenderObjects\Deferred\DeferredOpaquePass.hpp">
      <Filter>Pass\RenderObjects\Deferred</Filter>
    </ClInclude>
    <ClInclude Include="View\Lit\LitView.h">
      <Filter>View\Lit</Filter>
    </ClInclude>
    <ClInclude Include="View\Lit\LitView.hpp">
      <Filter>View\Lit</Filter>
    </ClInclude>
    <ClInclude Include="RenderPass\Compute\ComputeDeferredLighting\ComputeDeferredLightingPass.h">
      <Filter>Pass\Compute\ComputeDeferredLighting</Filter>
    </ClInclude>
    <ClInclude Include="RenderPass\Compute\ComputeDeferredLighting\ComputeDeferredLightingPass.hpp">
      <Filter>Pass\Compute\ComputeDeferredLighting</Filter>
    </ClInclude>
    <ClInclude Include="View\Frustum.h">
      <Filter>View</Filter>
    </ClInclude>
    <ClInclude Include="View\Frustum.hpp">
      <Filter>View</Filter>
    </ClInclude>
    <ClInclude Include="Instance\Light\Directional\DirectionalLightInstance.h">
      <Filter>Instance\Light\Directional</Filter>
    </ClInclude>
    <ClInclude Include="Instance\Light\Directional\DirectionalLightInstance.hpp">
      <Filter>Instance\Light\Directional</Filter>
    </ClInclude>
    <ClInclude Include="View\Shadow\ShadowView.h">
      <Filter>View\Shadow</Filter>
    </ClInclude>
    <ClInclude Include="View\Shadow\ShadowView.hpp">
      <Filter>View\Shadow</Filter>
    </ClInclude>
    <ClInclude Include="RenderPass\RenderObjects\DepthOnly\DepthPrepass\DepthPrePass.h">
      <Filter>Pass\RenderObjects\DepthOnly\DepthPrepass</Filter>
    </ClInclude>
    <ClInclude Include="RenderPass\RenderObjects\DepthOnly\DepthPrepass\DepthPrePass.hpp">
      <Filter>Pass\RenderObjects\DepthOnly\DepthPrepass</Filter>
    </ClInclude>
    <ClInclude Include="RenderPass\RenderObjects\DepthOnly\ShadowMap\ShadowMapPass.h">
      <Filter>Pass\RenderObjects\DepthOnly\ShadowMap</Filter>
    </ClInclude>
    <ClInclude Include="RenderPass\RenderObjects\DepthOnly\ShadowMap\ShadowMapPass.hpp">
      <Filter>Pass\RenderObjects\DepthOnly\ShadowMap</Filter>
    </ClInclude>
    <ClInclude Include="RenderPass\RenderObjects\Forward\ForwardTransparentPass.h">
      <Filter>Pass\RenderObjects\Forward</Filter>
    </ClInclude>
    <ClInclude Include="RenderPass\RenderObjects\Forward\ForwardTransparentPass.hpp">
      <Filter>Pass\RenderObjects\Forward</Filter>
    </ClInclude>
    <ClInclude Include="RenderPass\Update\InstanceData\InstanceDataUpdatePass.h">
      <Filter>Pass\Update\InstanceData</Filter>
    </ClInclude>
    <ClInclude Include="RenderPass\Update\InstanceData\InstanceDataUpdatePass.hpp">
      <Filter>Pass\Update\InstanceData</Filter>
    </ClInclude>
    <ClInclude Include="RenderPass\Update\GPUDebug\GPUDebugUpdatePass.h">
      <Filter>Pass\Update\GPUDebug</Filter>
    </ClInclude>
    <ClInclude Include="RenderPass\Update\GPUDebug\GPUDebugUpdatePass.hpp">
      <Filter>Pass\Update\GPUDebug</Filter>
    </ClInclude>
    <ClInclude Include="View\ViewGUI.h">
      <Filter>View</Filter>
    </ClInclude>
    <ClInclude Include="View\ViewGUI.hpp">
      <Filter>View</Filter>
    </ClInclude>
  </ItemGroup>
  <ItemGroup>
    <Filter Include="Pass">
      <UniqueIdentifier>{922ccb7e-6e89-4930-a933-c1e2f5dfab1a}</UniqueIdentifier>
    </Filter>
    <Filter Include="View">
      <UniqueIdentifier>{1c2b648a-bdff-4441-8594-a8e7bdc14994}</UniqueIdentifier>
    </Filter>
    <Filter Include="Entity">
      <UniqueIdentifier>{d51c33b1-f56b-441e-af2d-c0d132eb331b}</UniqueIdentifier>
    </Filter>
    <Filter Include="Geometry">
      <UniqueIdentifier>{2a67905f-716e-4686-adce-696ea6fe64ed}</UniqueIdentifier>
    </Filter>
    <Filter Include="Geometry\Mesh">
      <UniqueIdentifier>{fcc6c71a-8403-42a5-9fd4-ff15e76e34e0}</UniqueIdentifier>
    </Filter>
    <Filter Include="Importer">
      <UniqueIdentifier>{f501bfeb-382f-480d-a463-227f43b86ecd}</UniqueIdentifier>
    </Filter>
    <Filter Include="Importer\FBX">
      <UniqueIdentifier>{5c1945a6-c70c-497f-82cf-6367b05e00a3}</UniqueIdentifier>
    </Filter>
    <Filter Include="Model">
      <UniqueIdentifier>{c152ceec-f0c2-44cf-a151-c0174f003bf9}</UniqueIdentifier>
    </Filter>
    <Filter Include="Instance">
      <UniqueIdentifier>{92dfcb89-3b88-45c8-8e2e-538d0c0b0c61}</UniqueIdentifier>
    </Filter>
    <Filter Include="Model\Mesh">
      <UniqueIdentifier>{eed6b9bd-ce44-472b-b4fc-b64352cb8f67}</UniqueIdentifier>
    </Filter>
    <Filter Include="Options">
      <UniqueIdentifier>{a9aacbb9-0638-47b2-b318-6e3c81aef432}</UniqueIdentifier>
    </Filter>
    <Filter Include="Instance\Mesh">
      <UniqueIdentifier>{4ec779bc-84b6-4bc8-8cec-4c16ef4653d6}</UniqueIdentifier>
    </Filter>
    <Filter Include="Model\Material">
      <UniqueIdentifier>{dd3031f0-9d4f-464a-945f-3a54926ffef4}</UniqueIdentifier>
    </Filter>
    <Filter Include="Model\Material\DefaultMaterial">
      <UniqueIdentifier>{4f3e414b-d52f-4193-8058-e19c75f3ef01}</UniqueIdentifier>
    </Filter>
    <Filter Include="Pass\ImGui">
      <UniqueIdentifier>{208f36c1-6c04-4c8e-9ce2-3982a8bc9642}</UniqueIdentifier>
    </Filter>
    <Filter Include="Job">
      <UniqueIdentifier>{b3441a69-f331-4236-a21f-8b65dcbde221}</UniqueIdentifier>
    </Filter>
    <Filter Include="Job\Culling">
      <UniqueIdentifier>{c2076d77-011d-44ae-95aa-1601b1a1ba70}</UniqueIdentifier>
    </Filter>
    <Filter Include="Geometry\Batch">
      <UniqueIdentifier>{6b86f4e5-1632-4b0b-9554-b76cea833b36}</UniqueIdentifier>
    </Filter>
    <Filter Include="Pass\RenderObjects">
      <UniqueIdentifier>{e653d575-dd5e-4f59-bf96-906fa4b40edd}</UniqueIdentifier>
    </Filter>
    <Filter Include="Pass\RenderObjects\Forward">
      <UniqueIdentifier>{377e7dd2-c3bc-4994-aceb-8581eb7ff143}</UniqueIdentifier>
    </Filter>
    <Filter Include="Pass\Render2D">
      <UniqueIdentifier>{e611e959-73ef-4043-afe7-9ab28ce0e38c}</UniqueIdentifier>
    </Filter>
    <Filter Include="Pass\Render2D\Background">
      <UniqueIdentifier>{d7f7a87d-93bd-4bf9-9b3e-6dc95248da47}</UniqueIdentifier>
    </Filter>
    <Filter Include="Pass\RenderObjects\Deferred">
      <UniqueIdentifier>{c90f923e-91e0-4faf-80b5-f84eb948d565}</UniqueIdentifier>
    </Filter>
    <Filter Include="Pass\RenderObjects\Shadow">
      <UniqueIdentifier>{9fc25072-a5c0-49c2-84e8-7a264654e71e}</UniqueIdentifier>
    </Filter>
    <Filter Include="Importer\FBX\UFBXImporter">
      <UniqueIdentifier>{25a0abb5-62e6-44ad-af17-83344db2afb1}</UniqueIdentifier>
    </Filter>
    <Filter Include="Pass\Compute">
      <UniqueIdentifier>{565f6566-9966-4089-8ceb-e2da39b956a0}</UniqueIdentifier>
    </Filter>
    <Filter Include="Pass\Compute\ComputePostProcess">
      <UniqueIdentifier>{b77f276c-e523-4a83-ba1f-a9d300086c73}</UniqueIdentifier>
    </Filter>
    <Filter Include="Pass\Render2D\FinalBlit">
      <UniqueIdentifier>{914bedee-b853-45a3-baf5-e2c44770a738}</UniqueIdentifier>
    </Filter>
    <Filter Include="Pass\Update">
      <UniqueIdentifier>{51ef53e1-6226-4f1d-9c05-14e9c5607755}</UniqueIdentifier>
    </Filter>
    <Filter Include="Pass\Update\ViewConstants">
      <UniqueIdentifier>{4ff90e0d-c3d6-4344-9aef-7cfb05697ff6}</UniqueIdentifier>
    </Filter>
    <Filter Include="Pass\RenderObjects\DepthOnly">
      <UniqueIdentifier>{2ee58acb-5192-4fa0-9d9a-44212975c738}</UniqueIdentifier>
    </Filter>
    <Filter Include="Pass\RenderObjects\Editor">
      <UniqueIdentifier>{fb8491fc-94a5-4e36-8588-02e6d75d7dbc}</UniqueIdentifier>
    </Filter>
    <Filter Include="Picking">
      <UniqueIdentifier>{7ea72328-a267-469b-b644-0bdb6dfb6f7b}</UniqueIdentifier>
    </Filter>
    <Filter Include="Geometry\Vertex">
      <UniqueIdentifier>{c4754495-8f40-4850-824b-e885795b531b}</UniqueIdentifier>
    </Filter>
    <Filter Include="Animation">
      <UniqueIdentifier>{e18ec344-2222-4a47-b18f-add9d9c5af7d}</UniqueIdentifier>
    </Filter>
    <Filter Include="DebugDraw">
      <UniqueIdentifier>{a085a983-52b7-4a2b-b4b5-a24a9c304f2f}</UniqueIdentifier>
    </Filter>
    <Filter Include="Pass\Compute\ComputeSkinning">
      <UniqueIdentifier>{f241c194-4b05-4c17-ba48-f7472c055a95}</UniqueIdentifier>
    </Filter>
    <Filter Include="RayTracing">
      <UniqueIdentifier>{a83c956c-dce0-4a80-8dcb-14a5d035e281}</UniqueIdentifier>
    </Filter>
    <Filter Include="Pass\Update\TLAS">
      <UniqueIdentifier>{bd0d9e6b-f244-4afb-9cc2-53891220d228}</UniqueIdentifier>
    </Filter>
    <Filter Include="Pass\Update\BLAS">
      <UniqueIdentifier>{8147a6d2-d59b-43be-902e-1b73af511564}</UniqueIdentifier>
    </Filter>
    <Filter Include="Instance\Light">
      <UniqueIdentifier>{4c765582-3626-4505-92cc-f942f364f5fd}</UniqueIdentifier>
    </Filter>
    <Filter Include="Instance\Light\Omni">
      <UniqueIdentifier>{0bb7aa32-3bb5-4776-9cf5-fec1d13d9605}</UniqueIdentifier>
    </Filter>
    <Filter Include="Instance\Light\Directional">
      <UniqueIdentifier>{8a467c59-fea5-491a-8661-419fd03b7410}</UniqueIdentifier>
    </Filter>
    <Filter Include="Instance\Light\Spot">
      <UniqueIdentifier>{443862a4-9b17-4948-aaae-f9828f1d730f}</UniqueIdentifier>
    </Filter>
    <Filter Include="View\Lit">
      <UniqueIdentifier>{9016948f-f3ca-47ad-ae60-b1634913c353}</UniqueIdentifier>
    </Filter>
    <Filter Include="Pass\Compute\ComputeDeferredLighting">
      <UniqueIdentifier>{64ad6f68-c38f-4d6a-9d7a-7906281dbd91}</UniqueIdentifier>
    </Filter>
    <Filter Include="View\Shadow">
      <UniqueIdentifier>{4d3d68a1-2054-4353-93bc-ae5bfd01071a}</UniqueIdentifier>
    </Filter>
    <Filter Include="Pass\RenderObjects\DepthOnly\ShadowMap">
      <UniqueIdentifier>{ca4b411c-6024-4289-9e4b-ccf366aa499a}</UniqueIdentifier>
    </Filter>
    <Filter Include="Pass\RenderObjects\DepthOnly\DepthPrepass">
      <UniqueIdentifier>{5e773015-315d-49dc-bcb5-607c4670615c}</UniqueIdentifier>
    </Filter>
    <Filter Include="Pass\Update\InstanceData">
      <UniqueIdentifier>{b2f63b1f-9c36-481d-b1be-bf513138d151}</UniqueIdentifier>
    </Filter>
    <Filter Include="Pass\Update\GPUDebug">
      <UniqueIdentifier>{be642f13-6ed2-4fe1-9191-c12275f3b6bf}</UniqueIdentifier>
    </Filter>
  </ItemGroup>
</Project>